
Microsoft Visual Studio Solution File, Format Version 12.00
# Visual Studio Version 17
VisualStudioVersion = 17.0.31903.59
MinimumVisualStudioVersion = 10.0.40219.1
Project("{2150E333-8FDC-42A3-9474-1A3956D46DE8}") = "Core", "Core", "{04333723-CFB6-4F76-84E9-770D8CF14CF7}"
EndProject
Project("{9A19103F-16F7-4668-BE54-9A1E7A4F7556}") = "LTS.Core.Domain", "Core\LTS.Core.Domain\LTS.Core.Domain.csproj", "{B68C243A-DE48-44D6-914E-2076F5FF1114}"
EndProject
Project("{9A19103F-16F7-4668-BE54-9A1E7A4F7556}") = "LTS.Core.Application", "Core\LTS.Core.Application\LTS.Core.Application.csproj", "{28E66F1B-9A7C-46DB-B95B-1753FE20B016}"
EndProject
Project("{2150E333-8FDC-42A3-9474-1A3956D46DE8}") = "Adapters", "Adapters", "{E0BF84B0-9C1C-4C8F-BBBE-A9D4BD2FF4AC}"
EndProject
Project("{2150E333-8FDC-42A3-9474-1A3956D46DE8}") = "Driving", "Driving", "{67174FD9-9AA4-41C1-A769-BD45637B6007}"
EndProject
Project("{2150E333-8FDC-42A3-9474-1A3956D46DE8}") = "Core", "Core", "{103BD395-BDC1-481F-9A96-F0579AA24CEF}"
EndProject
Project("{9A19103F-16F7-4668-BE54-9A1E7A4F7556}") = "LTS.Services.Core.API", "Adapters\Driving\Core\LTS.Services.Core.API\LTS.Services.Core.API.csproj", "{AAD49BFE-9243-401B-929F-C7187B049744}"
EndProject
Project("{2150E333-8FDC-42A3-9474-1A3956D46DE8}") = "Driven", "Driven", "{F6ED7710-553B-436F-B843-C66FFB00F182}"
EndProject
Project("{2150E333-8FDC-42A3-9474-1A3956D46DE8}") = "Core", "Core", "{A848EF9A-3AEA-4DB9-9A90-B6A91B0CCB1F}"
EndProject
Project("{9A19103F-16F7-4668-BE54-9A1E7A4F7556}") = "LTS.Infra.Core.Data", "Adapters\Driven\Core\LTS.Infra.Core.Data\LTS.Infra.Core.Data.csproj", "{28E1FF44-9F05-470D-AD80-8BBE4CCC727C}"
EndProject
Project("{9A19103F-16F7-4668-BE54-9A1E7A4F7556}") = "LTS.Infra.Core.CrossCutting.Bus", "Adapters\Driven\Core\LTS.Infra.Core.CrossCutting.Bus\LTS.Infra.Core.CrossCutting.Bus.csproj", "{4F654B42-154F-4121-A010-872EF346FDEF}"
EndProject
Project("{9A19103F-16F7-4668-BE54-9A1E7A4F7556}") = "LTS.Infra.Core.CrossCutting.IoC", "Adapters\Driven\Core\LTS.Infra.Core.CrossCutting.IoC\LTS.Infra.Core.CrossCutting.IoC.csproj", "{0C445F2C-F6D8-470F-AD62-E8A5BF9BE5B5}"
EndProject
Project("{2150E333-8FDC-42A3-9474-1A3956D46DE8}") = "tests", "tests", "{FCA76B04-2B40-48C2-B1D8-3D28D357FCF2}"
EndProject
Project("{2150E333-8FDC-42A3-9474-1A3956D46DE8}") = "Core", "Core", "{9EAC518C-2ED6-4C84-8A31-E9A0E64C0AE9}"
EndProject
Project("{9A19103F-16F7-4668-BE54-9A1E7A4F7556}") = "LTS.Core.Domain.Tests", "tests\Core\LTS.Core.Domain.Tests\LTS.Core.Domain.Tests.csproj", "{3F17D772-6C8E-4E24-A44F-29EF4EB0643D}"
EndProject
Project("{9A19103F-16F7-4668-BE54-9A1E7A4F7556}") = "LTS.Core.Application.Tests", "tests\Core\LTS.Core.Application.Tests\LTS.Core.Application.Tests.csproj", "{51E89BFD-5329-4BF8-BC47-60180F90F608}"
EndProject
Project("{2150E333-8FDC-42A3-9474-1A3956D46DE8}") = "Audit", "Audit", "{7302E889-13B9-47F6-9A72-BF8E705CE365}"
EndProject
Project("{9A19103F-16F7-4668-BE54-9A1E7A4F7556}") = "LTS.Audit.Domain", "Core\Audit\LTS.Audit.Domain\LTS.Audit.Domain.csproj", "{6C7E7B19-137A-430C-9DC0-2E538777DB88}"
EndProject
Project("{9A19103F-16F7-4668-BE54-9A1E7A4F7556}") = "LTS.Audit.Application", "Core\Audit\LTS.Audit.Application\LTS.Audit.Application.csproj", "{9074D90E-0FC4-4398-8DB8-DEB466BC572B}"
EndProject
Project("{2150E333-8FDC-42A3-9474-1A3956D46DE8}") = "Audit", "Audit", "{3545403F-0378-4EA7-9717-7FDA8B6DC552}"
EndProject
Project("{9A19103F-16F7-4668-BE54-9A1E7A4F7556}") = "LTS.Audit.Domain.Tests", "tests\Core\Audit\LTS.Audit.Domain.Tests\LTS.Audit.Domain.Tests.csproj", "{D32D55F8-9BB7-45AC-B9BC-E10E29E78E9A}"
EndProject
Project("{9A19103F-16F7-4668-BE54-9A1E7A4F7556}") = "LTS.Audit.Application.Tests", "tests\Core\Audit\LTS.Audit.Application.Tests\LTS.Audit.Application.Tests.csproj", "{B794CE21-F858-4497-82A7-0DFE05253124}"
EndProject
Project("{2150E333-8FDC-42A3-9474-1A3956D46DE8}") = "UI", "UI", "{E1D25F7E-F395-470C-9885-5E7C18F8357A}"
EndProject
Project("{9A19103F-16F7-4668-BE54-9A1E7A4F7556}") = "LTS.Website", "UI\Web\LTS.Website\LTS.Website.csproj", "{E428B985-2CFB-472F-99BB-BBD32CDE6E28}"
EndProject
Project("{9A19103F-16F7-4668-BE54-9A1E7A4F7556}") = "LTS.Erp", "UI\Web\LTS.Erp\LTS.Erp.csproj", "{6FB190D6-8F5F-42CD-B5B9-4F64CC38CA21}"
EndProject
Project("{2150E333-8FDC-42A3-9474-1A3956D46DE8}") = "Crm", "Crm", "{C3C37752-A9B8-42D4-B67B-D8BD59CE2B44}"
EndProject
Project("{9A19103F-16F7-4668-BE54-9A1E7A4F7556}") = "LTS.Crm.Domain", "Core\Crm\LTS.Crm.Domain\LTS.Crm.Domain.csproj", "{FF5A5301-2F98-4289-9E71-5A0A8203457F}"
EndProject
Project("{9A19103F-16F7-4668-BE54-9A1E7A4F7556}") = "LTS.Crm.Application", "Core\Crm\LTS.Crm.Application\LTS.Crm.Application.csproj", "{8D08DBBA-1A75-4C2E-8344-75EC95D5FB6F}"
EndProject
Project("{2150E333-8FDC-42A3-9474-1A3956D46DE8}") = "Crm", "Crm", "{6CC2C884-32A4-4105-8601-0F4CDD038072}"
EndProject
Project("{9A19103F-16F7-4668-BE54-9A1E7A4F7556}") = "LTS.Services.Crm.API", "Adapters\Driving\Crm\LTS.Services.Crm.API\LTS.Services.Crm.API.csproj", "{32BD57A1-5504-484A-A611-BE6047EF4BAC}"
EndProject
Project("{2150E333-8FDC-42A3-9474-1A3956D46DE8}") = "Crm", "Crm", "{693F25DE-477E-4247-861C-1C5D6651A2F4}"
EndProject
Project("{9A19103F-16F7-4668-BE54-9A1E7A4F7556}") = "LTS.Infra.Crm.CrossCutting.Bus", "Adapters\Driven\Crm\LTS.Infra.Crm.CrossCutting.Bus\LTS.Infra.Crm.CrossCutting.Bus.csproj", "{72950744-1E92-441A-ADF3-787AB9D9F757}"
EndProject
Project("{9A19103F-16F7-4668-BE54-9A1E7A4F7556}") = "LTS.Infra.Crm.Data", "Adapters\Driven\Crm\LTS.Infra.Crm.Data\LTS.Infra.Crm.Data.csproj", "{E8A93021-D47A-48BB-84AC-E5130DA68459}"
EndProject
Project("{9A19103F-16F7-4668-BE54-9A1E7A4F7556}") = "LTS.Infra.Crm.IoC", "Adapters\Driven\Crm\LTS.Infra.Crm.IoC\LTS.Infra.Crm.IoC.csproj", "{55507025-D3E1-463F-AAFF-5048F4A527DC}"
EndProject
Project("{2150E333-8FDC-42A3-9474-1A3956D46DE8}") = "Crm", "Crm", "{B9F413AB-0C2E-49B6-8193-ED0870F24158}"
EndProject
Project("{9A19103F-16F7-4668-BE54-9A1E7A4F7556}") = "LTS.Crm.Domain.Tests", "tests\Core\Crm\LTS.Crm.Domain.Tests\LTS.Crm.Domain.Tests.csproj", "{96404CD5-13A6-49CC-BC81-61C0515CE207}"
EndProject
Project("{9A19103F-16F7-4668-BE54-9A1E7A4F7556}") = "LTS.Crm.Application.Tests", "tests\Core\Crm\LTS.Crm.Application.Tests\LTS.Crm.Application.Tests.csproj", "{D370B0C6-D4A5-4B3D-90F3-77B18ED8EDE3}"
EndProject
Project("{FAE04EC0-301F-11D3-BF4B-00C04F79EFBC}") = "Erp.MobApp.Android", "UI\Mobile\Erp.MobApp\Erp.MobApp.Android\Erp.MobApp.Android.csproj", "{61D31F05-6420-41BD-82A5-EF5A7B2E09D7}"
EndProject
Project("{FAE04EC0-301F-11D3-BF4B-00C04F79EFBC}") = "Erp.MobApp.iOS", "UI\Mobile\Erp.MobApp\Erp.MobApp.iOS\Erp.MobApp.iOS.csproj", "{CA768440-37B5-40BA-83C0-42B835D0CE95}"
EndProject
Project("{9A19103F-16F7-4668-BE54-9A1E7A4F7556}") = "Erp.MobApp", "UI\Mobile\Erp.MobApp\Erp.MobApp\Erp.MobApp.csproj", "{207031EF-BC27-4951-BBAF-345C07C97B10}"
EndProject
Project("{54A90642-561A-4BB1-A94E-469ADEE60C69}") = "LTS.Erp.ReactJs", "UI\Web\LTS.Erp.ReactJs\LTS.Erp.ReactJs.esproj", "{5EE1F2EF-CFDD-4C50-81BC-FD33DC74FB70}"
EndProject
Project("{2150E333-8FDC-42A3-9474-1A3956D46DE8}") = "HPX", "HPX", "{E48C3F6C-C063-4F7C-BDDD-99C58BFE9B9F}"
EndProject
Project("{2150E333-8FDC-42A3-9474-1A3956D46DE8}") = "sources", "sources", "{5AA75A7A-356F-48CA-8042-75101CCAC71E}"
EndProject
Project("{9092AA53-FB77-4645-B42D-1CCCA6BD08BD}") = "HPX.Module.Core", "HPX\source\Modules\HPX.Module.Core\HPX.Module.Core.njsproj", "{98332DE0-D275-40A1-A65F-ABCC12ADCFD0}"
EndProject
Global
	GlobalSection(SolutionConfigurationPlatforms) = preSolution
		Debug|Any CPU = Debug|Any CPU
		Debug|iPhone = Debug|iPhone
		Debug|iPhoneSimulator = Debug|iPhoneSimulator
		Release|Any CPU = Release|Any CPU
		Release|iPhone = Release|iPhone
		Release|iPhoneSimulator = Release|iPhoneSimulator
	EndGlobalSection
	GlobalSection(ProjectConfigurationPlatforms) = postSolution
		{B68C243A-DE48-44D6-914E-2076F5FF1114}.Debug|Any CPU.ActiveCfg = Debug|Any CPU
		{B68C243A-DE48-44D6-914E-2076F5FF1114}.Debug|Any CPU.Build.0 = Debug|Any CPU
		{B68C243A-DE48-44D6-914E-2076F5FF1114}.Debug|iPhone.ActiveCfg = Debug|Any CPU
		{B68C243A-DE48-44D6-914E-2076F5FF1114}.Debug|iPhone.Build.0 = Debug|Any CPU
		{B68C243A-DE48-44D6-914E-2076F5FF1114}.Debug|iPhoneSimulator.ActiveCfg = Debug|Any CPU
		{B68C243A-DE48-44D6-914E-2076F5FF1114}.Debug|iPhoneSimulator.Build.0 = Debug|Any CPU
		{B68C243A-DE48-44D6-914E-2076F5FF1114}.Release|Any CPU.ActiveCfg = Release|Any CPU
		{B68C243A-DE48-44D6-914E-2076F5FF1114}.Release|Any CPU.Build.0 = Release|Any CPU
		{B68C243A-DE48-44D6-914E-2076F5FF1114}.Release|iPhone.ActiveCfg = Release|Any CPU
		{B68C243A-DE48-44D6-914E-2076F5FF1114}.Release|iPhone.Build.0 = Release|Any CPU
		{B68C243A-DE48-44D6-914E-2076F5FF1114}.Release|iPhoneSimulator.ActiveCfg = Release|Any CPU
		{B68C243A-DE48-44D6-914E-2076F5FF1114}.Release|iPhoneSimulator.Build.0 = Release|Any CPU
		{28E66F1B-9A7C-46DB-B95B-1753FE20B016}.Debug|Any CPU.ActiveCfg = Debug|Any CPU
		{28E66F1B-9A7C-46DB-B95B-1753FE20B016}.Debug|Any CPU.Build.0 = Debug|Any CPU
		{28E66F1B-9A7C-46DB-B95B-1753FE20B016}.Debug|iPhone.ActiveCfg = Debug|Any CPU
		{28E66F1B-9A7C-46DB-B95B-1753FE20B016}.Debug|iPhone.Build.0 = Debug|Any CPU
		{28E66F1B-9A7C-46DB-B95B-1753FE20B016}.Debug|iPhoneSimulator.ActiveCfg = Debug|Any CPU
		{28E66F1B-9A7C-46DB-B95B-1753FE20B016}.Debug|iPhoneSimulator.Build.0 = Debug|Any CPU
		{28E66F1B-9A7C-46DB-B95B-1753FE20B016}.Release|Any CPU.ActiveCfg = Release|Any CPU
		{28E66F1B-9A7C-46DB-B95B-1753FE20B016}.Release|Any CPU.Build.0 = Release|Any CPU
		{28E66F1B-9A7C-46DB-B95B-1753FE20B016}.Release|iPhone.ActiveCfg = Release|Any CPU
		{28E66F1B-9A7C-46DB-B95B-1753FE20B016}.Release|iPhone.Build.0 = Release|Any CPU
		{28E66F1B-9A7C-46DB-B95B-1753FE20B016}.Release|iPhoneSimulator.ActiveCfg = Release|Any CPU
		{28E66F1B-9A7C-46DB-B95B-1753FE20B016}.Release|iPhoneSimulator.Build.0 = Release|Any CPU
		{AAD49BFE-9243-401B-929F-C7187B049744}.Debug|Any CPU.ActiveCfg = Debug|Any CPU
		{AAD49BFE-9243-401B-929F-C7187B049744}.Debug|Any CPU.Build.0 = Debug|Any CPU
		{AAD49BFE-9243-401B-929F-C7187B049744}.Debug|iPhone.ActiveCfg = Debug|Any CPU
		{AAD49BFE-9243-401B-929F-C7187B049744}.Debug|iPhone.Build.0 = Debug|Any CPU
		{AAD49BFE-9243-401B-929F-C7187B049744}.Debug|iPhoneSimulator.ActiveCfg = Debug|Any CPU
		{AAD49BFE-9243-401B-929F-C7187B049744}.Debug|iPhoneSimulator.Build.0 = Debug|Any CPU
		{AAD49BFE-9243-401B-929F-C7187B049744}.Release|Any CPU.ActiveCfg = Release|Any CPU
		{AAD49BFE-9243-401B-929F-C7187B049744}.Release|Any CPU.Build.0 = Release|Any CPU
		{AAD49BFE-9243-401B-929F-C7187B049744}.Release|iPhone.ActiveCfg = Release|Any CPU
		{AAD49BFE-9243-401B-929F-C7187B049744}.Release|iPhone.Build.0 = Release|Any CPU
		{AAD49BFE-9243-401B-929F-C7187B049744}.Release|iPhoneSimulator.ActiveCfg = Release|Any CPU
		{AAD49BFE-9243-401B-929F-C7187B049744}.Release|iPhoneSimulator.Build.0 = Release|Any CPU
		{28E1FF44-9F05-470D-AD80-8BBE4CCC727C}.Debug|Any CPU.ActiveCfg = Debug|Any CPU
		{28E1FF44-9F05-470D-AD80-8BBE4CCC727C}.Debug|Any CPU.Build.0 = Debug|Any CPU
		{28E1FF44-9F05-470D-AD80-8BBE4CCC727C}.Debug|iPhone.ActiveCfg = Debug|Any CPU
		{28E1FF44-9F05-470D-AD80-8BBE4CCC727C}.Debug|iPhone.Build.0 = Debug|Any CPU
		{28E1FF44-9F05-470D-AD80-8BBE4CCC727C}.Debug|iPhoneSimulator.ActiveCfg = Debug|Any CPU
		{28E1FF44-9F05-470D-AD80-8BBE4CCC727C}.Debug|iPhoneSimulator.Build.0 = Debug|Any CPU
		{28E1FF44-9F05-470D-AD80-8BBE4CCC727C}.Release|Any CPU.ActiveCfg = Release|Any CPU
		{28E1FF44-9F05-470D-AD80-8BBE4CCC727C}.Release|Any CPU.Build.0 = Release|Any CPU
		{28E1FF44-9F05-470D-AD80-8BBE4CCC727C}.Release|iPhone.ActiveCfg = Release|Any CPU
		{28E1FF44-9F05-470D-AD80-8BBE4CCC727C}.Release|iPhone.Build.0 = Release|Any CPU
		{28E1FF44-9F05-470D-AD80-8BBE4CCC727C}.Release|iPhoneSimulator.ActiveCfg = Release|Any CPU
		{28E1FF44-9F05-470D-AD80-8BBE4CCC727C}.Release|iPhoneSimulator.Build.0 = Release|Any CPU
		{4F654B42-154F-4121-A010-872EF346FDEF}.Debug|Any CPU.ActiveCfg = Debug|Any CPU
		{4F654B42-154F-4121-A010-872EF346FDEF}.Debug|Any CPU.Build.0 = Debug|Any CPU
		{4F654B42-154F-4121-A010-872EF346FDEF}.Debug|iPhone.ActiveCfg = Debug|Any CPU
		{4F654B42-154F-4121-A010-872EF346FDEF}.Debug|iPhone.Build.0 = Debug|Any CPU
		{4F654B42-154F-4121-A010-872EF346FDEF}.Debug|iPhoneSimulator.ActiveCfg = Debug|Any CPU
		{4F654B42-154F-4121-A010-872EF346FDEF}.Debug|iPhoneSimulator.Build.0 = Debug|Any CPU
		{4F654B42-154F-4121-A010-872EF346FDEF}.Release|Any CPU.ActiveCfg = Release|Any CPU
		{4F654B42-154F-4121-A010-872EF346FDEF}.Release|Any CPU.Build.0 = Release|Any CPU
		{4F654B42-154F-4121-A010-872EF346FDEF}.Release|iPhone.ActiveCfg = Release|Any CPU
		{4F654B42-154F-4121-A010-872EF346FDEF}.Release|iPhone.Build.0 = Release|Any CPU
		{4F654B42-154F-4121-A010-872EF346FDEF}.Release|iPhoneSimulator.ActiveCfg = Release|Any CPU
		{4F654B42-154F-4121-A010-872EF346FDEF}.Release|iPhoneSimulator.Build.0 = Release|Any CPU
		{0C445F2C-F6D8-470F-AD62-E8A5BF9BE5B5}.Debug|Any CPU.ActiveCfg = Debug|Any CPU
		{0C445F2C-F6D8-470F-AD62-E8A5BF9BE5B5}.Debug|Any CPU.Build.0 = Debug|Any CPU
		{0C445F2C-F6D8-470F-AD62-E8A5BF9BE5B5}.Debug|iPhone.ActiveCfg = Debug|Any CPU
		{0C445F2C-F6D8-470F-AD62-E8A5BF9BE5B5}.Debug|iPhone.Build.0 = Debug|Any CPU
		{0C445F2C-F6D8-470F-AD62-E8A5BF9BE5B5}.Debug|iPhoneSimulator.ActiveCfg = Debug|Any CPU
		{0C445F2C-F6D8-470F-AD62-E8A5BF9BE5B5}.Debug|iPhoneSimulator.Build.0 = Debug|Any CPU
		{0C445F2C-F6D8-470F-AD62-E8A5BF9BE5B5}.Release|Any CPU.ActiveCfg = Release|Any CPU
		{0C445F2C-F6D8-470F-AD62-E8A5BF9BE5B5}.Release|Any CPU.Build.0 = Release|Any CPU
		{0C445F2C-F6D8-470F-AD62-E8A5BF9BE5B5}.Release|iPhone.ActiveCfg = Release|Any CPU
		{0C445F2C-F6D8-470F-AD62-E8A5BF9BE5B5}.Release|iPhone.Build.0 = Release|Any CPU
		{0C445F2C-F6D8-470F-AD62-E8A5BF9BE5B5}.Release|iPhoneSimulator.ActiveCfg = Release|Any CPU
		{0C445F2C-F6D8-470F-AD62-E8A5BF9BE5B5}.Release|iPhoneSimulator.Build.0 = Release|Any CPU
		{3F17D772-6C8E-4E24-A44F-29EF4EB0643D}.Debug|Any CPU.ActiveCfg = Debug|Any CPU
		{3F17D772-6C8E-4E24-A44F-29EF4EB0643D}.Debug|Any CPU.Build.0 = Debug|Any CPU
		{3F17D772-6C8E-4E24-A44F-29EF4EB0643D}.Debug|iPhone.ActiveCfg = Debug|Any CPU
		{3F17D772-6C8E-4E24-A44F-29EF4EB0643D}.Debug|iPhone.Build.0 = Debug|Any CPU
		{3F17D772-6C8E-4E24-A44F-29EF4EB0643D}.Debug|iPhoneSimulator.ActiveCfg = Debug|Any CPU
		{3F17D772-6C8E-4E24-A44F-29EF4EB0643D}.Debug|iPhoneSimulator.Build.0 = Debug|Any CPU
		{3F17D772-6C8E-4E24-A44F-29EF4EB0643D}.Release|Any CPU.ActiveCfg = Release|Any CPU
		{3F17D772-6C8E-4E24-A44F-29EF4EB0643D}.Release|Any CPU.Build.0 = Release|Any CPU
		{3F17D772-6C8E-4E24-A44F-29EF4EB0643D}.Release|iPhone.ActiveCfg = Release|Any CPU
		{3F17D772-6C8E-4E24-A44F-29EF4EB0643D}.Release|iPhone.Build.0 = Release|Any CPU
		{3F17D772-6C8E-4E24-A44F-29EF4EB0643D}.Release|iPhoneSimulator.ActiveCfg = Release|Any CPU
		{3F17D772-6C8E-4E24-A44F-29EF4EB0643D}.Release|iPhoneSimulator.Build.0 = Release|Any CPU
		{51E89BFD-5329-4BF8-BC47-60180F90F608}.Debug|Any CPU.ActiveCfg = Debug|Any CPU
		{51E89BFD-5329-4BF8-BC47-60180F90F608}.Debug|Any CPU.Build.0 = Debug|Any CPU
		{51E89BFD-5329-4BF8-BC47-60180F90F608}.Debug|iPhone.ActiveCfg = Debug|Any CPU
		{51E89BFD-5329-4BF8-BC47-60180F90F608}.Debug|iPhone.Build.0 = Debug|Any CPU
		{51E89BFD-5329-4BF8-BC47-60180F90F608}.Debug|iPhoneSimulator.ActiveCfg = Debug|Any CPU
		{51E89BFD-5329-4BF8-BC47-60180F90F608}.Debug|iPhoneSimulator.Build.0 = Debug|Any CPU
		{51E89BFD-5329-4BF8-BC47-60180F90F608}.Release|Any CPU.ActiveCfg = Release|Any CPU
		{51E89BFD-5329-4BF8-BC47-60180F90F608}.Release|Any CPU.Build.0 = Release|Any CPU
		{51E89BFD-5329-4BF8-BC47-60180F90F608}.Release|iPhone.ActiveCfg = Release|Any CPU
		{51E89BFD-5329-4BF8-BC47-60180F90F608}.Release|iPhone.Build.0 = Release|Any CPU
		{51E89BFD-5329-4BF8-BC47-60180F90F608}.Release|iPhoneSimulator.ActiveCfg = Release|Any CPU
		{51E89BFD-5329-4BF8-BC47-60180F90F608}.Release|iPhoneSimulator.Build.0 = Release|Any CPU
		{6C7E7B19-137A-430C-9DC0-2E538777DB88}.Debug|Any CPU.ActiveCfg = Debug|Any CPU
		{6C7E7B19-137A-430C-9DC0-2E538777DB88}.Debug|Any CPU.Build.0 = Debug|Any CPU
		{6C7E7B19-137A-430C-9DC0-2E538777DB88}.Debug|iPhone.ActiveCfg = Debug|Any CPU
		{6C7E7B19-137A-430C-9DC0-2E538777DB88}.Debug|iPhone.Build.0 = Debug|Any CPU
		{6C7E7B19-137A-430C-9DC0-2E538777DB88}.Debug|iPhoneSimulator.ActiveCfg = Debug|Any CPU
		{6C7E7B19-137A-430C-9DC0-2E538777DB88}.Debug|iPhoneSimulator.Build.0 = Debug|Any CPU
		{6C7E7B19-137A-430C-9DC0-2E538777DB88}.Release|Any CPU.ActiveCfg = Release|Any CPU
		{6C7E7B19-137A-430C-9DC0-2E538777DB88}.Release|Any CPU.Build.0 = Release|Any CPU
		{6C7E7B19-137A-430C-9DC0-2E538777DB88}.Release|iPhone.ActiveCfg = Release|Any CPU
		{6C7E7B19-137A-430C-9DC0-2E538777DB88}.Release|iPhone.Build.0 = Release|Any CPU
		{6C7E7B19-137A-430C-9DC0-2E538777DB88}.Release|iPhoneSimulator.ActiveCfg = Release|Any CPU
		{6C7E7B19-137A-430C-9DC0-2E538777DB88}.Release|iPhoneSimulator.Build.0 = Release|Any CPU
		{9074D90E-0FC4-4398-8DB8-DEB466BC572B}.Debug|Any CPU.ActiveCfg = Debug|Any CPU
		{9074D90E-0FC4-4398-8DB8-DEB466BC572B}.Debug|Any CPU.Build.0 = Debug|Any CPU
		{9074D90E-0FC4-4398-8DB8-DEB466BC572B}.Debug|iPhone.ActiveCfg = Debug|Any CPU
		{9074D90E-0FC4-4398-8DB8-DEB466BC572B}.Debug|iPhone.Build.0 = Debug|Any CPU
		{9074D90E-0FC4-4398-8DB8-DEB466BC572B}.Debug|iPhoneSimulator.ActiveCfg = Debug|Any CPU
		{9074D90E-0FC4-4398-8DB8-DEB466BC572B}.Debug|iPhoneSimulator.Build.0 = Debug|Any CPU
		{9074D90E-0FC4-4398-8DB8-DEB466BC572B}.Release|Any CPU.ActiveCfg = Release|Any CPU
		{9074D90E-0FC4-4398-8DB8-DEB466BC572B}.Release|Any CPU.Build.0 = Release|Any CPU
		{9074D90E-0FC4-4398-8DB8-DEB466BC572B}.Release|iPhone.ActiveCfg = Release|Any CPU
		{9074D90E-0FC4-4398-8DB8-DEB466BC572B}.Release|iPhone.Build.0 = Release|Any CPU
		{9074D90E-0FC4-4398-8DB8-DEB466BC572B}.Release|iPhoneSimulator.ActiveCfg = Release|Any CPU
		{9074D90E-0FC4-4398-8DB8-DEB466BC572B}.Release|iPhoneSimulator.Build.0 = Release|Any CPU
		{D32D55F8-9BB7-45AC-B9BC-E10E29E78E9A}.Debug|Any CPU.ActiveCfg = Debug|Any CPU
		{D32D55F8-9BB7-45AC-B9BC-E10E29E78E9A}.Debug|Any CPU.Build.0 = Debug|Any CPU
		{D32D55F8-9BB7-45AC-B9BC-E10E29E78E9A}.Debug|iPhone.ActiveCfg = Debug|Any CPU
		{D32D55F8-9BB7-45AC-B9BC-E10E29E78E9A}.Debug|iPhone.Build.0 = Debug|Any CPU
		{D32D55F8-9BB7-45AC-B9BC-E10E29E78E9A}.Debug|iPhoneSimulator.ActiveCfg = Debug|Any CPU
		{D32D55F8-9BB7-45AC-B9BC-E10E29E78E9A}.Debug|iPhoneSimulator.Build.0 = Debug|Any CPU
		{D32D55F8-9BB7-45AC-B9BC-E10E29E78E9A}.Release|Any CPU.ActiveCfg = Release|Any CPU
		{D32D55F8-9BB7-45AC-B9BC-E10E29E78E9A}.Release|Any CPU.Build.0 = Release|Any CPU
		{D32D55F8-9BB7-45AC-B9BC-E10E29E78E9A}.Release|iPhone.ActiveCfg = Release|Any CPU
		{D32D55F8-9BB7-45AC-B9BC-E10E29E78E9A}.Release|iPhone.Build.0 = Release|Any CPU
		{D32D55F8-9BB7-45AC-B9BC-E10E29E78E9A}.Release|iPhoneSimulator.ActiveCfg = Release|Any CPU
		{D32D55F8-9BB7-45AC-B9BC-E10E29E78E9A}.Release|iPhoneSimulator.Build.0 = Release|Any CPU
		{B794CE21-F858-4497-82A7-0DFE05253124}.Debug|Any CPU.ActiveCfg = Debug|Any CPU
		{B794CE21-F858-4497-82A7-0DFE05253124}.Debug|Any CPU.Build.0 = Debug|Any CPU
		{B794CE21-F858-4497-82A7-0DFE05253124}.Debug|iPhone.ActiveCfg = Debug|Any CPU
		{B794CE21-F858-4497-82A7-0DFE05253124}.Debug|iPhone.Build.0 = Debug|Any CPU
		{B794CE21-F858-4497-82A7-0DFE05253124}.Debug|iPhoneSimulator.ActiveCfg = Debug|Any CPU
		{B794CE21-F858-4497-82A7-0DFE05253124}.Debug|iPhoneSimulator.Build.0 = Debug|Any CPU
		{B794CE21-F858-4497-82A7-0DFE05253124}.Release|Any CPU.ActiveCfg = Release|Any CPU
		{B794CE21-F858-4497-82A7-0DFE05253124}.Release|Any CPU.Build.0 = Release|Any CPU
		{B794CE21-F858-4497-82A7-0DFE05253124}.Release|iPhone.ActiveCfg = Release|Any CPU
		{B794CE21-F858-4497-82A7-0DFE05253124}.Release|iPhone.Build.0 = Release|Any CPU
		{B794CE21-F858-4497-82A7-0DFE05253124}.Release|iPhoneSimulator.ActiveCfg = Release|Any CPU
		{B794CE21-F858-4497-82A7-0DFE05253124}.Release|iPhoneSimulator.Build.0 = Release|Any CPU
		{E428B985-2CFB-472F-99BB-BBD32CDE6E28}.Debug|Any CPU.ActiveCfg = Debug|Any CPU
		{E428B985-2CFB-472F-99BB-BBD32CDE6E28}.Debug|Any CPU.Build.0 = Debug|Any CPU
		{E428B985-2CFB-472F-99BB-BBD32CDE6E28}.Debug|iPhone.ActiveCfg = Debug|Any CPU
		{E428B985-2CFB-472F-99BB-BBD32CDE6E28}.Debug|iPhone.Build.0 = Debug|Any CPU
		{E428B985-2CFB-472F-99BB-BBD32CDE6E28}.Debug|iPhoneSimulator.ActiveCfg = Debug|Any CPU
		{E428B985-2CFB-472F-99BB-BBD32CDE6E28}.Debug|iPhoneSimulator.Build.0 = Debug|Any CPU
		{E428B985-2CFB-472F-99BB-BBD32CDE6E28}.Release|Any CPU.ActiveCfg = Release|Any CPU
		{E428B985-2CFB-472F-99BB-BBD32CDE6E28}.Release|Any CPU.Build.0 = Release|Any CPU
		{E428B985-2CFB-472F-99BB-BBD32CDE6E28}.Release|iPhone.ActiveCfg = Release|Any CPU
		{E428B985-2CFB-472F-99BB-BBD32CDE6E28}.Release|iPhone.Build.0 = Release|Any CPU
		{E428B985-2CFB-472F-99BB-BBD32CDE6E28}.Release|iPhoneSimulator.ActiveCfg = Release|Any CPU
		{E428B985-2CFB-472F-99BB-BBD32CDE6E28}.Release|iPhoneSimulator.Build.0 = Release|Any CPU
		{6FB190D6-8F5F-42CD-B5B9-4F64CC38CA21}.Debug|Any CPU.ActiveCfg = Debug|Any CPU
		{6FB190D6-8F5F-42CD-B5B9-4F64CC38CA21}.Debug|Any CPU.Build.0 = Debug|Any CPU
		{6FB190D6-8F5F-42CD-B5B9-4F64CC38CA21}.Debug|iPhone.ActiveCfg = Debug|Any CPU
		{6FB190D6-8F5F-42CD-B5B9-4F64CC38CA21}.Debug|iPhone.Build.0 = Debug|Any CPU
		{6FB190D6-8F5F-42CD-B5B9-4F64CC38CA21}.Debug|iPhoneSimulator.ActiveCfg = Debug|Any CPU
		{6FB190D6-8F5F-42CD-B5B9-4F64CC38CA21}.Debug|iPhoneSimulator.Build.0 = Debug|Any CPU
		{6FB190D6-8F5F-42CD-B5B9-4F64CC38CA21}.Release|Any CPU.ActiveCfg = Release|Any CPU
		{6FB190D6-8F5F-42CD-B5B9-4F64CC38CA21}.Release|Any CPU.Build.0 = Release|Any CPU
		{6FB190D6-8F5F-42CD-B5B9-4F64CC38CA21}.Release|iPhone.ActiveCfg = Release|Any CPU
		{6FB190D6-8F5F-42CD-B5B9-4F64CC38CA21}.Release|iPhone.Build.0 = Release|Any CPU
		{6FB190D6-8F5F-42CD-B5B9-4F64CC38CA21}.Release|iPhoneSimulator.ActiveCfg = Release|Any CPU
		{6FB190D6-8F5F-42CD-B5B9-4F64CC38CA21}.Release|iPhoneSimulator.Build.0 = Release|Any CPU
		{FF5A5301-2F98-4289-9E71-5A0A8203457F}.Debug|Any CPU.ActiveCfg = Debug|Any CPU
		{FF5A5301-2F98-4289-9E71-5A0A8203457F}.Debug|Any CPU.Build.0 = Debug|Any CPU
		{FF5A5301-2F98-4289-9E71-5A0A8203457F}.Debug|iPhone.ActiveCfg = Debug|Any CPU
		{FF5A5301-2F98-4289-9E71-5A0A8203457F}.Debug|iPhone.Build.0 = Debug|Any CPU
		{FF5A5301-2F98-4289-9E71-5A0A8203457F}.Debug|iPhoneSimulator.ActiveCfg = Debug|Any CPU
		{FF5A5301-2F98-4289-9E71-5A0A8203457F}.Debug|iPhoneSimulator.Build.0 = Debug|Any CPU
		{FF5A5301-2F98-4289-9E71-5A0A8203457F}.Release|Any CPU.ActiveCfg = Release|Any CPU
		{FF5A5301-2F98-4289-9E71-5A0A8203457F}.Release|Any CPU.Build.0 = Release|Any CPU
		{FF5A5301-2F98-4289-9E71-5A0A8203457F}.Release|iPhone.ActiveCfg = Release|Any CPU
		{FF5A5301-2F98-4289-9E71-5A0A8203457F}.Release|iPhone.Build.0 = Release|Any CPU
		{FF5A5301-2F98-4289-9E71-5A0A8203457F}.Release|iPhoneSimulator.ActiveCfg = Release|Any CPU
		{FF5A5301-2F98-4289-9E71-5A0A8203457F}.Release|iPhoneSimulator.Build.0 = Release|Any CPU
		{8D08DBBA-1A75-4C2E-8344-75EC95D5FB6F}.Debug|Any CPU.ActiveCfg = Debug|Any CPU
		{8D08DBBA-1A75-4C2E-8344-75EC95D5FB6F}.Debug|Any CPU.Build.0 = Debug|Any CPU
		{8D08DBBA-1A75-4C2E-8344-75EC95D5FB6F}.Debug|iPhone.ActiveCfg = Debug|Any CPU
		{8D08DBBA-1A75-4C2E-8344-75EC95D5FB6F}.Debug|iPhone.Build.0 = Debug|Any CPU
		{8D08DBBA-1A75-4C2E-8344-75EC95D5FB6F}.Debug|iPhoneSimulator.ActiveCfg = Debug|Any CPU
		{8D08DBBA-1A75-4C2E-8344-75EC95D5FB6F}.Debug|iPhoneSimulator.Build.0 = Debug|Any CPU
		{8D08DBBA-1A75-4C2E-8344-75EC95D5FB6F}.Release|Any CPU.ActiveCfg = Release|Any CPU
		{8D08DBBA-1A75-4C2E-8344-75EC95D5FB6F}.Release|Any CPU.Build.0 = Release|Any CPU
		{8D08DBBA-1A75-4C2E-8344-75EC95D5FB6F}.Release|iPhone.ActiveCfg = Release|Any CPU
		{8D08DBBA-1A75-4C2E-8344-75EC95D5FB6F}.Release|iPhone.Build.0 = Release|Any CPU
		{8D08DBBA-1A75-4C2E-8344-75EC95D5FB6F}.Release|iPhoneSimulator.ActiveCfg = Release|Any CPU
		{8D08DBBA-1A75-4C2E-8344-75EC95D5FB6F}.Release|iPhoneSimulator.Build.0 = Release|Any CPU
		{32BD57A1-5504-484A-A611-BE6047EF4BAC}.Debug|Any CPU.ActiveCfg = Debug|Any CPU
		{32BD57A1-5504-484A-A611-BE6047EF4BAC}.Debug|Any CPU.Build.0 = Debug|Any CPU
		{32BD57A1-5504-484A-A611-BE6047EF4BAC}.Debug|iPhone.ActiveCfg = Debug|Any CPU
		{32BD57A1-5504-484A-A611-BE6047EF4BAC}.Debug|iPhone.Build.0 = Debug|Any CPU
		{32BD57A1-5504-484A-A611-BE6047EF4BAC}.Debug|iPhoneSimulator.ActiveCfg = Debug|Any CPU
		{32BD57A1-5504-484A-A611-BE6047EF4BAC}.Debug|iPhoneSimulator.Build.0 = Debug|Any CPU
		{32BD57A1-5504-484A-A611-BE6047EF4BAC}.Release|Any CPU.ActiveCfg = Release|Any CPU
		{32BD57A1-5504-484A-A611-BE6047EF4BAC}.Release|Any CPU.Build.0 = Release|Any CPU
		{32BD57A1-5504-484A-A611-BE6047EF4BAC}.Release|iPhone.ActiveCfg = Release|Any CPU
		{32BD57A1-5504-484A-A611-BE6047EF4BAC}.Release|iPhone.Build.0 = Release|Any CPU
		{32BD57A1-5504-484A-A611-BE6047EF4BAC}.Release|iPhoneSimulator.ActiveCfg = Release|Any CPU
		{32BD57A1-5504-484A-A611-BE6047EF4BAC}.Release|iPhoneSimulator.Build.0 = Release|Any CPU
		{72950744-1E92-441A-ADF3-787AB9D9F757}.Debug|Any CPU.ActiveCfg = Debug|Any CPU
		{72950744-1E92-441A-ADF3-787AB9D9F757}.Debug|Any CPU.Build.0 = Debug|Any CPU
		{72950744-1E92-441A-ADF3-787AB9D9F757}.Debug|iPhone.ActiveCfg = Debug|Any CPU
		{72950744-1E92-441A-ADF3-787AB9D9F757}.Debug|iPhone.Build.0 = Debug|Any CPU
		{72950744-1E92-441A-ADF3-787AB9D9F757}.Debug|iPhoneSimulator.ActiveCfg = Debug|Any CPU
		{72950744-1E92-441A-ADF3-787AB9D9F757}.Debug|iPhoneSimulator.Build.0 = Debug|Any CPU
		{72950744-1E92-441A-ADF3-787AB9D9F757}.Release|Any CPU.ActiveCfg = Release|Any CPU
		{72950744-1E92-441A-ADF3-787AB9D9F757}.Release|Any CPU.Build.0 = Release|Any CPU
		{72950744-1E92-441A-ADF3-787AB9D9F757}.Release|iPhone.ActiveCfg = Release|Any CPU
		{72950744-1E92-441A-ADF3-787AB9D9F757}.Release|iPhone.Build.0 = Release|Any CPU
		{72950744-1E92-441A-ADF3-787AB9D9F757}.Release|iPhoneSimulator.ActiveCfg = Release|Any CPU
		{72950744-1E92-441A-ADF3-787AB9D9F757}.Release|iPhoneSimulator.Build.0 = Release|Any CPU
		{E8A93021-D47A-48BB-84AC-E5130DA68459}.Debug|Any CPU.ActiveCfg = Debug|Any CPU
		{E8A93021-D47A-48BB-84AC-E5130DA68459}.Debug|Any CPU.Build.0 = Debug|Any CPU
		{E8A93021-D47A-48BB-84AC-E5130DA68459}.Debug|iPhone.ActiveCfg = Debug|Any CPU
		{E8A93021-D47A-48BB-84AC-E5130DA68459}.Debug|iPhone.Build.0 = Debug|Any CPU
		{E8A93021-D47A-48BB-84AC-E5130DA68459}.Debug|iPhoneSimulator.ActiveCfg = Debug|Any CPU
		{E8A93021-D47A-48BB-84AC-E5130DA68459}.Debug|iPhoneSimulator.Build.0 = Debug|Any CPU
		{E8A93021-D47A-48BB-84AC-E5130DA68459}.Release|Any CPU.ActiveCfg = Release|Any CPU
		{E8A93021-D47A-48BB-84AC-E5130DA68459}.Release|Any CPU.Build.0 = Release|Any CPU
		{E8A93021-D47A-48BB-84AC-E5130DA68459}.Release|iPhone.ActiveCfg = Release|Any CPU
		{E8A93021-D47A-48BB-84AC-E5130DA68459}.Release|iPhone.Build.0 = Release|Any CPU
		{E8A93021-D47A-48BB-84AC-E5130DA68459}.Release|iPhoneSimulator.ActiveCfg = Release|Any CPU
		{E8A93021-D47A-48BB-84AC-E5130DA68459}.Release|iPhoneSimulator.Build.0 = Release|Any CPU
		{55507025-D3E1-463F-AAFF-5048F4A527DC}.Debug|Any CPU.ActiveCfg = Debug|Any CPU
		{55507025-D3E1-463F-AAFF-5048F4A527DC}.Debug|Any CPU.Build.0 = Debug|Any CPU
		{55507025-D3E1-463F-AAFF-5048F4A527DC}.Debug|iPhone.ActiveCfg = Debug|Any CPU
		{55507025-D3E1-463F-AAFF-5048F4A527DC}.Debug|iPhone.Build.0 = Debug|Any CPU
		{55507025-D3E1-463F-AAFF-5048F4A527DC}.Debug|iPhoneSimulator.ActiveCfg = Debug|Any CPU
		{55507025-D3E1-463F-AAFF-5048F4A527DC}.Debug|iPhoneSimulator.Build.0 = Debug|Any CPU
		{55507025-D3E1-463F-AAFF-5048F4A527DC}.Release|Any CPU.ActiveCfg = Release|Any CPU
		{55507025-D3E1-463F-AAFF-5048F4A527DC}.Release|Any CPU.Build.0 = Release|Any CPU
		{55507025-D3E1-463F-AAFF-5048F4A527DC}.Release|iPhone.ActiveCfg = Release|Any CPU
		{55507025-D3E1-463F-AAFF-5048F4A527DC}.Release|iPhone.Build.0 = Release|Any CPU
		{55507025-D3E1-463F-AAFF-5048F4A527DC}.Release|iPhoneSimulator.ActiveCfg = Release|Any CPU
		{55507025-D3E1-463F-AAFF-5048F4A527DC}.Release|iPhoneSimulator.Build.0 = Release|Any CPU
		{96404CD5-13A6-49CC-BC81-61C0515CE207}.Debug|Any CPU.ActiveCfg = Debug|Any CPU
		{96404CD5-13A6-49CC-BC81-61C0515CE207}.Debug|Any CPU.Build.0 = Debug|Any CPU
		{96404CD5-13A6-49CC-BC81-61C0515CE207}.Debug|iPhone.ActiveCfg = Debug|Any CPU
		{96404CD5-13A6-49CC-BC81-61C0515CE207}.Debug|iPhone.Build.0 = Debug|Any CPU
		{96404CD5-13A6-49CC-BC81-61C0515CE207}.Debug|iPhoneSimulator.ActiveCfg = Debug|Any CPU
		{96404CD5-13A6-49CC-BC81-61C0515CE207}.Debug|iPhoneSimulator.Build.0 = Debug|Any CPU
		{96404CD5-13A6-49CC-BC81-61C0515CE207}.Release|Any CPU.ActiveCfg = Release|Any CPU
		{96404CD5-13A6-49CC-BC81-61C0515CE207}.Release|Any CPU.Build.0 = Release|Any CPU
		{96404CD5-13A6-49CC-BC81-61C0515CE207}.Release|iPhone.ActiveCfg = Release|Any CPU
		{96404CD5-13A6-49CC-BC81-61C0515CE207}.Release|iPhone.Build.0 = Release|Any CPU
		{96404CD5-13A6-49CC-BC81-61C0515CE207}.Release|iPhoneSimulator.ActiveCfg = Release|Any CPU
		{96404CD5-13A6-49CC-BC81-61C0515CE207}.Release|iPhoneSimulator.Build.0 = Release|Any CPU
		{D370B0C6-D4A5-4B3D-90F3-77B18ED8EDE3}.Debug|Any CPU.ActiveCfg = Debug|Any CPU
		{D370B0C6-D4A5-4B3D-90F3-77B18ED8EDE3}.Debug|Any CPU.Build.0 = Debug|Any CPU
		{D370B0C6-D4A5-4B3D-90F3-77B18ED8EDE3}.Debug|iPhone.ActiveCfg = Debug|Any CPU
		{D370B0C6-D4A5-4B3D-90F3-77B18ED8EDE3}.Debug|iPhone.Build.0 = Debug|Any CPU
		{D370B0C6-D4A5-4B3D-90F3-77B18ED8EDE3}.Debug|iPhoneSimulator.ActiveCfg = Debug|Any CPU
		{D370B0C6-D4A5-4B3D-90F3-77B18ED8EDE3}.Debug|iPhoneSimulator.Build.0 = Debug|Any CPU
		{D370B0C6-D4A5-4B3D-90F3-77B18ED8EDE3}.Release|Any CPU.ActiveCfg = Release|Any CPU
		{D370B0C6-D4A5-4B3D-90F3-77B18ED8EDE3}.Release|Any CPU.Build.0 = Release|Any CPU
		{D370B0C6-D4A5-4B3D-90F3-77B18ED8EDE3}.Release|iPhone.ActiveCfg = Release|Any CPU
		{D370B0C6-D4A5-4B3D-90F3-77B18ED8EDE3}.Release|iPhone.Build.0 = Release|Any CPU
		{D370B0C6-D4A5-4B3D-90F3-77B18ED8EDE3}.Release|iPhoneSimulator.ActiveCfg = Release|Any CPU
		{D370B0C6-D4A5-4B3D-90F3-77B18ED8EDE3}.Release|iPhoneSimulator.Build.0 = Release|Any CPU
		{61D31F05-6420-41BD-82A5-EF5A7B2E09D7}.Debug|Any CPU.ActiveCfg = Debug|Any CPU
		{61D31F05-6420-41BD-82A5-EF5A7B2E09D7}.Debug|Any CPU.Build.0 = Debug|Any CPU
		{61D31F05-6420-41BD-82A5-EF5A7B2E09D7}.Debug|Any CPU.Deploy.0 = Debug|Any CPU
		{61D31F05-6420-41BD-82A5-EF5A7B2E09D7}.Debug|iPhone.ActiveCfg = Debug|Any CPU
		{61D31F05-6420-41BD-82A5-EF5A7B2E09D7}.Debug|iPhone.Build.0 = Debug|Any CPU
		{61D31F05-6420-41BD-82A5-EF5A7B2E09D7}.Debug|iPhone.Deploy.0 = Debug|Any CPU
		{61D31F05-6420-41BD-82A5-EF5A7B2E09D7}.Debug|iPhoneSimulator.ActiveCfg = Debug|Any CPU
		{61D31F05-6420-41BD-82A5-EF5A7B2E09D7}.Debug|iPhoneSimulator.Build.0 = Debug|Any CPU
		{61D31F05-6420-41BD-82A5-EF5A7B2E09D7}.Debug|iPhoneSimulator.Deploy.0 = Debug|Any CPU
		{61D31F05-6420-41BD-82A5-EF5A7B2E09D7}.Release|Any CPU.ActiveCfg = Release|Any CPU
		{61D31F05-6420-41BD-82A5-EF5A7B2E09D7}.Release|Any CPU.Build.0 = Release|Any CPU
		{61D31F05-6420-41BD-82A5-EF5A7B2E09D7}.Release|Any CPU.Deploy.0 = Release|Any CPU
		{61D31F05-6420-41BD-82A5-EF5A7B2E09D7}.Release|iPhone.ActiveCfg = Release|Any CPU
		{61D31F05-6420-41BD-82A5-EF5A7B2E09D7}.Release|iPhone.Build.0 = Release|Any CPU
		{61D31F05-6420-41BD-82A5-EF5A7B2E09D7}.Release|iPhone.Deploy.0 = Release|Any CPU
		{61D31F05-6420-41BD-82A5-EF5A7B2E09D7}.Release|iPhoneSimulator.ActiveCfg = Release|Any CPU
		{61D31F05-6420-41BD-82A5-EF5A7B2E09D7}.Release|iPhoneSimulator.Build.0 = Release|Any CPU
		{61D31F05-6420-41BD-82A5-EF5A7B2E09D7}.Release|iPhoneSimulator.Deploy.0 = Release|Any CPU
		{CA768440-37B5-40BA-83C0-42B835D0CE95}.Debug|Any CPU.ActiveCfg = Debug|iPhoneSimulator
		{CA768440-37B5-40BA-83C0-42B835D0CE95}.Debug|Any CPU.Build.0 = Debug|iPhoneSimulator
		{CA768440-37B5-40BA-83C0-42B835D0CE95}.Debug|iPhone.ActiveCfg = Debug|iPhone
		{CA768440-37B5-40BA-83C0-42B835D0CE95}.Debug|iPhone.Build.0 = Debug|iPhone
		{CA768440-37B5-40BA-83C0-42B835D0CE95}.Debug|iPhoneSimulator.ActiveCfg = Debug|iPhoneSimulator
		{CA768440-37B5-40BA-83C0-42B835D0CE95}.Debug|iPhoneSimulator.Build.0 = Debug|iPhoneSimulator
		{CA768440-37B5-40BA-83C0-42B835D0CE95}.Release|Any CPU.ActiveCfg = Release|iPhoneSimulator
		{CA768440-37B5-40BA-83C0-42B835D0CE95}.Release|Any CPU.Build.0 = Release|iPhoneSimulator
		{CA768440-37B5-40BA-83C0-42B835D0CE95}.Release|iPhone.ActiveCfg = Release|iPhone
		{CA768440-37B5-40BA-83C0-42B835D0CE95}.Release|iPhone.Build.0 = Release|iPhone
		{CA768440-37B5-40BA-83C0-42B835D0CE95}.Release|iPhoneSimulator.ActiveCfg = Release|iPhoneSimulator
		{CA768440-37B5-40BA-83C0-42B835D0CE95}.Release|iPhoneSimulator.Build.0 = Release|iPhoneSimulator
		{207031EF-BC27-4951-BBAF-345C07C97B10}.Debug|Any CPU.ActiveCfg = Debug|Any CPU
		{207031EF-BC27-4951-BBAF-345C07C97B10}.Debug|Any CPU.Build.0 = Debug|Any CPU
		{207031EF-BC27-4951-BBAF-345C07C97B10}.Debug|iPhone.ActiveCfg = Debug|Any CPU
		{207031EF-BC27-4951-BBAF-345C07C97B10}.Debug|iPhone.Build.0 = Debug|Any CPU
		{207031EF-BC27-4951-BBAF-345C07C97B10}.Debug|iPhoneSimulator.ActiveCfg = Debug|Any CPU
		{207031EF-BC27-4951-BBAF-345C07C97B10}.Debug|iPhoneSimulator.Build.0 = Debug|Any CPU
		{207031EF-BC27-4951-BBAF-345C07C97B10}.Release|Any CPU.ActiveCfg = Release|Any CPU
		{207031EF-BC27-4951-BBAF-345C07C97B10}.Release|Any CPU.Build.0 = Release|Any CPU
		{207031EF-BC27-4951-BBAF-345C07C97B10}.Release|iPhone.ActiveCfg = Release|Any CPU
		{207031EF-BC27-4951-BBAF-345C07C97B10}.Release|iPhone.Build.0 = Release|Any CPU
		{207031EF-BC27-4951-BBAF-345C07C97B10}.Release|iPhoneSimulator.ActiveCfg = Release|Any CPU
		{207031EF-BC27-4951-BBAF-345C07C97B10}.Release|iPhoneSimulator.Build.0 = Release|Any CPU
		{5EE1F2EF-CFDD-4C50-81BC-FD33DC74FB70}.Debug|Any CPU.ActiveCfg = Debug|Any CPU
		{5EE1F2EF-CFDD-4C50-81BC-FD33DC74FB70}.Debug|Any CPU.Build.0 = Debug|Any CPU
		{5EE1F2EF-CFDD-4C50-81BC-FD33DC74FB70}.Debug|Any CPU.Deploy.0 = Debug|Any CPU
		{5EE1F2EF-CFDD-4C50-81BC-FD33DC74FB70}.Debug|iPhone.ActiveCfg = Debug|Any CPU
		{5EE1F2EF-CFDD-4C50-81BC-FD33DC74FB70}.Debug|iPhone.Build.0 = Debug|Any CPU
		{5EE1F2EF-CFDD-4C50-81BC-FD33DC74FB70}.Debug|iPhone.Deploy.0 = Debug|Any CPU
		{5EE1F2EF-CFDD-4C50-81BC-FD33DC74FB70}.Debug|iPhoneSimulator.ActiveCfg = Debug|Any CPU
		{5EE1F2EF-CFDD-4C50-81BC-FD33DC74FB70}.Debug|iPhoneSimulator.Build.0 = Debug|Any CPU
		{5EE1F2EF-CFDD-4C50-81BC-FD33DC74FB70}.Debug|iPhoneSimulator.Deploy.0 = Debug|Any CPU
		{5EE1F2EF-CFDD-4C50-81BC-FD33DC74FB70}.Release|Any CPU.ActiveCfg = Release|Any CPU
		{5EE1F2EF-CFDD-4C50-81BC-FD33DC74FB70}.Release|Any CPU.Build.0 = Release|Any CPU
		{5EE1F2EF-CFDD-4C50-81BC-FD33DC74FB70}.Release|Any CPU.Deploy.0 = Release|Any CPU
		{5EE1F2EF-CFDD-4C50-81BC-FD33DC74FB70}.Release|iPhone.ActiveCfg = Release|Any CPU
		{5EE1F2EF-CFDD-4C50-81BC-FD33DC74FB70}.Release|iPhone.Build.0 = Release|Any CPU
		{5EE1F2EF-CFDD-4C50-81BC-FD33DC74FB70}.Release|iPhone.Deploy.0 = Release|Any CPU
		{5EE1F2EF-CFDD-4C50-81BC-FD33DC74FB70}.Release|iPhoneSimulator.ActiveCfg = Release|Any CPU
		{5EE1F2EF-CFDD-4C50-81BC-FD33DC74FB70}.Release|iPhoneSimulator.Build.0 = Release|Any CPU
		{5EE1F2EF-CFDD-4C50-81BC-FD33DC74FB70}.Release|iPhoneSimulator.Deploy.0 = Release|Any CPU
		{98332DE0-D275-40A1-A65F-ABCC12ADCFD0}.Debug|Any CPU.ActiveCfg = Debug|Any CPU
		{98332DE0-D275-40A1-A65F-ABCC12ADCFD0}.Debug|Any CPU.Build.0 = Debug|Any CPU
		{98332DE0-D275-40A1-A65F-ABCC12ADCFD0}.Debug|iPhone.ActiveCfg = Debug|Any CPU
		{98332DE0-D275-40A1-A65F-ABCC12ADCFD0}.Debug|iPhone.Build.0 = Debug|Any CPU
		{98332DE0-D275-40A1-A65F-ABCC12ADCFD0}.Debug|iPhoneSimulator.ActiveCfg = Debug|Any CPU
		{98332DE0-D275-40A1-A65F-ABCC12ADCFD0}.Debug|iPhoneSimulator.Build.0 = Debug|Any CPU
		{98332DE0-D275-40A1-A65F-ABCC12ADCFD0}.Release|Any CPU.ActiveCfg = Release|Any CPU
		{98332DE0-D275-40A1-A65F-ABCC12ADCFD0}.Release|Any CPU.Build.0 = Release|Any CPU
		{98332DE0-D275-40A1-A65F-ABCC12ADCFD0}.Release|iPhone.ActiveCfg = Release|Any CPU
		{98332DE0-D275-40A1-A65F-ABCC12ADCFD0}.Release|iPhone.Build.0 = Release|Any CPU
		{98332DE0-D275-40A1-A65F-ABCC12ADCFD0}.Release|iPhoneSimulator.ActiveCfg = Release|Any CPU
		{98332DE0-D275-40A1-A65F-ABCC12ADCFD0}.Release|iPhoneSimulator.Build.0 = Release|Any CPU
	EndGlobalSection
	GlobalSection(SolutionProperties) = preSolution
		HideSolutionNode = FALSE
	EndGlobalSection
	GlobalSection(NestedProjects) = preSolution
		{B68C243A-DE48-44D6-914E-2076F5FF1114} = {04333723-CFB6-4F76-84E9-770D8CF14CF7}
		{28E66F1B-9A7C-46DB-B95B-1753FE20B016} = {04333723-CFB6-4F76-84E9-770D8CF14CF7}
		{67174FD9-9AA4-41C1-A769-BD45637B6007} = {E0BF84B0-9C1C-4C8F-BBBE-A9D4BD2FF4AC}
		{103BD395-BDC1-481F-9A96-F0579AA24CEF} = {67174FD9-9AA4-41C1-A769-BD45637B6007}
		{AAD49BFE-9243-401B-929F-C7187B049744} = {103BD395-BDC1-481F-9A96-F0579AA24CEF}
		{F6ED7710-553B-436F-B843-C66FFB00F182} = {E0BF84B0-9C1C-4C8F-BBBE-A9D4BD2FF4AC}
		{A848EF9A-3AEA-4DB9-9A90-B6A91B0CCB1F} = {F6ED7710-553B-436F-B843-C66FFB00F182}
		{28E1FF44-9F05-470D-AD80-8BBE4CCC727C} = {A848EF9A-3AEA-4DB9-9A90-B6A91B0CCB1F}
		{4F654B42-154F-4121-A010-872EF346FDEF} = {A848EF9A-3AEA-4DB9-9A90-B6A91B0CCB1F}
		{0C445F2C-F6D8-470F-AD62-E8A5BF9BE5B5} = {A848EF9A-3AEA-4DB9-9A90-B6A91B0CCB1F}
		{9EAC518C-2ED6-4C84-8A31-E9A0E64C0AE9} = {FCA76B04-2B40-48C2-B1D8-3D28D357FCF2}
		{3F17D772-6C8E-4E24-A44F-29EF4EB0643D} = {9EAC518C-2ED6-4C84-8A31-E9A0E64C0AE9}
		{51E89BFD-5329-4BF8-BC47-60180F90F608} = {9EAC518C-2ED6-4C84-8A31-E9A0E64C0AE9}
		{7302E889-13B9-47F6-9A72-BF8E705CE365} = {04333723-CFB6-4F76-84E9-770D8CF14CF7}
		{6C7E7B19-137A-430C-9DC0-2E538777DB88} = {7302E889-13B9-47F6-9A72-BF8E705CE365}
		{9074D90E-0FC4-4398-8DB8-DEB466BC572B} = {7302E889-13B9-47F6-9A72-BF8E705CE365}
		{3545403F-0378-4EA7-9717-7FDA8B6DC552} = {9EAC518C-2ED6-4C84-8A31-E9A0E64C0AE9}
		{D32D55F8-9BB7-45AC-B9BC-E10E29E78E9A} = {3545403F-0378-4EA7-9717-7FDA8B6DC552}
		{B794CE21-F858-4497-82A7-0DFE05253124} = {3545403F-0378-4EA7-9717-7FDA8B6DC552}
		{E428B985-2CFB-472F-99BB-BBD32CDE6E28} = {E1D25F7E-F395-470C-9885-5E7C18F8357A}
		{6FB190D6-8F5F-42CD-B5B9-4F64CC38CA21} = {E1D25F7E-F395-470C-9885-5E7C18F8357A}
		{C3C37752-A9B8-42D4-B67B-D8BD59CE2B44} = {04333723-CFB6-4F76-84E9-770D8CF14CF7}
		{FF5A5301-2F98-4289-9E71-5A0A8203457F} = {C3C37752-A9B8-42D4-B67B-D8BD59CE2B44}
		{8D08DBBA-1A75-4C2E-8344-75EC95D5FB6F} = {C3C37752-A9B8-42D4-B67B-D8BD59CE2B44}
		{6CC2C884-32A4-4105-8601-0F4CDD038072} = {67174FD9-9AA4-41C1-A769-BD45637B6007}
		{32BD57A1-5504-484A-A611-BE6047EF4BAC} = {6CC2C884-32A4-4105-8601-0F4CDD038072}
		{693F25DE-477E-4247-861C-1C5D6651A2F4} = {F6ED7710-553B-436F-B843-C66FFB00F182}
		{72950744-1E92-441A-ADF3-787AB9D9F757} = {693F25DE-477E-4247-861C-1C5D6651A2F4}
		{E8A93021-D47A-48BB-84AC-E5130DA68459} = {693F25DE-477E-4247-861C-1C5D6651A2F4}
		{55507025-D3E1-463F-AAFF-5048F4A527DC} = {693F25DE-477E-4247-861C-1C5D6651A2F4}
		{B9F413AB-0C2E-49B6-8193-ED0870F24158} = {9EAC518C-2ED6-4C84-8A31-E9A0E64C0AE9}
		{96404CD5-13A6-49CC-BC81-61C0515CE207} = {B9F413AB-0C2E-49B6-8193-ED0870F24158}
		{D370B0C6-D4A5-4B3D-90F3-77B18ED8EDE3} = {B9F413AB-0C2E-49B6-8193-ED0870F24158}
		{61D31F05-6420-41BD-82A5-EF5A7B2E09D7} = {E1D25F7E-F395-470C-9885-5E7C18F8357A}
		{CA768440-37B5-40BA-83C0-42B835D0CE95} = {E1D25F7E-F395-470C-9885-5E7C18F8357A}
		{207031EF-BC27-4951-BBAF-345C07C97B10} = {E1D25F7E-F395-470C-9885-5E7C18F8357A}
		{5EE1F2EF-CFDD-4C50-81BC-FD33DC74FB70} = {E1D25F7E-F395-470C-9885-5E7C18F8357A}
		{5AA75A7A-356F-48CA-8042-75101CCAC71E} = {E48C3F6C-C063-4F7C-BDDD-99C58BFE9B9F}
		{98332DE0-D275-40A1-A65F-ABCC12ADCFD0} = {5AA75A7A-356F-48CA-8042-75101CCAC71E}
	EndGlobalSection
	GlobalSection(ExtensibilityGlobals) = postSolution
		SolutionGuid = {0A8EE321-83F1-4DAA-A22E-389A0B8D99BB}
	EndGlobalSection
EndGlobal
