
Microsoft Visual Studio Solution File, Format Version 12.00
# Visual Studio Version 16
VisualStudioVersion = 16.6.30114.105
MinimumVisualStudioVersion = 10.0.40219.1
Project("{2150E333-8FDC-42A3-9474-1A3956D46DE8}") = "src", "src", "{82A9C1AC-CF5D-4709-87BC-2EBBB9393A0E}"
EndProject
Project("{2150E333-8FDC-42A3-9474-1A3956D46DE8}") = "Modules", "Modules", "{3266C71C-3D2E-4B03-BD5C-D6CA6FFE2AE6}"
EndProject
Project("{2150E333-8FDC-42A3-9474-1A3956D46DE8}") = "Core", "Core", "{C8CF91D0-8112-4ABC-8F03-69E7E86D635C}"
EndProject
Project("{9A19103F-16F7-4668-BE54-9A1E7A4F7556}") = "MixErp.Modules.Core", "src\Modules\Core\MixErp.Modules.Core\MixErp.Modules.Core.csproj", "{FE0BA961-D8B8-482F-B60A-6193C0864D6C}"
EndProject
Project("{2150E333-8FDC-42A3-9474-1A3956D46DE8}") = "Audit", "Audit", "{7E0C10DA-F3C4-4D5A-95F6-508C706ABF9A}"
EndProject
Project("{9A19103F-16F7-4668-BE54-9A1E7A4F7556}") = "MixErp.modules.Audit", "src\Modules\Audit\MixErp.modules.Audit\MixErp.modules.Audit.csproj", "{E510A6ED-BAB6-4BDD-A5C6-CD169E0F78B2}"
EndProject
Project("{2150E333-8FDC-42A3-9474-1A3956D46DE8}") = "Localization", "Localization", "{2FF3740B-3BCF-4BD1-A420-E3152B8F7031}"
EndProject
Project("{9A19103F-16F7-4668-BE54-9A1E7A4F7556}") = "MixErp.Modules.Localization", "src\Modules\Localization\MixErp.Modules.Localization\MixErp.Modules.Localization.csproj", "{9EEB1F99-60B7-406D-973D-2AEDAC15DA4C}"
EndProject
Project("{2150E333-8FDC-42A3-9474-1A3956D46DE8}") = "Office", "Office", "{D0AD74E4-0090-4DE9-9819-E2AE02EC9531}"
EndProject
Project("{9A19103F-16F7-4668-BE54-9A1E7A4F7556}") = "MixErp.Modules.Offrice", "src\Modules\Office\MixErp.Modules.Offrice\MixErp.Modules.Offrice.csproj", "{7585952E-9B2A-436D-AF3D-5E00A8D77A90}"
EndProject
Project("{2150E333-8FDC-42A3-9474-1A3956D46DE8}") = "Infrastructure", "Infrastructure", "{EA4478AC-0DD0-4F01-8818-9A24F80AEDBC}"
EndProject
Project("{9A19103F-16F7-4668-BE54-9A1E7A4F7556}") = "MixErp.Infrastructure", "src\Infrastructure\MixErp.Infrastructure\MixErp.Infrastructure.csproj", "{68BEE707-6458-43CA-85AA-BD7DABA67B66}"
EndProject
Project("{2150E333-8FDC-42A3-9474-1A3956D46DE8}") = "Policy", "Policy", "{08069F02-1C68-4BE0-B691-D0FA3AFA99D8}"
EndProject
Project("{9A19103F-16F7-4668-BE54-9A1E7A4F7556}") = "MixErp.Modules.Policy", "src\Modules\Policy\MixErp.Modules.Policy\MixErp.Modules.Policy.csproj", "{E60D03FE-AD81-4C7A-BA38-E064A368607C}"
EndProject
Project("{2150E333-8FDC-42A3-9474-1A3956D46DE8}") = "Public", "Public", "{85E2125F-2705-4738-BE8B-2B717A1A21EE}"
EndProject
Project("{9A19103F-16F7-4668-BE54-9A1E7A4F7556}") = "MixErp.Modules.Public", "src\Modules\Public\MixErp.Modules.Public\MixErp.Modules.Public.csproj", "{78BAD34C-8EAB-4E87-BFA1-C92F841074AD}"
EndProject
Project("{2150E333-8FDC-42A3-9474-1A3956D46DE8}") = "Transactions", "Transactions", "{492BEA19-C812-4FE5-A9DB-13C4175D90F9}"
EndProject
Project("{9A19103F-16F7-4668-BE54-9A1E7A4F7556}") = "MixErp.Modules.Transactions", "src\Modules\Transactions\MixErp.Modules.Transactions\MixErp.Modules.Transactions.csproj", "{5D4761DF-F7AE-4986-ACF1-34F2AA5BED77}"
EndProject
Project("{2150E333-8FDC-42A3-9474-1A3956D46DE8}") = "Server Controls", "Server Controls", "{A26898A6-D83E-4A68-ABBD-15715A248D62}"
EndProject
Project("{2150E333-8FDC-42A3-9474-1A3956D46DE8}") = "Data", "Data", "{E9B5176B-40FF-4A74-883A-12AE361C6CCC}"
EndProject
Project("{9A19103F-16F7-4668-BE54-9A1E7A4F7556}") = "MixERP.WebControls.Common.Data", "src\Modules\Server Controls\Data\MixERP.WebControls.Common.Data\MixERP.WebControls.Common.Data.csproj", "{EE09A4EE-3C73-47B1-A4B2-E6E9EB928258}"
EndProject
Project("{9A19103F-16F7-4668-BE54-9A1E7A4F7556}") = "MixERP.WebControls.Flag.Data", "src\Modules\Server Controls\Data\MixERP.WebControls.Flag.Data\MixERP.WebControls.Flag.Data.csproj", "{CFEABF7F-678A-4828-91E6-289D515CE20E}"
EndProject
Project("{9A19103F-16F7-4668-BE54-9A1E7A4F7556}") = "MixERP.WebControls.ReportEngine.Data", "src\Modules\Server Controls\Data\MixERP.WebControls.ReportEngine.Data\MixERP.WebControls.ReportEngine.Data.csproj", "{A538F167-AE62-41CE-B004-191FFD969B24}"
EndProject
Project("{9A19103F-16F7-4668-BE54-9A1E7A4F7556}") = "MixERP.WebControls.TransactionChecklist.Data", "src\Modules\Server Controls\Data\MixERP.WebControls.TransactionChecklist.Data\MixERP.WebControls.TransactionChecklist.Data.csproj", "{D4A395AD-941A-4FAB-A603-5C71B3211E94}"
EndProject
Project("{2150E333-8FDC-42A3-9474-1A3956D46DE8}") = "Projects", "Projects", "{AC584EAA-C37A-4832-B654-04711FABAFAE}"
EndProject
Project("{9A19103F-16F7-4668-BE54-9A1E7A4F7556}") = "MixERP.WebControls.AttachmentFactory", "src\Modules\Server Controls\Projects\MixERP.WebControls.AttachmentFactory\MixERP.WebControls.AttachmentFactory.csproj", "{B1D7565F-A30C-4F8C-A9B9-3588D206BE87}"
EndProject
Project("{9A19103F-16F7-4668-BE54-9A1E7A4F7556}") = "MixERP.WebControls.Common", "src\Modules\Server Controls\Projects\MixERP.WebControls.Common\MixERP.WebControls.Common.csproj", "{11D5A899-D399-48FB-B8B7-8E63F445D952}"
EndProject
Project("{9A19103F-16F7-4668-BE54-9A1E7A4F7556}") = "MixERP.WebControls.Flag", "src\Modules\Server Controls\Projects\MixERP.WebControls.Flag\MixERP.WebControls.Flag.csproj", "{8594191B-36EC-4F19-B780-DF062397E149}"
EndProject
Project("{9A19103F-16F7-4668-BE54-9A1E7A4F7556}") = "MixERP.WebControls.PartyControl", "src\Modules\Server Controls\Projects\MixERP.WebControls.PartyControl\MixERP.WebControls.PartyControl.csproj", "{71C722BD-F1D2-4550-8F43-6DF3B6D288A4}"
EndProject
Project("{9A19103F-16F7-4668-BE54-9A1E7A4F7556}") = "MixERP.WebControls.ReportEngine", "src\Modules\Server Controls\Projects\MixERP.WebControls.ReportEngine\MixERP.WebControls.ReportEngine.csproj", "{D9831561-1F60-4EF4-8066-014F848552FC}"
EndProject
Project("{9A19103F-16F7-4668-BE54-9A1E7A4F7556}") = "MixERP.WebControls.StockAdjustmentFactory", "src\Modules\Server Controls\Projects\MixERP.WebControls.StockAdjustmentFactory\MixERP.WebControls.StockAdjustmentFactory.csproj", "{4E2732B3-6A2E-433D-9ADB-728DECBE66B9}"
EndProject
Project("{9A19103F-16F7-4668-BE54-9A1E7A4F7556}") = "MixERP.WebControls.StockTransactionFactory", "src\Modules\Server Controls\Projects\MixERP.WebControls.StockTransactionFactory\MixERP.WebControls.StockTransactionFactory.csproj", "{8972CFBD-0EE9-4FC0-95FC-A68F8AC078C5}"
EndProject
Project("{9A19103F-16F7-4668-BE54-9A1E7A4F7556}") = "MixERP.WebControls.TransactionChecklist", "src\Modules\Server Controls\Projects\MixERP.WebControls.TransactionChecklist\MixERP.WebControls.TransactionChecklist.csproj", "{38C1B384-1AC3-41A4-91C2-42C848762140}"
EndProject
Project("{2150E333-8FDC-42A3-9474-1A3956D46DE8}") = "Plugins", "Plugins", "{D551F7F9-8245-403D-BD88-4761B34838C6}"
EndProject
Project("{2150E333-8FDC-42A3-9474-1A3956D46DE8}") = "Fisrt Steps", "Fisrt Steps", "{8A92483A-4BFA-4A3A-A483-37DB450CB6AB}"
EndProject
Project("{9A19103F-16F7-4668-BE54-9A1E7A4F7556}") = "MixErp.Plugins.FirstSteps", "src\Plugins\FirstSteps\MixErp.Plugins.FirstSteps\MixErp.Plugins.FirstSteps.csproj", "{CFB85FF7-286A-4E26-AA9D-B89E9A1618E1}"
EndProject
Project("{2150E333-8FDC-42A3-9474-1A3956D46DE8}") = "Forex", "Forex", "{17F900F9-0A7A-4E08-95A5-178DA4D58FE2}"
EndProject
Project("{9A19103F-16F7-4668-BE54-9A1E7A4F7556}") = "MixErp.CurrencyConversion.Currencylayer", "src\Plugins\Forex\MixErp.CurrencyConversion.Currencylayer\MixErp.CurrencyConversion.Currencylayer.csproj", "{2F51EB15-84F9-40DF-B0ED-A0D6D541FF78}"
EndProject
Project("{9A19103F-16F7-4668-BE54-9A1E7A4F7556}") = "MixErpt.CurrencyConversion.OpenExchangeRates", "src\Plugins\Forex\MixErpt.CurrencyConversion.OpenExchangeRates\MixErpt.CurrencyConversion.OpenExchangeRates.csproj", "{6A4AE96E-31C5-4A6A-AEF2-9DC105261F0D}"
EndProject
Project("{2150E333-8FDC-42A3-9474-1A3956D46DE8}") = "WebJobs", "WebJobs", "{278DE839-4EF6-4EE2-9222-33F5AC3AF053}"
EndProject
Project("{9A19103F-16F7-4668-BE54-9A1E7A4F7556}") = "MixErpt.WebJobs.BackupDatabase", "src\Plugins\WebJobs\MixErpt.WebJobs.BackupDatabase\MixErpt.WebJobs.BackupDatabase.csproj", "{C6C28BBA-8E2A-4D0C-BA11-C660041F1598}"
EndProject
Project("{2150E333-8FDC-42A3-9474-1A3956D46DE8}") = "Utilities", "Utilities", "{17966C2D-BCE3-4971-ABC9-F3BB12270AE8}"
EndProject
Project("{9A19103F-16F7-4668-BE54-9A1E7A4F7556}") = "MixErp.Utility.SqlBundler", "src\Utilities\Consoles\MixErp.Utility.SqlBundler\MixErp.Utility.SqlBundler.csproj", "{41E84A85-B640-4902-BA7D-ACA325C34CE8}"
EndProject
Project("{2150E333-8FDC-42A3-9474-1A3956D46DE8}") = "Commons", "Commons", "{AC8B3190-692F-4765-B860-B8B39005EE7C}"
EndProject
Project("{9A19103F-16F7-4668-BE54-9A1E7A4F7556}") = "MixErp.Module.Commons", "src\Modules\Commons\MixErp.Module.Commons\MixErp.Module.Commons.csproj", "{04033DC2-4BC2-4001-9551-7632E63F8B46}"
EndProject
Project("{2150E333-8FDC-42A3-9474-1A3956D46DE8}") = "Governor", "Governor", "{3ABD53DF-A345-40FC-B8E0-D6C53A612766}"
EndProject
Project("{9A19103F-16F7-4668-BE54-9A1E7A4F7556}") = "MixErp.Module.Transaction.Governor", "src\Modules\Governor\MixErp.Module.Governor\MixErp.Module.Transaction.Governor.csproj", "{AC7AB861-9931-4D7A-AB66-98A059AF1C6A}"
EndProject
Project("{9A19103F-16F7-4668-BE54-9A1E7A4F7556}") = "MixErp.TransactionGovernor.Data", "src\Modules\Governor\MixErp.TransactionGovernor.Data\MixErp.TransactionGovernor.Data.csproj", "{393DE6B9-7C77-414F-8AA1-18B29C6D7964}"
EndProject
Project("{2150E333-8FDC-42A3-9474-1A3956D46DE8}") = "Data Access Legacy", "Data Access Legacy", "{2C320EA6-7695-47EE-8B9C-B33A302279DE}"
EndProject
Project("{2150E333-8FDC-42A3-9474-1A3956D46DE8}") = "DAL", "DAL", "{107A888F-9F78-4D29-B763-58AF4EB30AEB}"
EndProject
Project("{9A19103F-16F7-4668-BE54-9A1E7A4F7556}") = "MixErp.Module.Schemas.Audit.Data", "src\Modules\Data Access Legacy\DAL\MixErp.Module.Schemas.Audit.Data\MixErp.Module.Schemas.Audit.Data.csproj", "{954FCF51-D2FE-4976-B244-4311DF15612F}"
EndProject
Project("{2150E333-8FDC-42A3-9474-1A3956D46DE8}") = "MixErp.Entities", "MixErp.Entities", "{B83375FD-6EC1-4EBC-8D82-276BEDBA04A2}"
EndProject
Project("{9A19103F-16F7-4668-BE54-9A1E7A4F7556}") = "MixErp.Module.Entities", "src\Modules\MixErp.Entities\MixErp.Module.Entities\MixErp.Module.Entities.csproj", "{22695062-F99C-421D-93F9-DE6DED257E1F}"
EndProject
Project("{2150E333-8FDC-42A3-9474-1A3956D46DE8}") = "i18n", "i18n", "{F281B3B2-9FE4-4933-9A2A-4DA201BE9776}"
EndProject
Project("{9A19103F-16F7-4668-BE54-9A1E7A4F7556}") = "MixErp.Module.i18n", "src\Modules\i18n\MixErp.Module.i18n\MixErp.Module.i18n.csproj", "{244DD5B4-3926-466F-B386-264BE4CAED5D}"
EndProject
Global
	GlobalSection(SolutionConfigurationPlatforms) = preSolution
		Debug|Any CPU = Debug|Any CPU
		Debug|x64 = Debug|x64
		Debug|x86 = Debug|x86
		Release|Any CPU = Release|Any CPU
		Release|x64 = Release|x64
		Release|x86 = Release|x86
	EndGlobalSection
	GlobalSection(ProjectConfigurationPlatforms) = postSolution
		{FE0BA961-D8B8-482F-B60A-6193C0864D6C}.Debug|Any CPU.ActiveCfg = Debug|Any CPU
		{FE0BA961-D8B8-482F-B60A-6193C0864D6C}.Debug|Any CPU.Build.0 = Debug|Any CPU
		{FE0BA961-D8B8-482F-B60A-6193C0864D6C}.Debug|x64.ActiveCfg = Debug|Any CPU
		{FE0BA961-D8B8-482F-B60A-6193C0864D6C}.Debug|x64.Build.0 = Debug|Any CPU
		{FE0BA961-D8B8-482F-B60A-6193C0864D6C}.Debug|x86.ActiveCfg = Debug|Any CPU
		{FE0BA961-D8B8-482F-B60A-6193C0864D6C}.Debug|x86.Build.0 = Debug|Any CPU
		{FE0BA961-D8B8-482F-B60A-6193C0864D6C}.Release|Any CPU.ActiveCfg = Release|Any CPU
		{FE0BA961-D8B8-482F-B60A-6193C0864D6C}.Release|Any CPU.Build.0 = Release|Any CPU
		{FE0BA961-D8B8-482F-B60A-6193C0864D6C}.Release|x64.ActiveCfg = Release|Any CPU
		{FE0BA961-D8B8-482F-B60A-6193C0864D6C}.Release|x64.Build.0 = Release|Any CPU
		{FE0BA961-D8B8-482F-B60A-6193C0864D6C}.Release|x86.ActiveCfg = Release|Any CPU
		{FE0BA961-D8B8-482F-B60A-6193C0864D6C}.Release|x86.Build.0 = Release|Any CPU
		{E510A6ED-BAB6-4BDD-A5C6-CD169E0F78B2}.Debug|Any CPU.ActiveCfg = Debug|Any CPU
		{E510A6ED-BAB6-4BDD-A5C6-CD169E0F78B2}.Debug|Any CPU.Build.0 = Debug|Any CPU
		{E510A6ED-BAB6-4BDD-A5C6-CD169E0F78B2}.Debug|x64.ActiveCfg = Debug|Any CPU
		{E510A6ED-BAB6-4BDD-A5C6-CD169E0F78B2}.Debug|x64.Build.0 = Debug|Any CPU
		{E510A6ED-BAB6-4BDD-A5C6-CD169E0F78B2}.Debug|x86.ActiveCfg = Debug|Any CPU
		{E510A6ED-BAB6-4BDD-A5C6-CD169E0F78B2}.Debug|x86.Build.0 = Debug|Any CPU
		{E510A6ED-BAB6-4BDD-A5C6-CD169E0F78B2}.Release|Any CPU.ActiveCfg = Release|Any CPU
		{E510A6ED-BAB6-4BDD-A5C6-CD169E0F78B2}.Release|Any CPU.Build.0 = Release|Any CPU
		{E510A6ED-BAB6-4BDD-A5C6-CD169E0F78B2}.Release|x64.ActiveCfg = Release|Any CPU
		{E510A6ED-BAB6-4BDD-A5C6-CD169E0F78B2}.Release|x64.Build.0 = Release|Any CPU
		{E510A6ED-BAB6-4BDD-A5C6-CD169E0F78B2}.Release|x86.ActiveCfg = Release|Any CPU
		{E510A6ED-BAB6-4BDD-A5C6-CD169E0F78B2}.Release|x86.Build.0 = Release|Any CPU
		{9EEB1F99-60B7-406D-973D-2AEDAC15DA4C}.Debug|Any CPU.ActiveCfg = Debug|Any CPU
		{9EEB1F99-60B7-406D-973D-2AEDAC15DA4C}.Debug|Any CPU.Build.0 = Debug|Any CPU
		{9EEB1F99-60B7-406D-973D-2AEDAC15DA4C}.Debug|x64.ActiveCfg = Debug|Any CPU
		{9EEB1F99-60B7-406D-973D-2AEDAC15DA4C}.Debug|x64.Build.0 = Debug|Any CPU
		{9EEB1F99-60B7-406D-973D-2AEDAC15DA4C}.Debug|x86.ActiveCfg = Debug|Any CPU
		{9EEB1F99-60B7-406D-973D-2AEDAC15DA4C}.Debug|x86.Build.0 = Debug|Any CPU
		{9EEB1F99-60B7-406D-973D-2AEDAC15DA4C}.Release|Any CPU.ActiveCfg = Release|Any CPU
		{9EEB1F99-60B7-406D-973D-2AEDAC15DA4C}.Release|Any CPU.Build.0 = Release|Any CPU
		{9EEB1F99-60B7-406D-973D-2AEDAC15DA4C}.Release|x64.ActiveCfg = Release|Any CPU
		{9EEB1F99-60B7-406D-973D-2AEDAC15DA4C}.Release|x64.Build.0 = Release|Any CPU
		{9EEB1F99-60B7-406D-973D-2AEDAC15DA4C}.Release|x86.ActiveCfg = Release|Any CPU
		{9EEB1F99-60B7-406D-973D-2AEDAC15DA4C}.Release|x86.Build.0 = Release|Any CPU
		{7585952E-9B2A-436D-AF3D-5E00A8D77A90}.Debug|Any CPU.ActiveCfg = Debug|Any CPU
		{7585952E-9B2A-436D-AF3D-5E00A8D77A90}.Debug|Any CPU.Build.0 = Debug|Any CPU
		{7585952E-9B2A-436D-AF3D-5E00A8D77A90}.Debug|x64.ActiveCfg = Debug|Any CPU
		{7585952E-9B2A-436D-AF3D-5E00A8D77A90}.Debug|x64.Build.0 = Debug|Any CPU
		{7585952E-9B2A-436D-AF3D-5E00A8D77A90}.Debug|x86.ActiveCfg = Debug|Any CPU
		{7585952E-9B2A-436D-AF3D-5E00A8D77A90}.Debug|x86.Build.0 = Debug|Any CPU
		{7585952E-9B2A-436D-AF3D-5E00A8D77A90}.Release|Any CPU.ActiveCfg = Release|Any CPU
		{7585952E-9B2A-436D-AF3D-5E00A8D77A90}.Release|Any CPU.Build.0 = Release|Any CPU
		{7585952E-9B2A-436D-AF3D-5E00A8D77A90}.Release|x64.ActiveCfg = Release|Any CPU
		{7585952E-9B2A-436D-AF3D-5E00A8D77A90}.Release|x64.Build.0 = Release|Any CPU
		{7585952E-9B2A-436D-AF3D-5E00A8D77A90}.Release|x86.ActiveCfg = Release|Any CPU
		{7585952E-9B2A-436D-AF3D-5E00A8D77A90}.Release|x86.Build.0 = Release|Any CPU
		{68BEE707-6458-43CA-85AA-BD7DABA67B66}.Debug|Any CPU.ActiveCfg = Debug|Any CPU
		{68BEE707-6458-43CA-85AA-BD7DABA67B66}.Debug|Any CPU.Build.0 = Debug|Any CPU
		{68BEE707-6458-43CA-85AA-BD7DABA67B66}.Debug|x64.ActiveCfg = Debug|Any CPU
		{68BEE707-6458-43CA-85AA-BD7DABA67B66}.Debug|x64.Build.0 = Debug|Any CPU
		{68BEE707-6458-43CA-85AA-BD7DABA67B66}.Debug|x86.ActiveCfg = Debug|Any CPU
		{68BEE707-6458-43CA-85AA-BD7DABA67B66}.Debug|x86.Build.0 = Debug|Any CPU
		{68BEE707-6458-43CA-85AA-BD7DABA67B66}.Release|Any CPU.ActiveCfg = Release|Any CPU
		{68BEE707-6458-43CA-85AA-BD7DABA67B66}.Release|Any CPU.Build.0 = Release|Any CPU
		{68BEE707-6458-43CA-85AA-BD7DABA67B66}.Release|x64.ActiveCfg = Release|Any CPU
		{68BEE707-6458-43CA-85AA-BD7DABA67B66}.Release|x64.Build.0 = Release|Any CPU
		{68BEE707-6458-43CA-85AA-BD7DABA67B66}.Release|x86.ActiveCfg = Release|Any CPU
		{68BEE707-6458-43CA-85AA-BD7DABA67B66}.Release|x86.Build.0 = Release|Any CPU
		{E60D03FE-AD81-4C7A-BA38-E064A368607C}.Debug|Any CPU.ActiveCfg = Debug|Any CPU
		{E60D03FE-AD81-4C7A-BA38-E064A368607C}.Debug|Any CPU.Build.0 = Debug|Any CPU
		{E60D03FE-AD81-4C7A-BA38-E064A368607C}.Debug|x64.ActiveCfg = Debug|Any CPU
		{E60D03FE-AD81-4C7A-BA38-E064A368607C}.Debug|x64.Build.0 = Debug|Any CPU
		{E60D03FE-AD81-4C7A-BA38-E064A368607C}.Debug|x86.ActiveCfg = Debug|Any CPU
		{E60D03FE-AD81-4C7A-BA38-E064A368607C}.Debug|x86.Build.0 = Debug|Any CPU
		{E60D03FE-AD81-4C7A-BA38-E064A368607C}.Release|Any CPU.ActiveCfg = Release|Any CPU
		{E60D03FE-AD81-4C7A-BA38-E064A368607C}.Release|Any CPU.Build.0 = Release|Any CPU
		{E60D03FE-AD81-4C7A-BA38-E064A368607C}.Release|x64.ActiveCfg = Release|Any CPU
		{E60D03FE-AD81-4C7A-BA38-E064A368607C}.Release|x64.Build.0 = Release|Any CPU
		{E60D03FE-AD81-4C7A-BA38-E064A368607C}.Release|x86.ActiveCfg = Release|Any CPU
		{E60D03FE-AD81-4C7A-BA38-E064A368607C}.Release|x86.Build.0 = Release|Any CPU
		{78BAD34C-8EAB-4E87-BFA1-C92F841074AD}.Debug|Any CPU.ActiveCfg = Debug|Any CPU
		{78BAD34C-8EAB-4E87-BFA1-C92F841074AD}.Debug|Any CPU.Build.0 = Debug|Any CPU
		{78BAD34C-8EAB-4E87-BFA1-C92F841074AD}.Debug|x64.ActiveCfg = Debug|Any CPU
		{78BAD34C-8EAB-4E87-BFA1-C92F841074AD}.Debug|x64.Build.0 = Debug|Any CPU
		{78BAD34C-8EAB-4E87-BFA1-C92F841074AD}.Debug|x86.ActiveCfg = Debug|Any CPU
		{78BAD34C-8EAB-4E87-BFA1-C92F841074AD}.Debug|x86.Build.0 = Debug|Any CPU
		{78BAD34C-8EAB-4E87-BFA1-C92F841074AD}.Release|Any CPU.ActiveCfg = Release|Any CPU
		{78BAD34C-8EAB-4E87-BFA1-C92F841074AD}.Release|Any CPU.Build.0 = Release|Any CPU
		{78BAD34C-8EAB-4E87-BFA1-C92F841074AD}.Release|x64.ActiveCfg = Release|Any CPU
		{78BAD34C-8EAB-4E87-BFA1-C92F841074AD}.Release|x64.Build.0 = Release|Any CPU
		{78BAD34C-8EAB-4E87-BFA1-C92F841074AD}.Release|x86.ActiveCfg = Release|Any CPU
		{78BAD34C-8EAB-4E87-BFA1-C92F841074AD}.Release|x86.Build.0 = Release|Any CPU
		{5D4761DF-F7AE-4986-ACF1-34F2AA5BED77}.Debug|Any CPU.ActiveCfg = Debug|Any CPU
		{5D4761DF-F7AE-4986-ACF1-34F2AA5BED77}.Debug|Any CPU.Build.0 = Debug|Any CPU
		{5D4761DF-F7AE-4986-ACF1-34F2AA5BED77}.Debug|x64.ActiveCfg = Debug|Any CPU
		{5D4761DF-F7AE-4986-ACF1-34F2AA5BED77}.Debug|x64.Build.0 = Debug|Any CPU
		{5D4761DF-F7AE-4986-ACF1-34F2AA5BED77}.Debug|x86.ActiveCfg = Debug|Any CPU
		{5D4761DF-F7AE-4986-ACF1-34F2AA5BED77}.Debug|x86.Build.0 = Debug|Any CPU
		{5D4761DF-F7AE-4986-ACF1-34F2AA5BED77}.Release|Any CPU.ActiveCfg = Release|Any CPU
		{5D4761DF-F7AE-4986-ACF1-34F2AA5BED77}.Release|Any CPU.Build.0 = Release|Any CPU
		{5D4761DF-F7AE-4986-ACF1-34F2AA5BED77}.Release|x64.ActiveCfg = Release|Any CPU
		{5D4761DF-F7AE-4986-ACF1-34F2AA5BED77}.Release|x64.Build.0 = Release|Any CPU
		{5D4761DF-F7AE-4986-ACF1-34F2AA5BED77}.Release|x86.ActiveCfg = Release|Any CPU
		{5D4761DF-F7AE-4986-ACF1-34F2AA5BED77}.Release|x86.Build.0 = Release|Any CPU
		{EE09A4EE-3C73-47B1-A4B2-E6E9EB928258}.Debug|Any CPU.ActiveCfg = Debug|Any CPU
		{EE09A4EE-3C73-47B1-A4B2-E6E9EB928258}.Debug|Any CPU.Build.0 = Debug|Any CPU
		{EE09A4EE-3C73-47B1-A4B2-E6E9EB928258}.Debug|x64.ActiveCfg = Debug|Any CPU
		{EE09A4EE-3C73-47B1-A4B2-E6E9EB928258}.Debug|x64.Build.0 = Debug|Any CPU
		{EE09A4EE-3C73-47B1-A4B2-E6E9EB928258}.Debug|x86.ActiveCfg = Debug|Any CPU
		{EE09A4EE-3C73-47B1-A4B2-E6E9EB928258}.Debug|x86.Build.0 = Debug|Any CPU
		{EE09A4EE-3C73-47B1-A4B2-E6E9EB928258}.Release|Any CPU.ActiveCfg = Release|Any CPU
		{EE09A4EE-3C73-47B1-A4B2-E6E9EB928258}.Release|Any CPU.Build.0 = Release|Any CPU
		{EE09A4EE-3C73-47B1-A4B2-E6E9EB928258}.Release|x64.ActiveCfg = Release|Any CPU
		{EE09A4EE-3C73-47B1-A4B2-E6E9EB928258}.Release|x64.Build.0 = Release|Any CPU
		{EE09A4EE-3C73-47B1-A4B2-E6E9EB928258}.Release|x86.ActiveCfg = Release|Any CPU
		{EE09A4EE-3C73-47B1-A4B2-E6E9EB928258}.Release|x86.Build.0 = Release|Any CPU
		{CFEABF7F-678A-4828-91E6-289D515CE20E}.Debug|Any CPU.ActiveCfg = Debug|Any CPU
		{CFEABF7F-678A-4828-91E6-289D515CE20E}.Debug|Any CPU.Build.0 = Debug|Any CPU
		{CFEABF7F-678A-4828-91E6-289D515CE20E}.Debug|x64.ActiveCfg = Debug|Any CPU
		{CFEABF7F-678A-4828-91E6-289D515CE20E}.Debug|x64.Build.0 = Debug|Any CPU
		{CFEABF7F-678A-4828-91E6-289D515CE20E}.Debug|x86.ActiveCfg = Debug|Any CPU
		{CFEABF7F-678A-4828-91E6-289D515CE20E}.Debug|x86.Build.0 = Debug|Any CPU
		{CFEABF7F-678A-4828-91E6-289D515CE20E}.Release|Any CPU.ActiveCfg = Release|Any CPU
		{CFEABF7F-678A-4828-91E6-289D515CE20E}.Release|Any CPU.Build.0 = Release|Any CPU
		{CFEABF7F-678A-4828-91E6-289D515CE20E}.Release|x64.ActiveCfg = Release|Any CPU
		{CFEABF7F-678A-4828-91E6-289D515CE20E}.Release|x64.Build.0 = Release|Any CPU
		{CFEABF7F-678A-4828-91E6-289D515CE20E}.Release|x86.ActiveCfg = Release|Any CPU
		{CFEABF7F-678A-4828-91E6-289D515CE20E}.Release|x86.Build.0 = Release|Any CPU
		{A538F167-AE62-41CE-B004-191FFD969B24}.Debug|Any CPU.ActiveCfg = Debug|Any CPU
		{A538F167-AE62-41CE-B004-191FFD969B24}.Debug|Any CPU.Build.0 = Debug|Any CPU
		{A538F167-AE62-41CE-B004-191FFD969B24}.Debug|x64.ActiveCfg = Debug|Any CPU
		{A538F167-AE62-41CE-B004-191FFD969B24}.Debug|x64.Build.0 = Debug|Any CPU
		{A538F167-AE62-41CE-B004-191FFD969B24}.Debug|x86.ActiveCfg = Debug|Any CPU
		{A538F167-AE62-41CE-B004-191FFD969B24}.Debug|x86.Build.0 = Debug|Any CPU
		{A538F167-AE62-41CE-B004-191FFD969B24}.Release|Any CPU.ActiveCfg = Release|Any CPU
		{A538F167-AE62-41CE-B004-191FFD969B24}.Release|Any CPU.Build.0 = Release|Any CPU
		{A538F167-AE62-41CE-B004-191FFD969B24}.Release|x64.ActiveCfg = Release|Any CPU
		{A538F167-AE62-41CE-B004-191FFD969B24}.Release|x64.Build.0 = Release|Any CPU
		{A538F167-AE62-41CE-B004-191FFD969B24}.Release|x86.ActiveCfg = Release|Any CPU
		{A538F167-AE62-41CE-B004-191FFD969B24}.Release|x86.Build.0 = Release|Any CPU
		{D4A395AD-941A-4FAB-A603-5C71B3211E94}.Debug|Any CPU.ActiveCfg = Debug|Any CPU
		{D4A395AD-941A-4FAB-A603-5C71B3211E94}.Debug|Any CPU.Build.0 = Debug|Any CPU
		{D4A395AD-941A-4FAB-A603-5C71B3211E94}.Debug|x64.ActiveCfg = Debug|Any CPU
		{D4A395AD-941A-4FAB-A603-5C71B3211E94}.Debug|x64.Build.0 = Debug|Any CPU
		{D4A395AD-941A-4FAB-A603-5C71B3211E94}.Debug|x86.ActiveCfg = Debug|Any CPU
		{D4A395AD-941A-4FAB-A603-5C71B3211E94}.Debug|x86.Build.0 = Debug|Any CPU
		{D4A395AD-941A-4FAB-A603-5C71B3211E94}.Release|Any CPU.ActiveCfg = Release|Any CPU
		{D4A395AD-941A-4FAB-A603-5C71B3211E94}.Release|Any CPU.Build.0 = Release|Any CPU
		{D4A395AD-941A-4FAB-A603-5C71B3211E94}.Release|x64.ActiveCfg = Release|Any CPU
		{D4A395AD-941A-4FAB-A603-5C71B3211E94}.Release|x64.Build.0 = Release|Any CPU
		{D4A395AD-941A-4FAB-A603-5C71B3211E94}.Release|x86.ActiveCfg = Release|Any CPU
		{D4A395AD-941A-4FAB-A603-5C71B3211E94}.Release|x86.Build.0 = Release|Any CPU
		{B1D7565F-A30C-4F8C-A9B9-3588D206BE87}.Debug|Any CPU.ActiveCfg = Debug|Any CPU
		{B1D7565F-A30C-4F8C-A9B9-3588D206BE87}.Debug|Any CPU.Build.0 = Debug|Any CPU
		{B1D7565F-A30C-4F8C-A9B9-3588D206BE87}.Debug|x64.ActiveCfg = Debug|Any CPU
		{B1D7565F-A30C-4F8C-A9B9-3588D206BE87}.Debug|x64.Build.0 = Debug|Any CPU
		{B1D7565F-A30C-4F8C-A9B9-3588D206BE87}.Debug|x86.ActiveCfg = Debug|Any CPU
		{B1D7565F-A30C-4F8C-A9B9-3588D206BE87}.Debug|x86.Build.0 = Debug|Any CPU
		{B1D7565F-A30C-4F8C-A9B9-3588D206BE87}.Release|Any CPU.ActiveCfg = Release|Any CPU
		{B1D7565F-A30C-4F8C-A9B9-3588D206BE87}.Release|Any CPU.Build.0 = Release|Any CPU
		{B1D7565F-A30C-4F8C-A9B9-3588D206BE87}.Release|x64.ActiveCfg = Release|Any CPU
		{B1D7565F-A30C-4F8C-A9B9-3588D206BE87}.Release|x64.Build.0 = Release|Any CPU
		{B1D7565F-A30C-4F8C-A9B9-3588D206BE87}.Release|x86.ActiveCfg = Release|Any CPU
		{B1D7565F-A30C-4F8C-A9B9-3588D206BE87}.Release|x86.Build.0 = Release|Any CPU
		{11D5A899-D399-48FB-B8B7-8E63F445D952}.Debug|Any CPU.ActiveCfg = Debug|Any CPU
		{11D5A899-D399-48FB-B8B7-8E63F445D952}.Debug|Any CPU.Build.0 = Debug|Any CPU
		{11D5A899-D399-48FB-B8B7-8E63F445D952}.Debug|x64.ActiveCfg = Debug|Any CPU
		{11D5A899-D399-48FB-B8B7-8E63F445D952}.Debug|x64.Build.0 = Debug|Any CPU
		{11D5A899-D399-48FB-B8B7-8E63F445D952}.Debug|x86.ActiveCfg = Debug|Any CPU
		{11D5A899-D399-48FB-B8B7-8E63F445D952}.Debug|x86.Build.0 = Debug|Any CPU
		{11D5A899-D399-48FB-B8B7-8E63F445D952}.Release|Any CPU.ActiveCfg = Release|Any CPU
		{11D5A899-D399-48FB-B8B7-8E63F445D952}.Release|Any CPU.Build.0 = Release|Any CPU
		{11D5A899-D399-48FB-B8B7-8E63F445D952}.Release|x64.ActiveCfg = Release|Any CPU
		{11D5A899-D399-48FB-B8B7-8E63F445D952}.Release|x64.Build.0 = Release|Any CPU
		{11D5A899-D399-48FB-B8B7-8E63F445D952}.Release|x86.ActiveCfg = Release|Any CPU
		{11D5A899-D399-48FB-B8B7-8E63F445D952}.Release|x86.Build.0 = Release|Any CPU
		{8594191B-36EC-4F19-B780-DF062397E149}.Debug|Any CPU.ActiveCfg = Debug|Any CPU
		{8594191B-36EC-4F19-B780-DF062397E149}.Debug|Any CPU.Build.0 = Debug|Any CPU
		{8594191B-36EC-4F19-B780-DF062397E149}.Debug|x64.ActiveCfg = Debug|Any CPU
		{8594191B-36EC-4F19-B780-DF062397E149}.Debug|x64.Build.0 = Debug|Any CPU
		{8594191B-36EC-4F19-B780-DF062397E149}.Debug|x86.ActiveCfg = Debug|Any CPU
		{8594191B-36EC-4F19-B780-DF062397E149}.Debug|x86.Build.0 = Debug|Any CPU
		{8594191B-36EC-4F19-B780-DF062397E149}.Release|Any CPU.ActiveCfg = Release|Any CPU
		{8594191B-36EC-4F19-B780-DF062397E149}.Release|Any CPU.Build.0 = Release|Any CPU
		{8594191B-36EC-4F19-B780-DF062397E149}.Release|x64.ActiveCfg = Release|Any CPU
		{8594191B-36EC-4F19-B780-DF062397E149}.Release|x64.Build.0 = Release|Any CPU
		{8594191B-36EC-4F19-B780-DF062397E149}.Release|x86.ActiveCfg = Release|Any CPU
		{8594191B-36EC-4F19-B780-DF062397E149}.Release|x86.Build.0 = Release|Any CPU
		{71C722BD-F1D2-4550-8F43-6DF3B6D288A4}.Debug|Any CPU.ActiveCfg = Debug|Any CPU
		{71C722BD-F1D2-4550-8F43-6DF3B6D288A4}.Debug|Any CPU.Build.0 = Debug|Any CPU
		{71C722BD-F1D2-4550-8F43-6DF3B6D288A4}.Debug|x64.ActiveCfg = Debug|Any CPU
		{71C722BD-F1D2-4550-8F43-6DF3B6D288A4}.Debug|x64.Build.0 = Debug|Any CPU
		{71C722BD-F1D2-4550-8F43-6DF3B6D288A4}.Debug|x86.ActiveCfg = Debug|Any CPU
		{71C722BD-F1D2-4550-8F43-6DF3B6D288A4}.Debug|x86.Build.0 = Debug|Any CPU
		{71C722BD-F1D2-4550-8F43-6DF3B6D288A4}.Release|Any CPU.ActiveCfg = Release|Any CPU
		{71C722BD-F1D2-4550-8F43-6DF3B6D288A4}.Release|Any CPU.Build.0 = Release|Any CPU
		{71C722BD-F1D2-4550-8F43-6DF3B6D288A4}.Release|x64.ActiveCfg = Release|Any CPU
		{71C722BD-F1D2-4550-8F43-6DF3B6D288A4}.Release|x64.Build.0 = Release|Any CPU
		{71C722BD-F1D2-4550-8F43-6DF3B6D288A4}.Release|x86.ActiveCfg = Release|Any CPU
		{71C722BD-F1D2-4550-8F43-6DF3B6D288A4}.Release|x86.Build.0 = Release|Any CPU
		{D9831561-1F60-4EF4-8066-014F848552FC}.Debug|Any CPU.ActiveCfg = Debug|Any CPU
		{D9831561-1F60-4EF4-8066-014F848552FC}.Debug|Any CPU.Build.0 = Debug|Any CPU
		{D9831561-1F60-4EF4-8066-014F848552FC}.Debug|x64.ActiveCfg = Debug|Any CPU
		{D9831561-1F60-4EF4-8066-014F848552FC}.Debug|x64.Build.0 = Debug|Any CPU
		{D9831561-1F60-4EF4-8066-014F848552FC}.Debug|x86.ActiveCfg = Debug|Any CPU
		{D9831561-1F60-4EF4-8066-014F848552FC}.Debug|x86.Build.0 = Debug|Any CPU
		{D9831561-1F60-4EF4-8066-014F848552FC}.Release|Any CPU.ActiveCfg = Release|Any CPU
		{D9831561-1F60-4EF4-8066-014F848552FC}.Release|Any CPU.Build.0 = Release|Any CPU
		{D9831561-1F60-4EF4-8066-014F848552FC}.Release|x64.ActiveCfg = Release|Any CPU
		{D9831561-1F60-4EF4-8066-014F848552FC}.Release|x64.Build.0 = Release|Any CPU
		{D9831561-1F60-4EF4-8066-014F848552FC}.Release|x86.ActiveCfg = Release|Any CPU
		{D9831561-1F60-4EF4-8066-014F848552FC}.Release|x86.Build.0 = Release|Any CPU
		{4E2732B3-6A2E-433D-9ADB-728DECBE66B9}.Debug|Any CPU.ActiveCfg = Debug|Any CPU
		{4E2732B3-6A2E-433D-9ADB-728DECBE66B9}.Debug|Any CPU.Build.0 = Debug|Any CPU
		{4E2732B3-6A2E-433D-9ADB-728DECBE66B9}.Debug|x64.ActiveCfg = Debug|Any CPU
		{4E2732B3-6A2E-433D-9ADB-728DECBE66B9}.Debug|x64.Build.0 = Debug|Any CPU
		{4E2732B3-6A2E-433D-9ADB-728DECBE66B9}.Debug|x86.ActiveCfg = Debug|Any CPU
		{4E2732B3-6A2E-433D-9ADB-728DECBE66B9}.Debug|x86.Build.0 = Debug|Any CPU
		{4E2732B3-6A2E-433D-9ADB-728DECBE66B9}.Release|Any CPU.ActiveCfg = Release|Any CPU
		{4E2732B3-6A2E-433D-9ADB-728DECBE66B9}.Release|Any CPU.Build.0 = Release|Any CPU
		{4E2732B3-6A2E-433D-9ADB-728DECBE66B9}.Release|x64.ActiveCfg = Release|Any CPU
		{4E2732B3-6A2E-433D-9ADB-728DECBE66B9}.Release|x64.Build.0 = Release|Any CPU
		{4E2732B3-6A2E-433D-9ADB-728DECBE66B9}.Release|x86.ActiveCfg = Release|Any CPU
		{4E2732B3-6A2E-433D-9ADB-728DECBE66B9}.Release|x86.Build.0 = Release|Any CPU
		{8972CFBD-0EE9-4FC0-95FC-A68F8AC078C5}.Debug|Any CPU.ActiveCfg = Debug|Any CPU
		{8972CFBD-0EE9-4FC0-95FC-A68F8AC078C5}.Debug|Any CPU.Build.0 = Debug|Any CPU
		{8972CFBD-0EE9-4FC0-95FC-A68F8AC078C5}.Debug|x64.ActiveCfg = Debug|Any CPU
		{8972CFBD-0EE9-4FC0-95FC-A68F8AC078C5}.Debug|x64.Build.0 = Debug|Any CPU
		{8972CFBD-0EE9-4FC0-95FC-A68F8AC078C5}.Debug|x86.ActiveCfg = Debug|Any CPU
		{8972CFBD-0EE9-4FC0-95FC-A68F8AC078C5}.Debug|x86.Build.0 = Debug|Any CPU
		{8972CFBD-0EE9-4FC0-95FC-A68F8AC078C5}.Release|Any CPU.ActiveCfg = Release|Any CPU
		{8972CFBD-0EE9-4FC0-95FC-A68F8AC078C5}.Release|Any CPU.Build.0 = Release|Any CPU
		{8972CFBD-0EE9-4FC0-95FC-A68F8AC078C5}.Release|x64.ActiveCfg = Release|Any CPU
		{8972CFBD-0EE9-4FC0-95FC-A68F8AC078C5}.Release|x64.Build.0 = Release|Any CPU
		{8972CFBD-0EE9-4FC0-95FC-A68F8AC078C5}.Release|x86.ActiveCfg = Release|Any CPU
		{8972CFBD-0EE9-4FC0-95FC-A68F8AC078C5}.Release|x86.Build.0 = Release|Any CPU
		{38C1B384-1AC3-41A4-91C2-42C848762140}.Debug|Any CPU.ActiveCfg = Debug|Any CPU
		{38C1B384-1AC3-41A4-91C2-42C848762140}.Debug|Any CPU.Build.0 = Debug|Any CPU
		{38C1B384-1AC3-41A4-91C2-42C848762140}.Debug|x64.ActiveCfg = Debug|Any CPU
		{38C1B384-1AC3-41A4-91C2-42C848762140}.Debug|x64.Build.0 = Debug|Any CPU
		{38C1B384-1AC3-41A4-91C2-42C848762140}.Debug|x86.ActiveCfg = Debug|Any CPU
		{38C1B384-1AC3-41A4-91C2-42C848762140}.Debug|x86.Build.0 = Debug|Any CPU
		{38C1B384-1AC3-41A4-91C2-42C848762140}.Release|Any CPU.ActiveCfg = Release|Any CPU
		{38C1B384-1AC3-41A4-91C2-42C848762140}.Release|Any CPU.Build.0 = Release|Any CPU
		{38C1B384-1AC3-41A4-91C2-42C848762140}.Release|x64.ActiveCfg = Release|Any CPU
		{38C1B384-1AC3-41A4-91C2-42C848762140}.Release|x64.Build.0 = Release|Any CPU
		{38C1B384-1AC3-41A4-91C2-42C848762140}.Release|x86.ActiveCfg = Release|Any CPU
		{38C1B384-1AC3-41A4-91C2-42C848762140}.Release|x86.Build.0 = Release|Any CPU
		{CFB85FF7-286A-4E26-AA9D-B89E9A1618E1}.Debug|Any CPU.ActiveCfg = Debug|Any CPU
		{CFB85FF7-286A-4E26-AA9D-B89E9A1618E1}.Debug|Any CPU.Build.0 = Debug|Any CPU
		{CFB85FF7-286A-4E26-AA9D-B89E9A1618E1}.Debug|x64.ActiveCfg = Debug|Any CPU
		{CFB85FF7-286A-4E26-AA9D-B89E9A1618E1}.Debug|x64.Build.0 = Debug|Any CPU
		{CFB85FF7-286A-4E26-AA9D-B89E9A1618E1}.Debug|x86.ActiveCfg = Debug|Any CPU
		{CFB85FF7-286A-4E26-AA9D-B89E9A1618E1}.Debug|x86.Build.0 = Debug|Any CPU
		{CFB85FF7-286A-4E26-AA9D-B89E9A1618E1}.Release|Any CPU.ActiveCfg = Release|Any CPU
		{CFB85FF7-286A-4E26-AA9D-B89E9A1618E1}.Release|Any CPU.Build.0 = Release|Any CPU
		{CFB85FF7-286A-4E26-AA9D-B89E9A1618E1}.Release|x64.ActiveCfg = Release|Any CPU
		{CFB85FF7-286A-4E26-AA9D-B89E9A1618E1}.Release|x64.Build.0 = Release|Any CPU
		{CFB85FF7-286A-4E26-AA9D-B89E9A1618E1}.Release|x86.ActiveCfg = Release|Any CPU
		{CFB85FF7-286A-4E26-AA9D-B89E9A1618E1}.Release|x86.Build.0 = Release|Any CPU
		{2F51EB15-84F9-40DF-B0ED-A0D6D541FF78}.Debug|Any CPU.ActiveCfg = Debug|Any CPU
		{2F51EB15-84F9-40DF-B0ED-A0D6D541FF78}.Debug|Any CPU.Build.0 = Debug|Any CPU
		{2F51EB15-84F9-40DF-B0ED-A0D6D541FF78}.Debug|x64.ActiveCfg = Debug|Any CPU
		{2F51EB15-84F9-40DF-B0ED-A0D6D541FF78}.Debug|x64.Build.0 = Debug|Any CPU
		{2F51EB15-84F9-40DF-B0ED-A0D6D541FF78}.Debug|x86.ActiveCfg = Debug|Any CPU
		{2F51EB15-84F9-40DF-B0ED-A0D6D541FF78}.Debug|x86.Build.0 = Debug|Any CPU
		{2F51EB15-84F9-40DF-B0ED-A0D6D541FF78}.Release|Any CPU.ActiveCfg = Release|Any CPU
		{2F51EB15-84F9-40DF-B0ED-A0D6D541FF78}.Release|Any CPU.Build.0 = Release|Any CPU
		{2F51EB15-84F9-40DF-B0ED-A0D6D541FF78}.Release|x64.ActiveCfg = Release|Any CPU
		{2F51EB15-84F9-40DF-B0ED-A0D6D541FF78}.Release|x64.Build.0 = Release|Any CPU
		{2F51EB15-84F9-40DF-B0ED-A0D6D541FF78}.Release|x86.ActiveCfg = Release|Any CPU
		{2F51EB15-84F9-40DF-B0ED-A0D6D541FF78}.Release|x86.Build.0 = Release|Any CPU
		{6A4AE96E-31C5-4A6A-AEF2-9DC105261F0D}.Debug|Any CPU.ActiveCfg = Debug|Any CPU
		{6A4AE96E-31C5-4A6A-AEF2-9DC105261F0D}.Debug|Any CPU.Build.0 = Debug|Any CPU
		{6A4AE96E-31C5-4A6A-AEF2-9DC105261F0D}.Debug|x64.ActiveCfg = Debug|Any CPU
		{6A4AE96E-31C5-4A6A-AEF2-9DC105261F0D}.Debug|x64.Build.0 = Debug|Any CPU
		{6A4AE96E-31C5-4A6A-AEF2-9DC105261F0D}.Debug|x86.ActiveCfg = Debug|Any CPU
		{6A4AE96E-31C5-4A6A-AEF2-9DC105261F0D}.Debug|x86.Build.0 = Debug|Any CPU
		{6A4AE96E-31C5-4A6A-AEF2-9DC105261F0D}.Release|Any CPU.ActiveCfg = Release|Any CPU
		{6A4AE96E-31C5-4A6A-AEF2-9DC105261F0D}.Release|Any CPU.Build.0 = Release|Any CPU
		{6A4AE96E-31C5-4A6A-AEF2-9DC105261F0D}.Release|x64.ActiveCfg = Release|Any CPU
		{6A4AE96E-31C5-4A6A-AEF2-9DC105261F0D}.Release|x64.Build.0 = Release|Any CPU
		{6A4AE96E-31C5-4A6A-AEF2-9DC105261F0D}.Release|x86.ActiveCfg = Release|Any CPU
		{6A4AE96E-31C5-4A6A-AEF2-9DC105261F0D}.Release|x86.Build.0 = Release|Any CPU
		{C6C28BBA-8E2A-4D0C-BA11-C660041F1598}.Debug|Any CPU.ActiveCfg = Debug|Any CPU
		{C6C28BBA-8E2A-4D0C-BA11-C660041F1598}.Debug|Any CPU.Build.0 = Debug|Any CPU
		{C6C28BBA-8E2A-4D0C-BA11-C660041F1598}.Debug|x64.ActiveCfg = Debug|Any CPU
		{C6C28BBA-8E2A-4D0C-BA11-C660041F1598}.Debug|x64.Build.0 = Debug|Any CPU
		{C6C28BBA-8E2A-4D0C-BA11-C660041F1598}.Debug|x86.ActiveCfg = Debug|Any CPU
		{C6C28BBA-8E2A-4D0C-BA11-C660041F1598}.Debug|x86.Build.0 = Debug|Any CPU
		{C6C28BBA-8E2A-4D0C-BA11-C660041F1598}.Release|Any CPU.ActiveCfg = Release|Any CPU
		{C6C28BBA-8E2A-4D0C-BA11-C660041F1598}.Release|Any CPU.Build.0 = Release|Any CPU
		{C6C28BBA-8E2A-4D0C-BA11-C660041F1598}.Release|x64.ActiveCfg = Release|Any CPU
		{C6C28BBA-8E2A-4D0C-BA11-C660041F1598}.Release|x64.Build.0 = Release|Any CPU
		{C6C28BBA-8E2A-4D0C-BA11-C660041F1598}.Release|x86.ActiveCfg = Release|Any CPU
		{C6C28BBA-8E2A-4D0C-BA11-C660041F1598}.Release|x86.Build.0 = Release|Any CPU
		{41E84A85-B640-4902-BA7D-ACA325C34CE8}.Debug|Any CPU.ActiveCfg = Debug|Any CPU
		{41E84A85-B640-4902-BA7D-ACA325C34CE8}.Debug|Any CPU.Build.0 = Debug|Any CPU
		{41E84A85-B640-4902-BA7D-ACA325C34CE8}.Debug|x64.ActiveCfg = Debug|Any CPU
		{41E84A85-B640-4902-BA7D-ACA325C34CE8}.Debug|x64.Build.0 = Debug|Any CPU
		{41E84A85-B640-4902-BA7D-ACA325C34CE8}.Debug|x86.ActiveCfg = Debug|Any CPU
		{41E84A85-B640-4902-BA7D-ACA325C34CE8}.Debug|x86.Build.0 = Debug|Any CPU
		{41E84A85-B640-4902-BA7D-ACA325C34CE8}.Release|Any CPU.ActiveCfg = Release|Any CPU
		{41E84A85-B640-4902-BA7D-ACA325C34CE8}.Release|Any CPU.Build.0 = Release|Any CPU
		{41E84A85-B640-4902-BA7D-ACA325C34CE8}.Release|x64.ActiveCfg = Release|Any CPU
		{41E84A85-B640-4902-BA7D-ACA325C34CE8}.Release|x64.Build.0 = Release|Any CPU
		{41E84A85-B640-4902-BA7D-ACA325C34CE8}.Release|x86.ActiveCfg = Release|Any CPU
		{41E84A85-B640-4902-BA7D-ACA325C34CE8}.Release|x86.Build.0 = Release|Any CPU
		{04033DC2-4BC2-4001-9551-7632E63F8B46}.Debug|Any CPU.ActiveCfg = Debug|Any CPU
		{04033DC2-4BC2-4001-9551-7632E63F8B46}.Debug|Any CPU.Build.0 = Debug|Any CPU
		{04033DC2-4BC2-4001-9551-7632E63F8B46}.Debug|x64.ActiveCfg = Debug|Any CPU
		{04033DC2-4BC2-4001-9551-7632E63F8B46}.Debug|x64.Build.0 = Debug|Any CPU
		{04033DC2-4BC2-4001-9551-7632E63F8B46}.Debug|x86.ActiveCfg = Debug|Any CPU
		{04033DC2-4BC2-4001-9551-7632E63F8B46}.Debug|x86.Build.0 = Debug|Any CPU
		{04033DC2-4BC2-4001-9551-7632E63F8B46}.Release|Any CPU.ActiveCfg = Release|Any CPU
		{04033DC2-4BC2-4001-9551-7632E63F8B46}.Release|Any CPU.Build.0 = Release|Any CPU
		{04033DC2-4BC2-4001-9551-7632E63F8B46}.Release|x64.ActiveCfg = Release|Any CPU
		{04033DC2-4BC2-4001-9551-7632E63F8B46}.Release|x64.Build.0 = Release|Any CPU
		{04033DC2-4BC2-4001-9551-7632E63F8B46}.Release|x86.ActiveCfg = Release|Any CPU
		{04033DC2-4BC2-4001-9551-7632E63F8B46}.Release|x86.Build.0 = Release|Any CPU
		{AC7AB861-9931-4D7A-AB66-98A059AF1C6A}.Debug|Any CPU.ActiveCfg = Debug|Any CPU
		{AC7AB861-9931-4D7A-AB66-98A059AF1C6A}.Debug|Any CPU.Build.0 = Debug|Any CPU
		{AC7AB861-9931-4D7A-AB66-98A059AF1C6A}.Debug|x64.ActiveCfg = Debug|Any CPU
		{AC7AB861-9931-4D7A-AB66-98A059AF1C6A}.Debug|x64.Build.0 = Debug|Any CPU
		{AC7AB861-9931-4D7A-AB66-98A059AF1C6A}.Debug|x86.ActiveCfg = Debug|Any CPU
		{AC7AB861-9931-4D7A-AB66-98A059AF1C6A}.Debug|x86.Build.0 = Debug|Any CPU
		{AC7AB861-9931-4D7A-AB66-98A059AF1C6A}.Release|Any CPU.ActiveCfg = Release|Any CPU
		{AC7AB861-9931-4D7A-AB66-98A059AF1C6A}.Release|Any CPU.Build.0 = Release|Any CPU
		{AC7AB861-9931-4D7A-AB66-98A059AF1C6A}.Release|x64.ActiveCfg = Release|Any CPU
		{AC7AB861-9931-4D7A-AB66-98A059AF1C6A}.Release|x64.Build.0 = Release|Any CPU
		{AC7AB861-9931-4D7A-AB66-98A059AF1C6A}.Release|x86.ActiveCfg = Release|Any CPU
		{AC7AB861-9931-4D7A-AB66-98A059AF1C6A}.Release|x86.Build.0 = Release|Any CPU
		{393DE6B9-7C77-414F-8AA1-18B29C6D7964}.Debug|Any CPU.ActiveCfg = Debug|Any CPU
		{393DE6B9-7C77-414F-8AA1-18B29C6D7964}.Debug|Any CPU.Build.0 = Debug|Any CPU
		{393DE6B9-7C77-414F-8AA1-18B29C6D7964}.Debug|x64.ActiveCfg = Debug|Any CPU
		{393DE6B9-7C77-414F-8AA1-18B29C6D7964}.Debug|x64.Build.0 = Debug|Any CPU
		{393DE6B9-7C77-414F-8AA1-18B29C6D7964}.Debug|x86.ActiveCfg = Debug|Any CPU
		{393DE6B9-7C77-414F-8AA1-18B29C6D7964}.Debug|x86.Build.0 = Debug|Any CPU
		{393DE6B9-7C77-414F-8AA1-18B29C6D7964}.Release|Any CPU.ActiveCfg = Release|Any CPU
		{393DE6B9-7C77-414F-8AA1-18B29C6D7964}.Release|Any CPU.Build.0 = Release|Any CPU
		{393DE6B9-7C77-414F-8AA1-18B29C6D7964}.Release|x64.ActiveCfg = Release|Any CPU
		{393DE6B9-7C77-414F-8AA1-18B29C6D7964}.Release|x64.Build.0 = Release|Any CPU
		{393DE6B9-7C77-414F-8AA1-18B29C6D7964}.Release|x86.ActiveCfg = Release|Any CPU
		{393DE6B9-7C77-414F-8AA1-18B29C6D7964}.Release|x86.Build.0 = Release|Any CPU
		{954FCF51-D2FE-4976-B244-4311DF15612F}.Debug|Any CPU.ActiveCfg = Debug|Any CPU
		{954FCF51-D2FE-4976-B244-4311DF15612F}.Debug|Any CPU.Build.0 = Debug|Any CPU
		{954FCF51-D2FE-4976-B244-4311DF15612F}.Debug|x64.ActiveCfg = Debug|Any CPU
		{954FCF51-D2FE-4976-B244-4311DF15612F}.Debug|x64.Build.0 = Debug|Any CPU
		{954FCF51-D2FE-4976-B244-4311DF15612F}.Debug|x86.ActiveCfg = Debug|Any CPU
		{954FCF51-D2FE-4976-B244-4311DF15612F}.Debug|x86.Build.0 = Debug|Any CPU
		{954FCF51-D2FE-4976-B244-4311DF15612F}.Release|Any CPU.ActiveCfg = Release|Any CPU
		{954FCF51-D2FE-4976-B244-4311DF15612F}.Release|Any CPU.Build.0 = Release|Any CPU
		{954FCF51-D2FE-4976-B244-4311DF15612F}.Release|x64.ActiveCfg = Release|Any CPU
		{954FCF51-D2FE-4976-B244-4311DF15612F}.Release|x64.Build.0 = Release|Any CPU
		{954FCF51-D2FE-4976-B244-4311DF15612F}.Release|x86.ActiveCfg = Release|Any CPU
		{954FCF51-D2FE-4976-B244-4311DF15612F}.Release|x86.Build.0 = Release|Any CPU
		{22695062-F99C-421D-93F9-DE6DED257E1F}.Debug|Any CPU.ActiveCfg = Debug|Any CPU
		{22695062-F99C-421D-93F9-DE6DED257E1F}.Debug|Any CPU.Build.0 = Debug|Any CPU
		{22695062-F99C-421D-93F9-DE6DED257E1F}.Debug|x64.ActiveCfg = Debug|Any CPU
		{22695062-F99C-421D-93F9-DE6DED257E1F}.Debug|x64.Build.0 = Debug|Any CPU
		{22695062-F99C-421D-93F9-DE6DED257E1F}.Debug|x86.ActiveCfg = Debug|Any CPU
		{22695062-F99C-421D-93F9-DE6DED257E1F}.Debug|x86.Build.0 = Debug|Any CPU
		{22695062-F99C-421D-93F9-DE6DED257E1F}.Release|Any CPU.ActiveCfg = Release|Any CPU
		{22695062-F99C-421D-93F9-DE6DED257E1F}.Release|Any CPU.Build.0 = Release|Any CPU
		{22695062-F99C-421D-93F9-DE6DED257E1F}.Release|x64.ActiveCfg = Release|Any CPU
		{22695062-F99C-421D-93F9-DE6DED257E1F}.Release|x64.Build.0 = Release|Any CPU
		{22695062-F99C-421D-93F9-DE6DED257E1F}.Release|x86.ActiveCfg = Release|Any CPU
		{22695062-F99C-421D-93F9-DE6DED257E1F}.Release|x86.Build.0 = Release|Any CPU
		{244DD5B4-3926-466F-B386-264BE4CAED5D}.Debug|Any CPU.ActiveCfg = Debug|Any CPU
		{244DD5B4-3926-466F-B386-264BE4CAED5D}.Debug|Any CPU.Build.0 = Debug|Any CPU
		{244DD5B4-3926-466F-B386-264BE4CAED5D}.Debug|x64.ActiveCfg = Debug|Any CPU
		{244DD5B4-3926-466F-B386-264BE4CAED5D}.Debug|x64.Build.0 = Debug|Any CPU
		{244DD5B4-3926-466F-B386-264BE4CAED5D}.Debug|x86.ActiveCfg = Debug|Any CPU
		{244DD5B4-3926-466F-B386-264BE4CAED5D}.Debug|x86.Build.0 = Debug|Any CPU
		{244DD5B4-3926-466F-B386-264BE4CAED5D}.Release|Any CPU.ActiveCfg = Release|Any CPU
		{244DD5B4-3926-466F-B386-264BE4CAED5D}.Release|Any CPU.Build.0 = Release|Any CPU
		{244DD5B4-3926-466F-B386-264BE4CAED5D}.Release|x64.ActiveCfg = Release|Any CPU
		{244DD5B4-3926-466F-B386-264BE4CAED5D}.Release|x64.Build.0 = Release|Any CPU
		{244DD5B4-3926-466F-B386-264BE4CAED5D}.Release|x86.ActiveCfg = Release|Any CPU
		{244DD5B4-3926-466F-B386-264BE4CAED5D}.Release|x86.Build.0 = Release|Any CPU
	EndGlobalSection
	GlobalSection(SolutionProperties) = preSolution
		HideSolutionNode = FALSE
	EndGlobalSection
	GlobalSection(NestedProjects) = preSolution
		{3266C71C-3D2E-4B03-BD5C-D6CA6FFE2AE6} = {82A9C1AC-CF5D-4709-87BC-2EBBB9393A0E}
		{C8CF91D0-8112-4ABC-8F03-69E7E86D635C} = {3266C71C-3D2E-4B03-BD5C-D6CA6FFE2AE6}
		{FE0BA961-D8B8-482F-B60A-6193C0864D6C} = {C8CF91D0-8112-4ABC-8F03-69E7E86D635C}
		{7E0C10DA-F3C4-4D5A-95F6-508C706ABF9A} = {3266C71C-3D2E-4B03-BD5C-D6CA6FFE2AE6}
		{E510A6ED-BAB6-4BDD-A5C6-CD169E0F78B2} = {7E0C10DA-F3C4-4D5A-95F6-508C706ABF9A}
		{2FF3740B-3BCF-4BD1-A420-E3152B8F7031} = {3266C71C-3D2E-4B03-BD5C-D6CA6FFE2AE6}
		{9EEB1F99-60B7-406D-973D-2AEDAC15DA4C} = {2FF3740B-3BCF-4BD1-A420-E3152B8F7031}
		{D0AD74E4-0090-4DE9-9819-E2AE02EC9531} = {3266C71C-3D2E-4B03-BD5C-D6CA6FFE2AE6}
		{7585952E-9B2A-436D-AF3D-5E00A8D77A90} = {D0AD74E4-0090-4DE9-9819-E2AE02EC9531}
		{EA4478AC-0DD0-4F01-8818-9A24F80AEDBC} = {82A9C1AC-CF5D-4709-87BC-2EBBB9393A0E}
		{68BEE707-6458-43CA-85AA-BD7DABA67B66} = {EA4478AC-0DD0-4F01-8818-9A24F80AEDBC}
		{08069F02-1C68-4BE0-B691-D0FA3AFA99D8} = {3266C71C-3D2E-4B03-BD5C-D6CA6FFE2AE6}
		{E60D03FE-AD81-4C7A-BA38-E064A368607C} = {08069F02-1C68-4BE0-B691-D0FA3AFA99D8}
		{85E2125F-2705-4738-BE8B-2B717A1A21EE} = {3266C71C-3D2E-4B03-BD5C-D6CA6FFE2AE6}
		{78BAD34C-8EAB-4E87-BFA1-C92F841074AD} = {85E2125F-2705-4738-BE8B-2B717A1A21EE}
		{492BEA19-C812-4FE5-A9DB-13C4175D90F9} = {3266C71C-3D2E-4B03-BD5C-D6CA6FFE2AE6}
		{5D4761DF-F7AE-4986-ACF1-34F2AA5BED77} = {492BEA19-C812-4FE5-A9DB-13C4175D90F9}
		{A26898A6-D83E-4A68-ABBD-15715A248D62} = {3266C71C-3D2E-4B03-BD5C-D6CA6FFE2AE6}
		{E9B5176B-40FF-4A74-883A-12AE361C6CCC} = {A26898A6-D83E-4A68-ABBD-15715A248D62}
		{EE09A4EE-3C73-47B1-A4B2-E6E9EB928258} = {E9B5176B-40FF-4A74-883A-12AE361C6CCC}
		{CFEABF7F-678A-4828-91E6-289D515CE20E} = {E9B5176B-40FF-4A74-883A-12AE361C6CCC}
		{A538F167-AE62-41CE-B004-191FFD969B24} = {E9B5176B-40FF-4A74-883A-12AE361C6CCC}
		{D4A395AD-941A-4FAB-A603-5C71B3211E94} = {E9B5176B-40FF-4A74-883A-12AE361C6CCC}
		{AC584EAA-C37A-4832-B654-04711FABAFAE} = {A26898A6-D83E-4A68-ABBD-15715A248D62}
		{B1D7565F-A30C-4F8C-A9B9-3588D206BE87} = {AC584EAA-C37A-4832-B654-04711FABAFAE}
		{11D5A899-D399-48FB-B8B7-8E63F445D952} = {AC584EAA-C37A-4832-B654-04711FABAFAE}
		{8594191B-36EC-4F19-B780-DF062397E149} = {AC584EAA-C37A-4832-B654-04711FABAFAE}
		{71C722BD-F1D2-4550-8F43-6DF3B6D288A4} = {AC584EAA-C37A-4832-B654-04711FABAFAE}
		{D9831561-1F60-4EF4-8066-014F848552FC} = {AC584EAA-C37A-4832-B654-04711FABAFAE}
		{4E2732B3-6A2E-433D-9ADB-728DECBE66B9} = {AC584EAA-C37A-4832-B654-04711FABAFAE}
		{8972CFBD-0EE9-4FC0-95FC-A68F8AC078C5} = {AC584EAA-C37A-4832-B654-04711FABAFAE}
		{38C1B384-1AC3-41A4-91C2-42C848762140} = {AC584EAA-C37A-4832-B654-04711FABAFAE}
		{D551F7F9-8245-403D-BD88-4761B34838C6} = {82A9C1AC-CF5D-4709-87BC-2EBBB9393A0E}
		{8A92483A-4BFA-4A3A-A483-37DB450CB6AB} = {D551F7F9-8245-403D-BD88-4761B34838C6}
		{CFB85FF7-286A-4E26-AA9D-B89E9A1618E1} = {8A92483A-4BFA-4A3A-A483-37DB450CB6AB}
		{17F900F9-0A7A-4E08-95A5-178DA4D58FE2} = {D551F7F9-8245-403D-BD88-4761B34838C6}
		{2F51EB15-84F9-40DF-B0ED-A0D6D541FF78} = {17F900F9-0A7A-4E08-95A5-178DA4D58FE2}
		{6A4AE96E-31C5-4A6A-AEF2-9DC105261F0D} = {17F900F9-0A7A-4E08-95A5-178DA4D58FE2}
		{278DE839-4EF6-4EE2-9222-33F5AC3AF053} = {D551F7F9-8245-403D-BD88-4761B34838C6}
		{C6C28BBA-8E2A-4D0C-BA11-C660041F1598} = {278DE839-4EF6-4EE2-9222-33F5AC3AF053}
		{17966C2D-BCE3-4971-ABC9-F3BB12270AE8} = {82A9C1AC-CF5D-4709-87BC-2EBBB9393A0E}
		{41E84A85-B640-4902-BA7D-ACA325C34CE8} = {17966C2D-BCE3-4971-ABC9-F3BB12270AE8}
		{AC8B3190-692F-4765-B860-B8B39005EE7C} = {3266C71C-3D2E-4B03-BD5C-D6CA6FFE2AE6}
		{04033DC2-4BC2-4001-9551-7632E63F8B46} = {AC8B3190-692F-4765-B860-B8B39005EE7C}
		{3ABD53DF-A345-40FC-B8E0-D6C53A612766} = {3266C71C-3D2E-4B03-BD5C-D6CA6FFE2AE6}
		{AC7AB861-9931-4D7A-AB66-98A059AF1C6A} = {3ABD53DF-A345-40FC-B8E0-D6C53A612766}
		{393DE6B9-7C77-414F-8AA1-18B29C6D7964} = {3ABD53DF-A345-40FC-B8E0-D6C53A612766}
		{2C320EA6-7695-47EE-8B9C-B33A302279DE} = {3266C71C-3D2E-4B03-BD5C-D6CA6FFE2AE6}
		{107A888F-9F78-4D29-B763-58AF4EB30AEB} = {2C320EA6-7695-47EE-8B9C-B33A302279DE}
		{954FCF51-D2FE-4976-B244-4311DF15612F} = {107A888F-9F78-4D29-B763-58AF4EB30AEB}
		{B83375FD-6EC1-4EBC-8D82-276BEDBA04A2} = {3266C71C-3D2E-4B03-BD5C-D6CA6FFE2AE6}
		{22695062-F99C-421D-93F9-DE6DED257E1F} = {B83375FD-6EC1-4EBC-8D82-276BEDBA04A2}
		{F281B3B2-9FE4-4933-9A2A-4DA201BE9776} = {3266C71C-3D2E-4B03-BD5C-D6CA6FFE2AE6}
		{244DD5B4-3926-466F-B386-264BE4CAED5D} = {F281B3B2-9FE4-4933-9A2A-4DA201BE9776}
	EndGlobalSection
	GlobalSection(ExtensibilityGlobals) = postSolution
		SolutionGuid = {860013D5-E57F-4D18-A695-C8835490DF1F}
	EndGlobalSection
EndGlobal
