
Microsoft Visual Studio Solution File, Format Version 12.00
# Visual Studio Version 17
VisualStudioVersion = 17.0.31521.260
MinimumVisualStudioVersion = 10.0.40219.1
Project("{2150E333-8FDC-42A3-9474-1A3956D46DE8}") = "src", "src", "{3CEEAE5D-5535-4DC5-8D65-509C08CB7D36}"
EndProject
Project("{2150E333-8FDC-42A3-9474-1A3956D46DE8}") = "Modules", "Modules", "{D788108F-139A-4ABC-9229-3077146EC588}"
EndProject
Project("{9A19103F-16F7-4668-BE54-9A1E7A4F7556}") = "LucasTecnologiaServices.Modules.Core", "src\Modules\LucasTecnologiaServices.Modules.Core\LucasTecnologiaServices.Modules.Core.csproj", "{0C2FAD88-11BD-4713-8E3C-8B4456749A20}"
EndProject
Project("{9A19103F-16F7-4668-BE54-9A1E7A4F7556}") = "LucasTecnologiaServices.Infrastructure", "src\LucasTecnologiaServices.Infrastructure\LucasTecnologiaServices.Infrastructure.csproj", "{3EBA3FB6-F216-4CBA-A423-E4AF167C2609}"
EndProject
Project("{2150E333-8FDC-42A3-9474-1A3956D46DE8}") = "test", "test", "{A317EF48-D670-4413-8A36-253ED6DD4B3D}"
EndProject
Project("{2150E333-8FDC-42A3-9474-1A3956D46DE8}") = "Core", "Core", "{132B3D32-AD61-4E91-92F9-B1FE5EEA30F6}"
EndProject
Project("{9A19103F-16F7-4668-BE54-9A1E7A4F7556}") = "LucasTecnologiaServices.Modules.Core.Tests", "test\Core\LucasTecnologiaServices.Modules.Core.Tests\LucasTecnologiaServices.Modules.Core.Tests.csproj", "{C451227A-17C7-470F-A588-867015E8C7DE}"
EndProject
Project("{2150E333-8FDC-42A3-9474-1A3956D46DE8}") = "Infrastructure", "Infrastructure", "{34CD47DD-7B8F-44CD-8B68-4B37EE2B104B}"
EndProject
Project("{9A19103F-16F7-4668-BE54-9A1E7A4F7556}") = "LucasTecnologiaServices.Infrastructure.Tests", "test\Infrastructure\LucasTecnologiaServices.Infrastructure.Tests\LucasTecnologiaServices.Infrastructure.Tests.csproj", "{BA838858-E77E-4534-B9DA-2406866AC260}"
EndProject
Project("{2150E333-8FDC-42A3-9474-1A3956D46DE8}") = "Web Hosting", "Web Hosting", "{058093FB-DA51-4A87-ADD7-C55975E59F1E}"
EndProject
Project("{9A19103F-16F7-4668-BE54-9A1E7A4F7556}") = "LucasTecnologiaServices.Modules.ActivityLog", "src\Modules\LucasTecnologiaServices.Modules.ActivityLog\LucasTecnologiaServices.Modules.ActivityLog.csproj", "{CAC77D16-7771-4C46-9088-91E7E8FFD9C0}"
EndProject
Project("{9A19103F-16F7-4668-BE54-9A1E7A4F7556}") = "LucasTecnologiaServices.Modules.ServiceDesk", "src\Modules\LucasTecnologiaServices.Modules.ServiceDesk\LucasTecnologiaServices.Modules.ServiceDesk.csproj", "{00B4F53B-260E-4A93-BF2C-A24FA71019D3}"
EndProject
Project("{2150E333-8FDC-42A3-9474-1A3956D46DE8}") = "Service Desk", "Service Desk", "{B5B954FF-A98B-45E1-A8C0-11A5D0E0C988}"
EndProject
Project("{9A19103F-16F7-4668-BE54-9A1E7A4F7556}") = "LucasTecnologiaServices.Modules.ServiceDesk.Tests", "test\ServiceDesk\LucasTecnologiaServices.Modules.ServiceDesk.Tests\LucasTecnologiaServices.Modules.ServiceDesk.Tests.csproj", "{9B16766F-ED76-4F7A-A930-203CC0B17848}"
EndProject
Project("{9A19103F-16F7-4668-BE54-9A1E7A4F7556}") = "LucasTecnologiaServices.Modules.Erp", "src\Modules\ERP\LucasTecnologiaServices.Modules.Erp\LucasTecnologiaServices.Modules.Erp.csproj", "{FF1914A9-53FE-4E17-8A1F-3A9DEC056B14}"
EndProject
Project("{9A19103F-16F7-4668-BE54-9A1E7A4F7556}") = "LucasTecnologiaServices.Modules.Catalog", "src\Modules\LucasTecnologiaServices.Modules.Catalog\LucasTecnologiaServices.Modules.Catalog.csproj", "{A64F38AA-9431-4D91-85F6-B6581B356FD7}"
EndProject
Project("{9A19103F-16F7-4668-BE54-9A1E7A4F7556}") = "LucasTecnologiaServices.Modules.Tax", "src\Modules\LucasTecnologiaServices.Modules.Tax\LucasTecnologiaServices.Modules.Tax.csproj", "{8952512C-822C-446D-ADF7-F264147D12BC}"
EndProject
Project("{9A19103F-16F7-4668-BE54-9A1E7A4F7556}") = "LucasTechnology.Web", "src\Web Hosting\LucasTechnology.Web\LucasTechnology.Web.csproj", "{FEE88207-41AC-4AB8-B457-AB31569BFEA5}"
EndProject
Project("{9A19103F-16F7-4668-BE54-9A1E7A4F7556}") = "LucasTecnologiaServices.Modules.Erp.ConsoleApp", "src\Modules\ERP\LucasTecnologiaServices.Modules.Erp.ConsoleApp\LucasTecnologiaServices.Modules.Erp.ConsoleApp.csproj", "{134F6F7D-11E3-43D0-857F-CAC914D63D7E}"
EndProject
Project("{9A19103F-16F7-4668-BE54-9A1E7A4F7556}") = "LucasTecnologiaServices.Modules.Erp.Plugin.Crm", "src\Modules\ERP\LucasTecnologiaServices.Modules.Erp.Plugin.Crm\LucasTecnologiaServices.Modules.Erp.Plugin.Crm.csproj", "{55CB3035-B7C0-493D-AF02-62343DF0092A}"
EndProject
Project("{2150E333-8FDC-42A3-9474-1A3956D46DE8}") = "ERP", "ERP", "{8D4EABFF-1284-498F-B522-3F84482341D0}"
EndProject
Project("{9A19103F-16F7-4668-BE54-9A1E7A4F7556}") = "LucasTecnologiaServices.Modules.Erp.Plugins.Mail", "src\Modules\ERP\LucasTecnologiaServices.Modules.Erp.Plugins.Mail\LucasTecnologiaServices.Modules.Erp.Plugins.Mail.csproj", "{8412CD4C-D35B-4A82-96E9-38451A004ED7}"
EndProject
Project("{9A19103F-16F7-4668-BE54-9A1E7A4F7556}") = "LucasTecnologiaServices.Modules.Contacts", "src\Modules\LucasTecnologiaServices.Modules.Contacts\LucasTecnologiaServices.Modules.Contacts.csproj", "{32612A88-26A6-4838-A375-5A95DDD9171A}"
EndProject
Project("{9A19103F-16F7-4668-BE54-9A1E7A4F7556}") = "LucastecnologiaServices.Modules.Inventory", "src\Modules\LucastecnologiaServices.Modules.Inventory\LucastecnologiaServices.Modules.Inventory.csproj", "{D04CA4A4-0F97-4CA8-94F5-0D5F110A1BB5}"
EndProject
Project("{9A19103F-16F7-4668-BE54-9A1E7A4F7556}") = "LucasTecnologiaServices.Modules.Erp.Web", "src\Modules\ERP\LucasTecnologiaServices.Modules.Erp.Web\LucasTecnologiaServices.Modules.Erp.Web.csproj", "{DE5A5549-D8F8-40D8-9BD9-DB4BBB62D55F}"
EndProject
Global
	GlobalSection(SolutionConfigurationPlatforms) = preSolution
		Debug|Any CPU = Debug|Any CPU
		Debug|x64 = Debug|x64
		Debug|x86 = Debug|x86
		Release|Any CPU = Release|Any CPU
		Release|x64 = Release|x64
		Release|x86 = Release|x86
	EndGlobalSection
	GlobalSection(ProjectConfigurationPlatforms) = postSolution
		{0C2FAD88-11BD-4713-8E3C-8B4456749A20}.Debug|Any CPU.ActiveCfg = Debug|Any CPU
		{0C2FAD88-11BD-4713-8E3C-8B4456749A20}.Debug|Any CPU.Build.0 = Debug|Any CPU
		{0C2FAD88-11BD-4713-8E3C-8B4456749A20}.Debug|x64.ActiveCfg = Debug|Any CPU
		{0C2FAD88-11BD-4713-8E3C-8B4456749A20}.Debug|x64.Build.0 = Debug|Any CPU
		{0C2FAD88-11BD-4713-8E3C-8B4456749A20}.Debug|x86.ActiveCfg = Debug|Any CPU
		{0C2FAD88-11BD-4713-8E3C-8B4456749A20}.Debug|x86.Build.0 = Debug|Any CPU
		{0C2FAD88-11BD-4713-8E3C-8B4456749A20}.Release|Any CPU.ActiveCfg = Release|Any CPU
		{0C2FAD88-11BD-4713-8E3C-8B4456749A20}.Release|Any CPU.Build.0 = Release|Any CPU
		{0C2FAD88-11BD-4713-8E3C-8B4456749A20}.Release|x64.ActiveCfg = Release|Any CPU
		{0C2FAD88-11BD-4713-8E3C-8B4456749A20}.Release|x64.Build.0 = Release|Any CPU
		{0C2FAD88-11BD-4713-8E3C-8B4456749A20}.Release|x86.ActiveCfg = Release|Any CPU
		{0C2FAD88-11BD-4713-8E3C-8B4456749A20}.Release|x86.Build.0 = Release|Any CPU
		{3EBA3FB6-F216-4CBA-A423-E4AF167C2609}.Debug|Any CPU.ActiveCfg = Debug|Any CPU
		{3EBA3FB6-F216-4CBA-A423-E4AF167C2609}.Debug|Any CPU.Build.0 = Debug|Any CPU
		{3EBA3FB6-F216-4CBA-A423-E4AF167C2609}.Debug|x64.ActiveCfg = Debug|Any CPU
		{3EBA3FB6-F216-4CBA-A423-E4AF167C2609}.Debug|x64.Build.0 = Debug|Any CPU
		{3EBA3FB6-F216-4CBA-A423-E4AF167C2609}.Debug|x86.ActiveCfg = Debug|Any CPU
		{3EBA3FB6-F216-4CBA-A423-E4AF167C2609}.Debug|x86.Build.0 = Debug|Any CPU
		{3EBA3FB6-F216-4CBA-A423-E4AF167C2609}.Release|Any CPU.ActiveCfg = Release|Any CPU
		{3EBA3FB6-F216-4CBA-A423-E4AF167C2609}.Release|Any CPU.Build.0 = Release|Any CPU
		{3EBA3FB6-F216-4CBA-A423-E4AF167C2609}.Release|x64.ActiveCfg = Release|Any CPU
		{3EBA3FB6-F216-4CBA-A423-E4AF167C2609}.Release|x64.Build.0 = Release|Any CPU
		{3EBA3FB6-F216-4CBA-A423-E4AF167C2609}.Release|x86.ActiveCfg = Release|Any CPU
		{3EBA3FB6-F216-4CBA-A423-E4AF167C2609}.Release|x86.Build.0 = Release|Any CPU
		{C451227A-17C7-470F-A588-867015E8C7DE}.Debug|Any CPU.ActiveCfg = Debug|Any CPU
		{C451227A-17C7-470F-A588-867015E8C7DE}.Debug|Any CPU.Build.0 = Debug|Any CPU
		{C451227A-17C7-470F-A588-867015E8C7DE}.Debug|x64.ActiveCfg = Debug|Any CPU
		{C451227A-17C7-470F-A588-867015E8C7DE}.Debug|x64.Build.0 = Debug|Any CPU
		{C451227A-17C7-470F-A588-867015E8C7DE}.Debug|x86.ActiveCfg = Debug|Any CPU
		{C451227A-17C7-470F-A588-867015E8C7DE}.Debug|x86.Build.0 = Debug|Any CPU
		{C451227A-17C7-470F-A588-867015E8C7DE}.Release|Any CPU.ActiveCfg = Release|Any CPU
		{C451227A-17C7-470F-A588-867015E8C7DE}.Release|Any CPU.Build.0 = Release|Any CPU
		{C451227A-17C7-470F-A588-867015E8C7DE}.Release|x64.ActiveCfg = Release|Any CPU
		{C451227A-17C7-470F-A588-867015E8C7DE}.Release|x64.Build.0 = Release|Any CPU
		{C451227A-17C7-470F-A588-867015E8C7DE}.Release|x86.ActiveCfg = Release|Any CPU
		{C451227A-17C7-470F-A588-867015E8C7DE}.Release|x86.Build.0 = Release|Any CPU
		{BA838858-E77E-4534-B9DA-2406866AC260}.Debug|Any CPU.ActiveCfg = Debug|Any CPU
		{BA838858-E77E-4534-B9DA-2406866AC260}.Debug|Any CPU.Build.0 = Debug|Any CPU
		{BA838858-E77E-4534-B9DA-2406866AC260}.Debug|x64.ActiveCfg = Debug|Any CPU
		{BA838858-E77E-4534-B9DA-2406866AC260}.Debug|x64.Build.0 = Debug|Any CPU
		{BA838858-E77E-4534-B9DA-2406866AC260}.Debug|x86.ActiveCfg = Debug|Any CPU
		{BA838858-E77E-4534-B9DA-2406866AC260}.Debug|x86.Build.0 = Debug|Any CPU
		{BA838858-E77E-4534-B9DA-2406866AC260}.Release|Any CPU.ActiveCfg = Release|Any CPU
		{BA838858-E77E-4534-B9DA-2406866AC260}.Release|Any CPU.Build.0 = Release|Any CPU
		{BA838858-E77E-4534-B9DA-2406866AC260}.Release|x64.ActiveCfg = Release|Any CPU
		{BA838858-E77E-4534-B9DA-2406866AC260}.Release|x64.Build.0 = Release|Any CPU
		{BA838858-E77E-4534-B9DA-2406866AC260}.Release|x86.ActiveCfg = Release|Any CPU
		{BA838858-E77E-4534-B9DA-2406866AC260}.Release|x86.Build.0 = Release|Any CPU
		{CAC77D16-7771-4C46-9088-91E7E8FFD9C0}.Debug|Any CPU.ActiveCfg = Debug|Any CPU
		{CAC77D16-7771-4C46-9088-91E7E8FFD9C0}.Debug|Any CPU.Build.0 = Debug|Any CPU
		{CAC77D16-7771-4C46-9088-91E7E8FFD9C0}.Debug|x64.ActiveCfg = Debug|Any CPU
		{CAC77D16-7771-4C46-9088-91E7E8FFD9C0}.Debug|x64.Build.0 = Debug|Any CPU
		{CAC77D16-7771-4C46-9088-91E7E8FFD9C0}.Debug|x86.ActiveCfg = Debug|Any CPU
		{CAC77D16-7771-4C46-9088-91E7E8FFD9C0}.Debug|x86.Build.0 = Debug|Any CPU
		{CAC77D16-7771-4C46-9088-91E7E8FFD9C0}.Release|Any CPU.ActiveCfg = Release|Any CPU
		{CAC77D16-7771-4C46-9088-91E7E8FFD9C0}.Release|Any CPU.Build.0 = Release|Any CPU
		{CAC77D16-7771-4C46-9088-91E7E8FFD9C0}.Release|x64.ActiveCfg = Release|Any CPU
		{CAC77D16-7771-4C46-9088-91E7E8FFD9C0}.Release|x64.Build.0 = Release|Any CPU
		{CAC77D16-7771-4C46-9088-91E7E8FFD9C0}.Release|x86.ActiveCfg = Release|Any CPU
		{CAC77D16-7771-4C46-9088-91E7E8FFD9C0}.Release|x86.Build.0 = Release|Any CPU
		{00B4F53B-260E-4A93-BF2C-A24FA71019D3}.Debug|Any CPU.ActiveCfg = Debug|Any CPU
		{00B4F53B-260E-4A93-BF2C-A24FA71019D3}.Debug|Any CPU.Build.0 = Debug|Any CPU
		{00B4F53B-260E-4A93-BF2C-A24FA71019D3}.Debug|x64.ActiveCfg = Debug|Any CPU
		{00B4F53B-260E-4A93-BF2C-A24FA71019D3}.Debug|x64.Build.0 = Debug|Any CPU
		{00B4F53B-260E-4A93-BF2C-A24FA71019D3}.Debug|x86.ActiveCfg = Debug|Any CPU
		{00B4F53B-260E-4A93-BF2C-A24FA71019D3}.Debug|x86.Build.0 = Debug|Any CPU
		{00B4F53B-260E-4A93-BF2C-A24FA71019D3}.Release|Any CPU.ActiveCfg = Release|Any CPU
		{00B4F53B-260E-4A93-BF2C-A24FA71019D3}.Release|Any CPU.Build.0 = Release|Any CPU
		{00B4F53B-260E-4A93-BF2C-A24FA71019D3}.Release|x64.ActiveCfg = Release|Any CPU
		{00B4F53B-260E-4A93-BF2C-A24FA71019D3}.Release|x64.Build.0 = Release|Any CPU
		{00B4F53B-260E-4A93-BF2C-A24FA71019D3}.Release|x86.ActiveCfg = Release|Any CPU
		{00B4F53B-260E-4A93-BF2C-A24FA71019D3}.Release|x86.Build.0 = Release|Any CPU
		{9B16766F-ED76-4F7A-A930-203CC0B17848}.Debug|Any CPU.ActiveCfg = Debug|Any CPU
		{9B16766F-ED76-4F7A-A930-203CC0B17848}.Debug|Any CPU.Build.0 = Debug|Any CPU
		{9B16766F-ED76-4F7A-A930-203CC0B17848}.Debug|x64.ActiveCfg = Debug|Any CPU
		{9B16766F-ED76-4F7A-A930-203CC0B17848}.Debug|x64.Build.0 = Debug|Any CPU
		{9B16766F-ED76-4F7A-A930-203CC0B17848}.Debug|x86.ActiveCfg = Debug|Any CPU
		{9B16766F-ED76-4F7A-A930-203CC0B17848}.Debug|x86.Build.0 = Debug|Any CPU
		{9B16766F-ED76-4F7A-A930-203CC0B17848}.Release|Any CPU.ActiveCfg = Release|Any CPU
		{9B16766F-ED76-4F7A-A930-203CC0B17848}.Release|Any CPU.Build.0 = Release|Any CPU
		{9B16766F-ED76-4F7A-A930-203CC0B17848}.Release|x64.ActiveCfg = Release|Any CPU
		{9B16766F-ED76-4F7A-A930-203CC0B17848}.Release|x64.Build.0 = Release|Any CPU
		{9B16766F-ED76-4F7A-A930-203CC0B17848}.Release|x86.ActiveCfg = Release|Any CPU
		{9B16766F-ED76-4F7A-A930-203CC0B17848}.Release|x86.Build.0 = Release|Any CPU
		{FF1914A9-53FE-4E17-8A1F-3A9DEC056B14}.Debug|Any CPU.ActiveCfg = Debug|Any CPU
		{FF1914A9-53FE-4E17-8A1F-3A9DEC056B14}.Debug|Any CPU.Build.0 = Debug|Any CPU
		{FF1914A9-53FE-4E17-8A1F-3A9DEC056B14}.Debug|x64.ActiveCfg = Debug|Any CPU
		{FF1914A9-53FE-4E17-8A1F-3A9DEC056B14}.Debug|x64.Build.0 = Debug|Any CPU
		{FF1914A9-53FE-4E17-8A1F-3A9DEC056B14}.Debug|x86.ActiveCfg = Debug|Any CPU
		{FF1914A9-53FE-4E17-8A1F-3A9DEC056B14}.Debug|x86.Build.0 = Debug|Any CPU
		{FF1914A9-53FE-4E17-8A1F-3A9DEC056B14}.Release|Any CPU.ActiveCfg = Release|Any CPU
		{FF1914A9-53FE-4E17-8A1F-3A9DEC056B14}.Release|Any CPU.Build.0 = Release|Any CPU
		{FF1914A9-53FE-4E17-8A1F-3A9DEC056B14}.Release|x64.ActiveCfg = Release|Any CPU
		{FF1914A9-53FE-4E17-8A1F-3A9DEC056B14}.Release|x64.Build.0 = Release|Any CPU
		{FF1914A9-53FE-4E17-8A1F-3A9DEC056B14}.Release|x86.ActiveCfg = Release|Any CPU
		{FF1914A9-53FE-4E17-8A1F-3A9DEC056B14}.Release|x86.Build.0 = Release|Any CPU
		{A64F38AA-9431-4D91-85F6-B6581B356FD7}.Debug|Any CPU.ActiveCfg = Debug|Any CPU
		{A64F38AA-9431-4D91-85F6-B6581B356FD7}.Debug|Any CPU.Build.0 = Debug|Any CPU
		{A64F38AA-9431-4D91-85F6-B6581B356FD7}.Debug|x64.ActiveCfg = Debug|Any CPU
		{A64F38AA-9431-4D91-85F6-B6581B356FD7}.Debug|x64.Build.0 = Debug|Any CPU
		{A64F38AA-9431-4D91-85F6-B6581B356FD7}.Debug|x86.ActiveCfg = Debug|Any CPU
		{A64F38AA-9431-4D91-85F6-B6581B356FD7}.Debug|x86.Build.0 = Debug|Any CPU
		{A64F38AA-9431-4D91-85F6-B6581B356FD7}.Release|Any CPU.ActiveCfg = Release|Any CPU
		{A64F38AA-9431-4D91-85F6-B6581B356FD7}.Release|Any CPU.Build.0 = Release|Any CPU
		{A64F38AA-9431-4D91-85F6-B6581B356FD7}.Release|x64.ActiveCfg = Release|Any CPU
		{A64F38AA-9431-4D91-85F6-B6581B356FD7}.Release|x64.Build.0 = Release|Any CPU
		{A64F38AA-9431-4D91-85F6-B6581B356FD7}.Release|x86.ActiveCfg = Release|Any CPU
		{A64F38AA-9431-4D91-85F6-B6581B356FD7}.Release|x86.Build.0 = Release|Any CPU
		{8952512C-822C-446D-ADF7-F264147D12BC}.Debug|Any CPU.ActiveCfg = Debug|Any CPU
		{8952512C-822C-446D-ADF7-F264147D12BC}.Debug|Any CPU.Build.0 = Debug|Any CPU
		{8952512C-822C-446D-ADF7-F264147D12BC}.Debug|x64.ActiveCfg = Debug|Any CPU
		{8952512C-822C-446D-ADF7-F264147D12BC}.Debug|x64.Build.0 = Debug|Any CPU
		{8952512C-822C-446D-ADF7-F264147D12BC}.Debug|x86.ActiveCfg = Debug|Any CPU
		{8952512C-822C-446D-ADF7-F264147D12BC}.Debug|x86.Build.0 = Debug|Any CPU
		{8952512C-822C-446D-ADF7-F264147D12BC}.Release|Any CPU.ActiveCfg = Release|Any CPU
		{8952512C-822C-446D-ADF7-F264147D12BC}.Release|Any CPU.Build.0 = Release|Any CPU
		{8952512C-822C-446D-ADF7-F264147D12BC}.Release|x64.ActiveCfg = Release|Any CPU
		{8952512C-822C-446D-ADF7-F264147D12BC}.Release|x64.Build.0 = Release|Any CPU
		{8952512C-822C-446D-ADF7-F264147D12BC}.Release|x86.ActiveCfg = Release|Any CPU
		{8952512C-822C-446D-ADF7-F264147D12BC}.Release|x86.Build.0 = Release|Any CPU
		{FEE88207-41AC-4AB8-B457-AB31569BFEA5}.Debug|Any CPU.ActiveCfg = Debug|Any CPU
		{FEE88207-41AC-4AB8-B457-AB31569BFEA5}.Debug|Any CPU.Build.0 = Debug|Any CPU
		{FEE88207-41AC-4AB8-B457-AB31569BFEA5}.Debug|x64.ActiveCfg = Debug|Any CPU
		{FEE88207-41AC-4AB8-B457-AB31569BFEA5}.Debug|x64.Build.0 = Debug|Any CPU
		{FEE88207-41AC-4AB8-B457-AB31569BFEA5}.Debug|x86.ActiveCfg = Debug|Any CPU
		{FEE88207-41AC-4AB8-B457-AB31569BFEA5}.Debug|x86.Build.0 = Debug|Any CPU
		{FEE88207-41AC-4AB8-B457-AB31569BFEA5}.Release|Any CPU.ActiveCfg = Release|Any CPU
		{FEE88207-41AC-4AB8-B457-AB31569BFEA5}.Release|Any CPU.Build.0 = Release|Any CPU
		{FEE88207-41AC-4AB8-B457-AB31569BFEA5}.Release|x64.ActiveCfg = Release|Any CPU
		{FEE88207-41AC-4AB8-B457-AB31569BFEA5}.Release|x64.Build.0 = Release|Any CPU
		{FEE88207-41AC-4AB8-B457-AB31569BFEA5}.Release|x86.ActiveCfg = Release|Any CPU
		{FEE88207-41AC-4AB8-B457-AB31569BFEA5}.Release|x86.Build.0 = Release|Any CPU
		{134F6F7D-11E3-43D0-857F-CAC914D63D7E}.Debug|Any CPU.ActiveCfg = Debug|Any CPU
		{134F6F7D-11E3-43D0-857F-CAC914D63D7E}.Debug|Any CPU.Build.0 = Debug|Any CPU
		{134F6F7D-11E3-43D0-857F-CAC914D63D7E}.Debug|x64.ActiveCfg = Debug|Any CPU
		{134F6F7D-11E3-43D0-857F-CAC914D63D7E}.Debug|x64.Build.0 = Debug|Any CPU
		{134F6F7D-11E3-43D0-857F-CAC914D63D7E}.Debug|x86.ActiveCfg = Debug|Any CPU
		{134F6F7D-11E3-43D0-857F-CAC914D63D7E}.Debug|x86.Build.0 = Debug|Any CPU
		{134F6F7D-11E3-43D0-857F-CAC914D63D7E}.Release|Any CPU.ActiveCfg = Release|Any CPU
		{134F6F7D-11E3-43D0-857F-CAC914D63D7E}.Release|Any CPU.Build.0 = Release|Any CPU
		{134F6F7D-11E3-43D0-857F-CAC914D63D7E}.Release|x64.ActiveCfg = Release|Any CPU
		{134F6F7D-11E3-43D0-857F-CAC914D63D7E}.Release|x64.Build.0 = Release|Any CPU
		{134F6F7D-11E3-43D0-857F-CAC914D63D7E}.Release|x86.ActiveCfg = Release|Any CPU
		{134F6F7D-11E3-43D0-857F-CAC914D63D7E}.Release|x86.Build.0 = Release|Any CPU
		{55CB3035-B7C0-493D-AF02-62343DF0092A}.Debug|Any CPU.ActiveCfg = Debug|Any CPU
		{55CB3035-B7C0-493D-AF02-62343DF0092A}.Debug|Any CPU.Build.0 = Debug|Any CPU
		{55CB3035-B7C0-493D-AF02-62343DF0092A}.Debug|x64.ActiveCfg = Debug|Any CPU
		{55CB3035-B7C0-493D-AF02-62343DF0092A}.Debug|x64.Build.0 = Debug|Any CPU
		{55CB3035-B7C0-493D-AF02-62343DF0092A}.Debug|x86.ActiveCfg = Debug|Any CPU
		{55CB3035-B7C0-493D-AF02-62343DF0092A}.Debug|x86.Build.0 = Debug|Any CPU
		{55CB3035-B7C0-493D-AF02-62343DF0092A}.Release|Any CPU.ActiveCfg = Release|Any CPU
		{55CB3035-B7C0-493D-AF02-62343DF0092A}.Release|Any CPU.Build.0 = Release|Any CPU
		{55CB3035-B7C0-493D-AF02-62343DF0092A}.Release|x64.ActiveCfg = Release|Any CPU
		{55CB3035-B7C0-493D-AF02-62343DF0092A}.Release|x64.Build.0 = Release|Any CPU
		{55CB3035-B7C0-493D-AF02-62343DF0092A}.Release|x86.ActiveCfg = Release|Any CPU
		{55CB3035-B7C0-493D-AF02-62343DF0092A}.Release|x86.Build.0 = Release|Any CPU
		{8412CD4C-D35B-4A82-96E9-38451A004ED7}.Debug|Any CPU.ActiveCfg = Debug|Any CPU
		{8412CD4C-D35B-4A82-96E9-38451A004ED7}.Debug|Any CPU.Build.0 = Debug|Any CPU
		{8412CD4C-D35B-4A82-96E9-38451A004ED7}.Debug|x64.ActiveCfg = Debug|Any CPU
		{8412CD4C-D35B-4A82-96E9-38451A004ED7}.Debug|x64.Build.0 = Debug|Any CPU
		{8412CD4C-D35B-4A82-96E9-38451A004ED7}.Debug|x86.ActiveCfg = Debug|Any CPU
		{8412CD4C-D35B-4A82-96E9-38451A004ED7}.Debug|x86.Build.0 = Debug|Any CPU
		{8412CD4C-D35B-4A82-96E9-38451A004ED7}.Release|Any CPU.ActiveCfg = Release|Any CPU
		{8412CD4C-D35B-4A82-96E9-38451A004ED7}.Release|Any CPU.Build.0 = Release|Any CPU
		{8412CD4C-D35B-4A82-96E9-38451A004ED7}.Release|x64.ActiveCfg = Release|Any CPU
		{8412CD4C-D35B-4A82-96E9-38451A004ED7}.Release|x64.Build.0 = Release|Any CPU
		{8412CD4C-D35B-4A82-96E9-38451A004ED7}.Release|x86.ActiveCfg = Release|Any CPU
		{8412CD4C-D35B-4A82-96E9-38451A004ED7}.Release|x86.Build.0 = Release|Any CPU
		{32612A88-26A6-4838-A375-5A95DDD9171A}.Debug|Any CPU.ActiveCfg = Debug|Any CPU
		{32612A88-26A6-4838-A375-5A95DDD9171A}.Debug|Any CPU.Build.0 = Debug|Any CPU
		{32612A88-26A6-4838-A375-5A95DDD9171A}.Debug|x64.ActiveCfg = Debug|Any CPU
		{32612A88-26A6-4838-A375-5A95DDD9171A}.Debug|x64.Build.0 = Debug|Any CPU
		{32612A88-26A6-4838-A375-5A95DDD9171A}.Debug|x86.ActiveCfg = Debug|Any CPU
		{32612A88-26A6-4838-A375-5A95DDD9171A}.Debug|x86.Build.0 = Debug|Any CPU
		{32612A88-26A6-4838-A375-5A95DDD9171A}.Release|Any CPU.ActiveCfg = Release|Any CPU
		{32612A88-26A6-4838-A375-5A95DDD9171A}.Release|Any CPU.Build.0 = Release|Any CPU
		{32612A88-26A6-4838-A375-5A95DDD9171A}.Release|x64.ActiveCfg = Release|Any CPU
		{32612A88-26A6-4838-A375-5A95DDD9171A}.Release|x64.Build.0 = Release|Any CPU
		{32612A88-26A6-4838-A375-5A95DDD9171A}.Release|x86.ActiveCfg = Release|Any CPU
		{32612A88-26A6-4838-A375-5A95DDD9171A}.Release|x86.Build.0 = Release|Any CPU
		{D04CA4A4-0F97-4CA8-94F5-0D5F110A1BB5}.Debug|Any CPU.ActiveCfg = Debug|Any CPU
		{D04CA4A4-0F97-4CA8-94F5-0D5F110A1BB5}.Debug|Any CPU.Build.0 = Debug|Any CPU
		{D04CA4A4-0F97-4CA8-94F5-0D5F110A1BB5}.Debug|x64.ActiveCfg = Debug|Any CPU
		{D04CA4A4-0F97-4CA8-94F5-0D5F110A1BB5}.Debug|x64.Build.0 = Debug|Any CPU
		{D04CA4A4-0F97-4CA8-94F5-0D5F110A1BB5}.Debug|x86.ActiveCfg = Debug|Any CPU
		{D04CA4A4-0F97-4CA8-94F5-0D5F110A1BB5}.Debug|x86.Build.0 = Debug|Any CPU
		{D04CA4A4-0F97-4CA8-94F5-0D5F110A1BB5}.Release|Any CPU.ActiveCfg = Release|Any CPU
		{D04CA4A4-0F97-4CA8-94F5-0D5F110A1BB5}.Release|Any CPU.Build.0 = Release|Any CPU
		{D04CA4A4-0F97-4CA8-94F5-0D5F110A1BB5}.Release|x64.ActiveCfg = Release|Any CPU
		{D04CA4A4-0F97-4CA8-94F5-0D5F110A1BB5}.Release|x64.Build.0 = Release|Any CPU
		{D04CA4A4-0F97-4CA8-94F5-0D5F110A1BB5}.Release|x86.ActiveCfg = Release|Any CPU
		{D04CA4A4-0F97-4CA8-94F5-0D5F110A1BB5}.Release|x86.Build.0 = Release|Any CPU
		{DE5A5549-D8F8-40D8-9BD9-DB4BBB62D55F}.Debug|Any CPU.ActiveCfg = Debug|Any CPU
		{DE5A5549-D8F8-40D8-9BD9-DB4BBB62D55F}.Debug|Any CPU.Build.0 = Debug|Any CPU
		{DE5A5549-D8F8-40D8-9BD9-DB4BBB62D55F}.Debug|x64.ActiveCfg = Debug|Any CPU
		{DE5A5549-D8F8-40D8-9BD9-DB4BBB62D55F}.Debug|x64.Build.0 = Debug|Any CPU
		{DE5A5549-D8F8-40D8-9BD9-DB4BBB62D55F}.Debug|x86.ActiveCfg = Debug|Any CPU
		{DE5A5549-D8F8-40D8-9BD9-DB4BBB62D55F}.Debug|x86.Build.0 = Debug|Any CPU
		{DE5A5549-D8F8-40D8-9BD9-DB4BBB62D55F}.Release|Any CPU.ActiveCfg = Release|Any CPU
		{DE5A5549-D8F8-40D8-9BD9-DB4BBB62D55F}.Release|Any CPU.Build.0 = Release|Any CPU
		{DE5A5549-D8F8-40D8-9BD9-DB4BBB62D55F}.Release|x64.ActiveCfg = Release|Any CPU
		{DE5A5549-D8F8-40D8-9BD9-DB4BBB62D55F}.Release|x64.Build.0 = Release|Any CPU
		{DE5A5549-D8F8-40D8-9BD9-DB4BBB62D55F}.Release|x86.ActiveCfg = Release|Any CPU
		{DE5A5549-D8F8-40D8-9BD9-DB4BBB62D55F}.Release|x86.Build.0 = Release|Any CPU
	EndGlobalSection
	GlobalSection(SolutionProperties) = preSolution
		HideSolutionNode = FALSE
	EndGlobalSection
	GlobalSection(NestedProjects) = preSolution
		{D788108F-139A-4ABC-9229-3077146EC588} = {3CEEAE5D-5535-4DC5-8D65-509C08CB7D36}
		{0C2FAD88-11BD-4713-8E3C-8B4456749A20} = {D788108F-139A-4ABC-9229-3077146EC588}
		{3EBA3FB6-F216-4CBA-A423-E4AF167C2609} = {3CEEAE5D-5535-4DC5-8D65-509C08CB7D36}
		{132B3D32-AD61-4E91-92F9-B1FE5EEA30F6} = {A317EF48-D670-4413-8A36-253ED6DD4B3D}
		{C451227A-17C7-470F-A588-867015E8C7DE} = {132B3D32-AD61-4E91-92F9-B1FE5EEA30F6}
		{34CD47DD-7B8F-44CD-8B68-4B37EE2B104B} = {A317EF48-D670-4413-8A36-253ED6DD4B3D}
		{BA838858-E77E-4534-B9DA-2406866AC260} = {34CD47DD-7B8F-44CD-8B68-4B37EE2B104B}
		{058093FB-DA51-4A87-ADD7-C55975E59F1E} = {3CEEAE5D-5535-4DC5-8D65-509C08CB7D36}
		{CAC77D16-7771-4C46-9088-91E7E8FFD9C0} = {D788108F-139A-4ABC-9229-3077146EC588}
		{00B4F53B-260E-4A93-BF2C-A24FA71019D3} = {D788108F-139A-4ABC-9229-3077146EC588}
		{B5B954FF-A98B-45E1-A8C0-11A5D0E0C988} = {A317EF48-D670-4413-8A36-253ED6DD4B3D}
		{9B16766F-ED76-4F7A-A930-203CC0B17848} = {B5B954FF-A98B-45E1-A8C0-11A5D0E0C988}
		{FF1914A9-53FE-4E17-8A1F-3A9DEC056B14} = {D788108F-139A-4ABC-9229-3077146EC588}
		{A64F38AA-9431-4D91-85F6-B6581B356FD7} = {D788108F-139A-4ABC-9229-3077146EC588}
		{8952512C-822C-446D-ADF7-F264147D12BC} = {D788108F-139A-4ABC-9229-3077146EC588}
		{FEE88207-41AC-4AB8-B457-AB31569BFEA5} = {058093FB-DA51-4A87-ADD7-C55975E59F1E}
		{55CB3035-B7C0-493D-AF02-62343DF0092A} = {D788108F-139A-4ABC-9229-3077146EC588}
		{8D4EABFF-1284-498F-B522-3F84482341D0} = {D788108F-139A-4ABC-9229-3077146EC588}
		{8412CD4C-D35B-4A82-96E9-38451A004ED7} = {8D4EABFF-1284-498F-B522-3F84482341D0}
		{32612A88-26A6-4838-A375-5A95DDD9171A} = {D788108F-139A-4ABC-9229-3077146EC588}
		{D04CA4A4-0F97-4CA8-94F5-0D5F110A1BB5} = {D788108F-139A-4ABC-9229-3077146EC588}
		{DE5A5549-D8F8-40D8-9BD9-DB4BBB62D55F} = {8D4EABFF-1284-498F-B522-3F84482341D0}
	EndGlobalSection
	GlobalSection(ExtensibilityGlobals) = postSolution
		SolutionGuid = {6C9B3D04-D3B7-47CE-8456-E66154609A92}
	EndGlobalSection
EndGlobal
