
Microsoft Visual Studio Solution File, Format Version 12.00
# Visual Studio Version 17
VisualStudioVersion = 17.0.31612.314
MinimumVisualStudioVersion = 10.0.40219.1
Project("{2150E333-8FDC-42A3-9474-1A3956D46DE8}") = "source", "source", "{C974052D-02CD-4C10-BA0C-DB5486FB8B14}"
EndProject
Project("{2150E333-8FDC-42A3-9474-1A3956D46DE8}") = "Infrastructure", "Infrastructure", "{21827CDB-2685-4329-8676-3ED661AB4CD5}"
EndProject
Project("{9A19103F-16F7-4668-BE54-9A1E7A4F7556}") = "LucasTechnologyService.Infrastructure", "source\Infrastructure\LucasTechnologyService.Infrastructure\LucasTechnologyService.Infrastructure.csproj", "{5254D94E-C8BF-4053-8190-DDB7E7983804}"
EndProject
Project("{2150E333-8FDC-42A3-9474-1A3956D46DE8}") = "Modules", "Modules", "{59EEE204-86BA-43E0-9F40-C6B10A341DF6}"
EndProject
Project("{9A19103F-16F7-4668-BE54-9A1E7A4F7556}") = "LucasTechnologyServices.Module.Commercial", "source\Modules\LucasTechnologyServices.Module.Commercial\LucasTechnologyServices.Module.Commercial.csproj", "{640B4F46-31A1-461B-A5E3-C673CA940740}"
EndProject
Project("{9A19103F-16F7-4668-BE54-9A1E7A4F7556}") = "LucasTechnologyServices.Module.Core", "source\Modules\LucasTechnologyServices.Module.Core\LucasTechnologyServices.Module.Core.csproj", "{7C61A052-F686-48C5-973F-29FC9BD5C856}"
EndProject
Project("{9A19103F-16F7-4668-BE54-9A1E7A4F7556}") = "LucasTechnologyServices.Module.Crm", "source\Modules\LucasTechnologyServices.Module.Crm\LucasTechnologyServices.Module.Crm.csproj", "{7C554D20-DB3C-433D-956D-5F59CF70770B}"
EndProject
Project("{9A19103F-16F7-4668-BE54-9A1E7A4F7556}") = "LucasTechnologyServices.Module.Erp", "source\Modules\LucasTechnologyServices.Module.Erp\LucasTechnologyServices.Module.Erp.csproj", "{402CE0EB-EFBE-4D03-96FD-E219A99CC475}"
EndProject
Project("{9A19103F-16F7-4668-BE54-9A1E7A4F7556}") = "LucasTechnologyServices.Module.Financial", "source\Modules\LucasTechnologyServices.Module.Financial\LucasTechnologyServices.Module.Financial.csproj", "{B244AE33-9BEA-4B5D-8ED7-14615FD586C5}"
EndProject
Project("{9A19103F-16F7-4668-BE54-9A1E7A4F7556}") = "LucasTechnologyServices.Module.HR", "source\Modules\LucasTechnologyServices.Module.HR\LucasTechnologyServices.Module.HR.csproj", "{9A30BD1E-E354-428D-857E-B12A89BA3E1B}"
EndProject
Project("{9A19103F-16F7-4668-BE54-9A1E7A4F7556}") = "LucasTechnologyServices.Module.Tax", "source\Modules\LucasTechnologyServices.Module.Tax\LucasTechnologyServices.Module.Tax.csproj", "{4B8F427B-A214-4907-9D3B-3B91046F581A}"
EndProject
Project("{2150E333-8FDC-42A3-9474-1A3956D46DE8}") = "Services", "Services", "{500012C7-8D03-4A04-B4EC-A5A90FF1FA6C}"
EndProject
Project("{2150E333-8FDC-42A3-9474-1A3956D46DE8}") = "Core", "Core", "{EE4FC7E2-F6B2-4470-BB74-73ABE34E4942}"
EndProject
Project("{9A19103F-16F7-4668-BE54-9A1E7A4F7556}") = "LucasTechnologyServices.Services.Api", "source\Services\Core\LucasTechnologyServices.Services.Api\LucasTechnologyServices.Services.Api.csproj", "{FB8AF75E-2377-4376-A5DD-EA5B07B5328E}"
EndProject
Project("{2150E333-8FDC-42A3-9474-1A3956D46DE8}") = "test", "test", "{492E19F0-9138-41BE-96F4-ABFD9A0C668F}"
EndProject
Project("{9A19103F-16F7-4668-BE54-9A1E7A4F7556}") = "LucastechnologyServices.Infrastructure.Tests", "test\LucastechnologyServices.Infrastructure.Tests\LucastechnologyServices.Infrastructure.Tests.csproj", "{A26898A0-5C99-413E-8253-0F60B1B43E13}"
EndProject
Project("{9A19103F-16F7-4668-BE54-9A1E7A4F7556}") = "LucasTechnologyServices.Module.Commercial.Tests", "test\LucasTechnologyServices.Module.Commercial.Tests\LucasTechnologyServices.Module.Commercial.Tests.csproj", "{52312BBE-3866-463F-8CFB-EF2878354D85}"
EndProject
Project("{9A19103F-16F7-4668-BE54-9A1E7A4F7556}") = "LucasTechnologyServices.Module.Core.Tests", "test\LucasTechnologyServices.Module.Core.Tests\LucasTechnologyServices.Module.Core.Tests.csproj", "{F247C612-8820-46C0-9E1C-777A9BC3024C}"
EndProject
Project("{9A19103F-16F7-4668-BE54-9A1E7A4F7556}") = "LucasTechnologyServices.Module.Crm.Tests", "test\LucasTechnologyServices.Module.Crm.Tests\LucasTechnologyServices.Module.Crm.Tests.csproj", "{E6DD4BAA-5B1C-45B9-85FD-B70AE5C5DC75}"
EndProject
Project("{9A19103F-16F7-4668-BE54-9A1E7A4F7556}") = "LucasTechnologyServices.Module.Erp.Tests", "test\LucasTechnologyServices.Module.Erp.Tests\LucasTechnologyServices.Module.Erp.Tests.csproj", "{4BA4BC15-27BF-440A-A675-0CA7A00FA79E}"
EndProject
Project("{9A19103F-16F7-4668-BE54-9A1E7A4F7556}") = "LucasTechnologyServices.Module.Financial.Tests", "test\LucasTechnologyServices.Module.Financial.Tests\LucasTechnologyServices.Module.Financial.Tests.csproj", "{35044578-1C9E-432D-8F47-8D5A1FF9D3FB}"
EndProject
Project("{9A19103F-16F7-4668-BE54-9A1E7A4F7556}") = "LucasTechnologyServices.Module.HR.Tests", "test\LucasTechnologyServices.Module.HR\LucasTechnologyServices.Module.HR.Tests.csproj", "{42C78565-D503-4441-AC0F-2F5D782F3FEE}"
EndProject
Project("{9A19103F-16F7-4668-BE54-9A1E7A4F7556}") = "LucasTechnologyServices.Module.Tax.Tests", "test\LucasTechnologyServices.Module.Tax.Tests\LucasTechnologyServices.Module.Tax.Tests.csproj", "{C539C2FD-EF54-407A-9E33-16D86BECB607}"
EndProject
Project("{FAE04EC0-301F-11D3-BF4B-00C04F79EFBC}") = "LucasTechnologyServices.Module.Audit", "source\Modules\LucasTechnologyServices.Module.Audit\LucasTechnologyServices.Module.Audit.csproj", "{E8C6A516-E8CB-4B80-B860-D4622B6638DE}"
EndProject
Project("{FAE04EC0-301F-11D3-BF4B-00C04F79EFBC}") = "LucasTechnologyServices.Module.Audit.Tests", "test\LucasTechnologyServices.Module.Audit.Tests\LucasTechnologyServices.Module.Audit.Tests.csproj", "{E4965744-2499-459D-B752-4EA34B8C374C}"
EndProject
Global
	GlobalSection(SolutionConfigurationPlatforms) = preSolution
		Debug|Any CPU = Debug|Any CPU
		Debug|x64 = Debug|x64
		Debug|x86 = Debug|x86
		Release|Any CPU = Release|Any CPU
		Release|x64 = Release|x64
		Release|x86 = Release|x86
	EndGlobalSection
	GlobalSection(ProjectConfigurationPlatforms) = postSolution
		{5254D94E-C8BF-4053-8190-DDB7E7983804}.Debug|Any CPU.ActiveCfg = Debug|Any CPU
		{5254D94E-C8BF-4053-8190-DDB7E7983804}.Debug|Any CPU.Build.0 = Debug|Any CPU
		{5254D94E-C8BF-4053-8190-DDB7E7983804}.Debug|x64.ActiveCfg = Debug|Any CPU
		{5254D94E-C8BF-4053-8190-DDB7E7983804}.Debug|x64.Build.0 = Debug|Any CPU
		{5254D94E-C8BF-4053-8190-DDB7E7983804}.Debug|x86.ActiveCfg = Debug|Any CPU
		{5254D94E-C8BF-4053-8190-DDB7E7983804}.Debug|x86.Build.0 = Debug|Any CPU
		{5254D94E-C8BF-4053-8190-DDB7E7983804}.Release|Any CPU.ActiveCfg = Release|Any CPU
		{5254D94E-C8BF-4053-8190-DDB7E7983804}.Release|Any CPU.Build.0 = Release|Any CPU
		{5254D94E-C8BF-4053-8190-DDB7E7983804}.Release|x64.ActiveCfg = Release|Any CPU
		{5254D94E-C8BF-4053-8190-DDB7E7983804}.Release|x64.Build.0 = Release|Any CPU
		{5254D94E-C8BF-4053-8190-DDB7E7983804}.Release|x86.ActiveCfg = Release|Any CPU
		{5254D94E-C8BF-4053-8190-DDB7E7983804}.Release|x86.Build.0 = Release|Any CPU
		{640B4F46-31A1-461B-A5E3-C673CA940740}.Debug|Any CPU.ActiveCfg = Debug|Any CPU
		{640B4F46-31A1-461B-A5E3-C673CA940740}.Debug|Any CPU.Build.0 = Debug|Any CPU
		{640B4F46-31A1-461B-A5E3-C673CA940740}.Debug|x64.ActiveCfg = Debug|Any CPU
		{640B4F46-31A1-461B-A5E3-C673CA940740}.Debug|x64.Build.0 = Debug|Any CPU
		{640B4F46-31A1-461B-A5E3-C673CA940740}.Debug|x86.ActiveCfg = Debug|Any CPU
		{640B4F46-31A1-461B-A5E3-C673CA940740}.Debug|x86.Build.0 = Debug|Any CPU
		{640B4F46-31A1-461B-A5E3-C673CA940740}.Release|Any CPU.ActiveCfg = Release|Any CPU
		{640B4F46-31A1-461B-A5E3-C673CA940740}.Release|Any CPU.Build.0 = Release|Any CPU
		{640B4F46-31A1-461B-A5E3-C673CA940740}.Release|x64.ActiveCfg = Release|Any CPU
		{640B4F46-31A1-461B-A5E3-C673CA940740}.Release|x64.Build.0 = Release|Any CPU
		{640B4F46-31A1-461B-A5E3-C673CA940740}.Release|x86.ActiveCfg = Release|Any CPU
		{640B4F46-31A1-461B-A5E3-C673CA940740}.Release|x86.Build.0 = Release|Any CPU
		{7C61A052-F686-48C5-973F-29FC9BD5C856}.Debug|Any CPU.ActiveCfg = Debug|Any CPU
		{7C61A052-F686-48C5-973F-29FC9BD5C856}.Debug|Any CPU.Build.0 = Debug|Any CPU
		{7C61A052-F686-48C5-973F-29FC9BD5C856}.Debug|x64.ActiveCfg = Debug|Any CPU
		{7C61A052-F686-48C5-973F-29FC9BD5C856}.Debug|x64.Build.0 = Debug|Any CPU
		{7C61A052-F686-48C5-973F-29FC9BD5C856}.Debug|x86.ActiveCfg = Debug|Any CPU
		{7C61A052-F686-48C5-973F-29FC9BD5C856}.Debug|x86.Build.0 = Debug|Any CPU
		{7C61A052-F686-48C5-973F-29FC9BD5C856}.Release|Any CPU.ActiveCfg = Release|Any CPU
		{7C61A052-F686-48C5-973F-29FC9BD5C856}.Release|Any CPU.Build.0 = Release|Any CPU
		{7C61A052-F686-48C5-973F-29FC9BD5C856}.Release|x64.ActiveCfg = Release|Any CPU
		{7C61A052-F686-48C5-973F-29FC9BD5C856}.Release|x64.Build.0 = Release|Any CPU
		{7C61A052-F686-48C5-973F-29FC9BD5C856}.Release|x86.ActiveCfg = Release|Any CPU
		{7C61A052-F686-48C5-973F-29FC9BD5C856}.Release|x86.Build.0 = Release|Any CPU
		{7C554D20-DB3C-433D-956D-5F59CF70770B}.Debug|Any CPU.ActiveCfg = Debug|Any CPU
		{7C554D20-DB3C-433D-956D-5F59CF70770B}.Debug|Any CPU.Build.0 = Debug|Any CPU
		{7C554D20-DB3C-433D-956D-5F59CF70770B}.Debug|x64.ActiveCfg = Debug|Any CPU
		{7C554D20-DB3C-433D-956D-5F59CF70770B}.Debug|x64.Build.0 = Debug|Any CPU
		{7C554D20-DB3C-433D-956D-5F59CF70770B}.Debug|x86.ActiveCfg = Debug|Any CPU
		{7C554D20-DB3C-433D-956D-5F59CF70770B}.Debug|x86.Build.0 = Debug|Any CPU
		{7C554D20-DB3C-433D-956D-5F59CF70770B}.Release|Any CPU.ActiveCfg = Release|Any CPU
		{7C554D20-DB3C-433D-956D-5F59CF70770B}.Release|Any CPU.Build.0 = Release|Any CPU
		{7C554D20-DB3C-433D-956D-5F59CF70770B}.Release|x64.ActiveCfg = Release|Any CPU
		{7C554D20-DB3C-433D-956D-5F59CF70770B}.Release|x64.Build.0 = Release|Any CPU
		{7C554D20-DB3C-433D-956D-5F59CF70770B}.Release|x86.ActiveCfg = Release|Any CPU
		{7C554D20-DB3C-433D-956D-5F59CF70770B}.Release|x86.Build.0 = Release|Any CPU
		{402CE0EB-EFBE-4D03-96FD-E219A99CC475}.Debug|Any CPU.ActiveCfg = Debug|Any CPU
		{402CE0EB-EFBE-4D03-96FD-E219A99CC475}.Debug|Any CPU.Build.0 = Debug|Any CPU
		{402CE0EB-EFBE-4D03-96FD-E219A99CC475}.Debug|x64.ActiveCfg = Debug|Any CPU
		{402CE0EB-EFBE-4D03-96FD-E219A99CC475}.Debug|x64.Build.0 = Debug|Any CPU
		{402CE0EB-EFBE-4D03-96FD-E219A99CC475}.Debug|x86.ActiveCfg = Debug|Any CPU
		{402CE0EB-EFBE-4D03-96FD-E219A99CC475}.Debug|x86.Build.0 = Debug|Any CPU
		{402CE0EB-EFBE-4D03-96FD-E219A99CC475}.Release|Any CPU.ActiveCfg = Release|Any CPU
		{402CE0EB-EFBE-4D03-96FD-E219A99CC475}.Release|Any CPU.Build.0 = Release|Any CPU
		{402CE0EB-EFBE-4D03-96FD-E219A99CC475}.Release|x64.ActiveCfg = Release|Any CPU
		{402CE0EB-EFBE-4D03-96FD-E219A99CC475}.Release|x64.Build.0 = Release|Any CPU
		{402CE0EB-EFBE-4D03-96FD-E219A99CC475}.Release|x86.ActiveCfg = Release|Any CPU
		{402CE0EB-EFBE-4D03-96FD-E219A99CC475}.Release|x86.Build.0 = Release|Any CPU
		{B244AE33-9BEA-4B5D-8ED7-14615FD586C5}.Debug|Any CPU.ActiveCfg = Debug|Any CPU
		{B244AE33-9BEA-4B5D-8ED7-14615FD586C5}.Debug|Any CPU.Build.0 = Debug|Any CPU
		{B244AE33-9BEA-4B5D-8ED7-14615FD586C5}.Debug|x64.ActiveCfg = Debug|Any CPU
		{B244AE33-9BEA-4B5D-8ED7-14615FD586C5}.Debug|x64.Build.0 = Debug|Any CPU
		{B244AE33-9BEA-4B5D-8ED7-14615FD586C5}.Debug|x86.ActiveCfg = Debug|Any CPU
		{B244AE33-9BEA-4B5D-8ED7-14615FD586C5}.Debug|x86.Build.0 = Debug|Any CPU
		{B244AE33-9BEA-4B5D-8ED7-14615FD586C5}.Release|Any CPU.ActiveCfg = Release|Any CPU
		{B244AE33-9BEA-4B5D-8ED7-14615FD586C5}.Release|Any CPU.Build.0 = Release|Any CPU
		{B244AE33-9BEA-4B5D-8ED7-14615FD586C5}.Release|x64.ActiveCfg = Release|Any CPU
		{B244AE33-9BEA-4B5D-8ED7-14615FD586C5}.Release|x64.Build.0 = Release|Any CPU
		{B244AE33-9BEA-4B5D-8ED7-14615FD586C5}.Release|x86.ActiveCfg = Release|Any CPU
		{B244AE33-9BEA-4B5D-8ED7-14615FD586C5}.Release|x86.Build.0 = Release|Any CPU
		{9A30BD1E-E354-428D-857E-B12A89BA3E1B}.Debug|Any CPU.ActiveCfg = Debug|Any CPU
		{9A30BD1E-E354-428D-857E-B12A89BA3E1B}.Debug|Any CPU.Build.0 = Debug|Any CPU
		{9A30BD1E-E354-428D-857E-B12A89BA3E1B}.Debug|x64.ActiveCfg = Debug|Any CPU
		{9A30BD1E-E354-428D-857E-B12A89BA3E1B}.Debug|x64.Build.0 = Debug|Any CPU
		{9A30BD1E-E354-428D-857E-B12A89BA3E1B}.Debug|x86.ActiveCfg = Debug|Any CPU
		{9A30BD1E-E354-428D-857E-B12A89BA3E1B}.Debug|x86.Build.0 = Debug|Any CPU
		{9A30BD1E-E354-428D-857E-B12A89BA3E1B}.Release|Any CPU.ActiveCfg = Release|Any CPU
		{9A30BD1E-E354-428D-857E-B12A89BA3E1B}.Release|Any CPU.Build.0 = Release|Any CPU
		{9A30BD1E-E354-428D-857E-B12A89BA3E1B}.Release|x64.ActiveCfg = Release|Any CPU
		{9A30BD1E-E354-428D-857E-B12A89BA3E1B}.Release|x64.Build.0 = Release|Any CPU
		{9A30BD1E-E354-428D-857E-B12A89BA3E1B}.Release|x86.ActiveCfg = Release|Any CPU
		{9A30BD1E-E354-428D-857E-B12A89BA3E1B}.Release|x86.Build.0 = Release|Any CPU
		{4B8F427B-A214-4907-9D3B-3B91046F581A}.Debug|Any CPU.ActiveCfg = Debug|Any CPU
		{4B8F427B-A214-4907-9D3B-3B91046F581A}.Debug|Any CPU.Build.0 = Debug|Any CPU
		{4B8F427B-A214-4907-9D3B-3B91046F581A}.Debug|x64.ActiveCfg = Debug|Any CPU
		{4B8F427B-A214-4907-9D3B-3B91046F581A}.Debug|x64.Build.0 = Debug|Any CPU
		{4B8F427B-A214-4907-9D3B-3B91046F581A}.Debug|x86.ActiveCfg = Debug|Any CPU
		{4B8F427B-A214-4907-9D3B-3B91046F581A}.Debug|x86.Build.0 = Debug|Any CPU
		{4B8F427B-A214-4907-9D3B-3B91046F581A}.Release|Any CPU.ActiveCfg = Release|Any CPU
		{4B8F427B-A214-4907-9D3B-3B91046F581A}.Release|Any CPU.Build.0 = Release|Any CPU
		{4B8F427B-A214-4907-9D3B-3B91046F581A}.Release|x64.ActiveCfg = Release|Any CPU
		{4B8F427B-A214-4907-9D3B-3B91046F581A}.Release|x64.Build.0 = Release|Any CPU
		{4B8F427B-A214-4907-9D3B-3B91046F581A}.Release|x86.ActiveCfg = Release|Any CPU
		{4B8F427B-A214-4907-9D3B-3B91046F581A}.Release|x86.Build.0 = Release|Any CPU
		{FB8AF75E-2377-4376-A5DD-EA5B07B5328E}.Debug|Any CPU.ActiveCfg = Debug|Any CPU
		{FB8AF75E-2377-4376-A5DD-EA5B07B5328E}.Debug|Any CPU.Build.0 = Debug|Any CPU
		{FB8AF75E-2377-4376-A5DD-EA5B07B5328E}.Debug|x64.ActiveCfg = Debug|Any CPU
		{FB8AF75E-2377-4376-A5DD-EA5B07B5328E}.Debug|x64.Build.0 = Debug|Any CPU
		{FB8AF75E-2377-4376-A5DD-EA5B07B5328E}.Debug|x86.ActiveCfg = Debug|Any CPU
		{FB8AF75E-2377-4376-A5DD-EA5B07B5328E}.Debug|x86.Build.0 = Debug|Any CPU
		{FB8AF75E-2377-4376-A5DD-EA5B07B5328E}.Release|Any CPU.ActiveCfg = Release|Any CPU
		{FB8AF75E-2377-4376-A5DD-EA5B07B5328E}.Release|Any CPU.Build.0 = Release|Any CPU
		{FB8AF75E-2377-4376-A5DD-EA5B07B5328E}.Release|x64.ActiveCfg = Release|Any CPU
		{FB8AF75E-2377-4376-A5DD-EA5B07B5328E}.Release|x64.Build.0 = Release|Any CPU
		{FB8AF75E-2377-4376-A5DD-EA5B07B5328E}.Release|x86.ActiveCfg = Release|Any CPU
		{FB8AF75E-2377-4376-A5DD-EA5B07B5328E}.Release|x86.Build.0 = Release|Any CPU
		{A26898A0-5C99-413E-8253-0F60B1B43E13}.Debug|Any CPU.ActiveCfg = Debug|Any CPU
		{A26898A0-5C99-413E-8253-0F60B1B43E13}.Debug|Any CPU.Build.0 = Debug|Any CPU
		{A26898A0-5C99-413E-8253-0F60B1B43E13}.Debug|x64.ActiveCfg = Debug|Any CPU
		{A26898A0-5C99-413E-8253-0F60B1B43E13}.Debug|x64.Build.0 = Debug|Any CPU
		{A26898A0-5C99-413E-8253-0F60B1B43E13}.Debug|x86.ActiveCfg = Debug|Any CPU
		{A26898A0-5C99-413E-8253-0F60B1B43E13}.Debug|x86.Build.0 = Debug|Any CPU
		{A26898A0-5C99-413E-8253-0F60B1B43E13}.Release|Any CPU.ActiveCfg = Release|Any CPU
		{A26898A0-5C99-413E-8253-0F60B1B43E13}.Release|Any CPU.Build.0 = Release|Any CPU
		{A26898A0-5C99-413E-8253-0F60B1B43E13}.Release|x64.ActiveCfg = Release|Any CPU
		{A26898A0-5C99-413E-8253-0F60B1B43E13}.Release|x64.Build.0 = Release|Any CPU
		{A26898A0-5C99-413E-8253-0F60B1B43E13}.Release|x86.ActiveCfg = Release|Any CPU
		{A26898A0-5C99-413E-8253-0F60B1B43E13}.Release|x86.Build.0 = Release|Any CPU
		{52312BBE-3866-463F-8CFB-EF2878354D85}.Debug|Any CPU.ActiveCfg = Debug|Any CPU
		{52312BBE-3866-463F-8CFB-EF2878354D85}.Debug|Any CPU.Build.0 = Debug|Any CPU
		{52312BBE-3866-463F-8CFB-EF2878354D85}.Debug|x64.ActiveCfg = Debug|Any CPU
		{52312BBE-3866-463F-8CFB-EF2878354D85}.Debug|x64.Build.0 = Debug|Any CPU
		{52312BBE-3866-463F-8CFB-EF2878354D85}.Debug|x86.ActiveCfg = Debug|Any CPU
		{52312BBE-3866-463F-8CFB-EF2878354D85}.Debug|x86.Build.0 = Debug|Any CPU
		{52312BBE-3866-463F-8CFB-EF2878354D85}.Release|Any CPU.ActiveCfg = Release|Any CPU
		{52312BBE-3866-463F-8CFB-EF2878354D85}.Release|Any CPU.Build.0 = Release|Any CPU
		{52312BBE-3866-463F-8CFB-EF2878354D85}.Release|x64.ActiveCfg = Release|Any CPU
		{52312BBE-3866-463F-8CFB-EF2878354D85}.Release|x64.Build.0 = Release|Any CPU
		{52312BBE-3866-463F-8CFB-EF2878354D85}.Release|x86.ActiveCfg = Release|Any CPU
		{52312BBE-3866-463F-8CFB-EF2878354D85}.Release|x86.Build.0 = Release|Any CPU
		{F247C612-8820-46C0-9E1C-777A9BC3024C}.Debug|Any CPU.ActiveCfg = Debug|Any CPU
		{F247C612-8820-46C0-9E1C-777A9BC3024C}.Debug|Any CPU.Build.0 = Debug|Any CPU
		{F247C612-8820-46C0-9E1C-777A9BC3024C}.Debug|x64.ActiveCfg = Debug|Any CPU
		{F247C612-8820-46C0-9E1C-777A9BC3024C}.Debug|x64.Build.0 = Debug|Any CPU
		{F247C612-8820-46C0-9E1C-777A9BC3024C}.Debug|x86.ActiveCfg = Debug|Any CPU
		{F247C612-8820-46C0-9E1C-777A9BC3024C}.Debug|x86.Build.0 = Debug|Any CPU
		{F247C612-8820-46C0-9E1C-777A9BC3024C}.Release|Any CPU.ActiveCfg = Release|Any CPU
		{F247C612-8820-46C0-9E1C-777A9BC3024C}.Release|Any CPU.Build.0 = Release|Any CPU
		{F247C612-8820-46C0-9E1C-777A9BC3024C}.Release|x64.ActiveCfg = Release|Any CPU
		{F247C612-8820-46C0-9E1C-777A9BC3024C}.Release|x64.Build.0 = Release|Any CPU
		{F247C612-8820-46C0-9E1C-777A9BC3024C}.Release|x86.ActiveCfg = Release|Any CPU
		{F247C612-8820-46C0-9E1C-777A9BC3024C}.Release|x86.Build.0 = Release|Any CPU
		{E6DD4BAA-5B1C-45B9-85FD-B70AE5C5DC75}.Debug|Any CPU.ActiveCfg = Debug|Any CPU
		{E6DD4BAA-5B1C-45B9-85FD-B70AE5C5DC75}.Debug|Any CPU.Build.0 = Debug|Any CPU
		{E6DD4BAA-5B1C-45B9-85FD-B70AE5C5DC75}.Debug|x64.ActiveCfg = Debug|Any CPU
		{E6DD4BAA-5B1C-45B9-85FD-B70AE5C5DC75}.Debug|x64.Build.0 = Debug|Any CPU
		{E6DD4BAA-5B1C-45B9-85FD-B70AE5C5DC75}.Debug|x86.ActiveCfg = Debug|Any CPU
		{E6DD4BAA-5B1C-45B9-85FD-B70AE5C5DC75}.Debug|x86.Build.0 = Debug|Any CPU
		{E6DD4BAA-5B1C-45B9-85FD-B70AE5C5DC75}.Release|Any CPU.ActiveCfg = Release|Any CPU
		{E6DD4BAA-5B1C-45B9-85FD-B70AE5C5DC75}.Release|Any CPU.Build.0 = Release|Any CPU
		{E6DD4BAA-5B1C-45B9-85FD-B70AE5C5DC75}.Release|x64.ActiveCfg = Release|Any CPU
		{E6DD4BAA-5B1C-45B9-85FD-B70AE5C5DC75}.Release|x64.Build.0 = Release|Any CPU
		{E6DD4BAA-5B1C-45B9-85FD-B70AE5C5DC75}.Release|x86.ActiveCfg = Release|Any CPU
		{E6DD4BAA-5B1C-45B9-85FD-B70AE5C5DC75}.Release|x86.Build.0 = Release|Any CPU
		{4BA4BC15-27BF-440A-A675-0CA7A00FA79E}.Debug|Any CPU.ActiveCfg = Debug|Any CPU
		{4BA4BC15-27BF-440A-A675-0CA7A00FA79E}.Debug|Any CPU.Build.0 = Debug|Any CPU
		{4BA4BC15-27BF-440A-A675-0CA7A00FA79E}.Debug|x64.ActiveCfg = Debug|Any CPU
		{4BA4BC15-27BF-440A-A675-0CA7A00FA79E}.Debug|x64.Build.0 = Debug|Any CPU
		{4BA4BC15-27BF-440A-A675-0CA7A00FA79E}.Debug|x86.ActiveCfg = Debug|Any CPU
		{4BA4BC15-27BF-440A-A675-0CA7A00FA79E}.Debug|x86.Build.0 = Debug|Any CPU
		{4BA4BC15-27BF-440A-A675-0CA7A00FA79E}.Release|Any CPU.ActiveCfg = Release|Any CPU
		{4BA4BC15-27BF-440A-A675-0CA7A00FA79E}.Release|Any CPU.Build.0 = Release|Any CPU
		{4BA4BC15-27BF-440A-A675-0CA7A00FA79E}.Release|x64.ActiveCfg = Release|Any CPU
		{4BA4BC15-27BF-440A-A675-0CA7A00FA79E}.Release|x64.Build.0 = Release|Any CPU
		{4BA4BC15-27BF-440A-A675-0CA7A00FA79E}.Release|x86.ActiveCfg = Release|Any CPU
		{4BA4BC15-27BF-440A-A675-0CA7A00FA79E}.Release|x86.Build.0 = Release|Any CPU
		{35044578-1C9E-432D-8F47-8D5A1FF9D3FB}.Debug|Any CPU.ActiveCfg = Debug|Any CPU
		{35044578-1C9E-432D-8F47-8D5A1FF9D3FB}.Debug|Any CPU.Build.0 = Debug|Any CPU
		{35044578-1C9E-432D-8F47-8D5A1FF9D3FB}.Debug|x64.ActiveCfg = Debug|Any CPU
		{35044578-1C9E-432D-8F47-8D5A1FF9D3FB}.Debug|x64.Build.0 = Debug|Any CPU
		{35044578-1C9E-432D-8F47-8D5A1FF9D3FB}.Debug|x86.ActiveCfg = Debug|Any CPU
		{35044578-1C9E-432D-8F47-8D5A1FF9D3FB}.Debug|x86.Build.0 = Debug|Any CPU
		{35044578-1C9E-432D-8F47-8D5A1FF9D3FB}.Release|Any CPU.ActiveCfg = Release|Any CPU
		{35044578-1C9E-432D-8F47-8D5A1FF9D3FB}.Release|Any CPU.Build.0 = Release|Any CPU
		{35044578-1C9E-432D-8F47-8D5A1FF9D3FB}.Release|x64.ActiveCfg = Release|Any CPU
		{35044578-1C9E-432D-8F47-8D5A1FF9D3FB}.Release|x64.Build.0 = Release|Any CPU
		{35044578-1C9E-432D-8F47-8D5A1FF9D3FB}.Release|x86.ActiveCfg = Release|Any CPU
		{35044578-1C9E-432D-8F47-8D5A1FF9D3FB}.Release|x86.Build.0 = Release|Any CPU
		{42C78565-D503-4441-AC0F-2F5D782F3FEE}.Debug|Any CPU.ActiveCfg = Debug|Any CPU
		{42C78565-D503-4441-AC0F-2F5D782F3FEE}.Debug|Any CPU.Build.0 = Debug|Any CPU
		{42C78565-D503-4441-AC0F-2F5D782F3FEE}.Debug|x64.ActiveCfg = Debug|Any CPU
		{42C78565-D503-4441-AC0F-2F5D782F3FEE}.Debug|x64.Build.0 = Debug|Any CPU
		{42C78565-D503-4441-AC0F-2F5D782F3FEE}.Debug|x86.ActiveCfg = Debug|Any CPU
		{42C78565-D503-4441-AC0F-2F5D782F3FEE}.Debug|x86.Build.0 = Debug|Any CPU
		{42C78565-D503-4441-AC0F-2F5D782F3FEE}.Release|Any CPU.ActiveCfg = Release|Any CPU
		{42C78565-D503-4441-AC0F-2F5D782F3FEE}.Release|Any CPU.Build.0 = Release|Any CPU
		{42C78565-D503-4441-AC0F-2F5D782F3FEE}.Release|x64.ActiveCfg = Release|Any CPU
		{42C78565-D503-4441-AC0F-2F5D782F3FEE}.Release|x64.Build.0 = Release|Any CPU
		{42C78565-D503-4441-AC0F-2F5D782F3FEE}.Release|x86.ActiveCfg = Release|Any CPU
		{42C78565-D503-4441-AC0F-2F5D782F3FEE}.Release|x86.Build.0 = Release|Any CPU
		{C539C2FD-EF54-407A-9E33-16D86BECB607}.Debug|Any CPU.ActiveCfg = Debug|Any CPU
		{C539C2FD-EF54-407A-9E33-16D86BECB607}.Debug|Any CPU.Build.0 = Debug|Any CPU
		{C539C2FD-EF54-407A-9E33-16D86BECB607}.Debug|x64.ActiveCfg = Debug|Any CPU
		{C539C2FD-EF54-407A-9E33-16D86BECB607}.Debug|x64.Build.0 = Debug|Any CPU
		{C539C2FD-EF54-407A-9E33-16D86BECB607}.Debug|x86.ActiveCfg = Debug|Any CPU
		{C539C2FD-EF54-407A-9E33-16D86BECB607}.Debug|x86.Build.0 = Debug|Any CPU
		{C539C2FD-EF54-407A-9E33-16D86BECB607}.Release|Any CPU.ActiveCfg = Release|Any CPU
		{C539C2FD-EF54-407A-9E33-16D86BECB607}.Release|Any CPU.Build.0 = Release|Any CPU
		{C539C2FD-EF54-407A-9E33-16D86BECB607}.Release|x64.ActiveCfg = Release|Any CPU
		{C539C2FD-EF54-407A-9E33-16D86BECB607}.Release|x64.Build.0 = Release|Any CPU
		{C539C2FD-EF54-407A-9E33-16D86BECB607}.Release|x86.ActiveCfg = Release|Any CPU
		{C539C2FD-EF54-407A-9E33-16D86BECB607}.Release|x86.Build.0 = Release|Any CPU
		{E8C6A516-E8CB-4B80-B860-D4622B6638DE}.Debug|Any CPU.ActiveCfg = Debug|Any CPU
		{E8C6A516-E8CB-4B80-B860-D4622B6638DE}.Debug|Any CPU.Build.0 = Debug|Any CPU
		{E8C6A516-E8CB-4B80-B860-D4622B6638DE}.Debug|x64.ActiveCfg = Debug|Any CPU
		{E8C6A516-E8CB-4B80-B860-D4622B6638DE}.Debug|x64.Build.0 = Debug|Any CPU
		{E8C6A516-E8CB-4B80-B860-D4622B6638DE}.Debug|x86.ActiveCfg = Debug|Any CPU
		{E8C6A516-E8CB-4B80-B860-D4622B6638DE}.Debug|x86.Build.0 = Debug|Any CPU
		{E8C6A516-E8CB-4B80-B860-D4622B6638DE}.Release|Any CPU.ActiveCfg = Release|Any CPU
		{E8C6A516-E8CB-4B80-B860-D4622B6638DE}.Release|Any CPU.Build.0 = Release|Any CPU
		{E8C6A516-E8CB-4B80-B860-D4622B6638DE}.Release|x64.ActiveCfg = Release|Any CPU
		{E8C6A516-E8CB-4B80-B860-D4622B6638DE}.Release|x64.Build.0 = Release|Any CPU
		{E8C6A516-E8CB-4B80-B860-D4622B6638DE}.Release|x86.ActiveCfg = Release|Any CPU
		{E8C6A516-E8CB-4B80-B860-D4622B6638DE}.Release|x86.Build.0 = Release|Any CPU
		{E4965744-2499-459D-B752-4EA34B8C374C}.Debug|Any CPU.ActiveCfg = Debug|Any CPU
		{E4965744-2499-459D-B752-4EA34B8C374C}.Debug|Any CPU.Build.0 = Debug|Any CPU
		{E4965744-2499-459D-B752-4EA34B8C374C}.Debug|x64.ActiveCfg = Debug|Any CPU
		{E4965744-2499-459D-B752-4EA34B8C374C}.Debug|x64.Build.0 = Debug|Any CPU
		{E4965744-2499-459D-B752-4EA34B8C374C}.Debug|x86.ActiveCfg = Debug|Any CPU
		{E4965744-2499-459D-B752-4EA34B8C374C}.Debug|x86.Build.0 = Debug|Any CPU
		{E4965744-2499-459D-B752-4EA34B8C374C}.Release|Any CPU.ActiveCfg = Release|Any CPU
		{E4965744-2499-459D-B752-4EA34B8C374C}.Release|Any CPU.Build.0 = Release|Any CPU
		{E4965744-2499-459D-B752-4EA34B8C374C}.Release|x64.ActiveCfg = Release|Any CPU
		{E4965744-2499-459D-B752-4EA34B8C374C}.Release|x64.Build.0 = Release|Any CPU
		{E4965744-2499-459D-B752-4EA34B8C374C}.Release|x86.ActiveCfg = Release|Any CPU
		{E4965744-2499-459D-B752-4EA34B8C374C}.Release|x86.Build.0 = Release|Any CPU
	EndGlobalSection
	GlobalSection(SolutionProperties) = preSolution
		HideSolutionNode = FALSE
	EndGlobalSection
	GlobalSection(NestedProjects) = preSolution
		{21827CDB-2685-4329-8676-3ED661AB4CD5} = {C974052D-02CD-4C10-BA0C-DB5486FB8B14}
		{5254D94E-C8BF-4053-8190-DDB7E7983804} = {21827CDB-2685-4329-8676-3ED661AB4CD5}
		{59EEE204-86BA-43E0-9F40-C6B10A341DF6} = {C974052D-02CD-4C10-BA0C-DB5486FB8B14}
		{640B4F46-31A1-461B-A5E3-C673CA940740} = {59EEE204-86BA-43E0-9F40-C6B10A341DF6}
		{7C61A052-F686-48C5-973F-29FC9BD5C856} = {59EEE204-86BA-43E0-9F40-C6B10A341DF6}
		{7C554D20-DB3C-433D-956D-5F59CF70770B} = {59EEE204-86BA-43E0-9F40-C6B10A341DF6}
		{402CE0EB-EFBE-4D03-96FD-E219A99CC475} = {59EEE204-86BA-43E0-9F40-C6B10A341DF6}
		{B244AE33-9BEA-4B5D-8ED7-14615FD586C5} = {59EEE204-86BA-43E0-9F40-C6B10A341DF6}
		{9A30BD1E-E354-428D-857E-B12A89BA3E1B} = {59EEE204-86BA-43E0-9F40-C6B10A341DF6}
		{4B8F427B-A214-4907-9D3B-3B91046F581A} = {59EEE204-86BA-43E0-9F40-C6B10A341DF6}
		{500012C7-8D03-4A04-B4EC-A5A90FF1FA6C} = {C974052D-02CD-4C10-BA0C-DB5486FB8B14}
		{EE4FC7E2-F6B2-4470-BB74-73ABE34E4942} = {500012C7-8D03-4A04-B4EC-A5A90FF1FA6C}
		{FB8AF75E-2377-4376-A5DD-EA5B07B5328E} = {EE4FC7E2-F6B2-4470-BB74-73ABE34E4942}
		{A26898A0-5C99-413E-8253-0F60B1B43E13} = {492E19F0-9138-41BE-96F4-ABFD9A0C668F}
		{52312BBE-3866-463F-8CFB-EF2878354D85} = {492E19F0-9138-41BE-96F4-ABFD9A0C668F}
		{F247C612-8820-46C0-9E1C-777A9BC3024C} = {492E19F0-9138-41BE-96F4-ABFD9A0C668F}
		{E6DD4BAA-5B1C-45B9-85FD-B70AE5C5DC75} = {492E19F0-9138-41BE-96F4-ABFD9A0C668F}
		{4BA4BC15-27BF-440A-A675-0CA7A00FA79E} = {492E19F0-9138-41BE-96F4-ABFD9A0C668F}
		{35044578-1C9E-432D-8F47-8D5A1FF9D3FB} = {492E19F0-9138-41BE-96F4-ABFD9A0C668F}
		{42C78565-D503-4441-AC0F-2F5D782F3FEE} = {492E19F0-9138-41BE-96F4-ABFD9A0C668F}
		{C539C2FD-EF54-407A-9E33-16D86BECB607} = {492E19F0-9138-41BE-96F4-ABFD9A0C668F}
		{E8C6A516-E8CB-4B80-B860-D4622B6638DE} = {59EEE204-86BA-43E0-9F40-C6B10A341DF6}
		{E4965744-2499-459D-B752-4EA34B8C374C} = {492E19F0-9138-41BE-96F4-ABFD9A0C668F}
	EndGlobalSection
	GlobalSection(ExtensibilityGlobals) = postSolution
		SolutionGuid = {6619A715-0457-42A9-9F0A-719053D83172}
	EndGlobalSection
EndGlobal
